
Microsoft Visual Studio Solution File, Format Version 12.00
# Visual Studio Version 17
VisualStudioVersion = 17.9.34607.119
MinimumVisualStudioVersion = 10.0.40219.1
Project("{8BC9CEB8-8B4A-11D0-8D11-00A0C91BC942}") = "ExJu22 Ej3", "ExJu22 Ej3.vcxproj", "{FBBB63BC-1866-460E-812F-F039AE28E2E0}"
EndProject
Global
	GlobalSection(SolutionConfigurationPlatforms) = preSolution
		Debug|x64 = Debug|x64
		Debug|x86 = Debug|x86
		Release|x64 = Release|x64
		Release|x86 = Release|x86
	EndGlobalSection
	GlobalSection(ProjectConfigurationPlatforms) = postSolution
		{FBBB63BC-1866-460E-812F-F039AE28E2E0}.Debug|x64.ActiveCfg = Debug|x64
		{FBBB63BC-1866-460E-812F-F039AE28E2E0}.Debug|x64.Build.0 = Debug|x64
		{FBBB63BC-1866-460E-812F-F039AE28E2E0}.Debug|x86.ActiveCfg = Debug|Win32
		{FBBB63BC-1866-460E-812F-F039AE28E2E0}.Debug|x86.Build.0 = Debug|Win32
		{FBBB63BC-1866-460E-812F-F039AE28E2E0}.Release|x64.ActiveCfg = Release|x64
		{FBBB63BC-1866-460E-812F-F039AE28E2E0}.Release|x64.Build.0 = Release|x64
		{FBBB63BC-1866-460E-812F-F039AE28E2E0}.Release|x86.ActiveCfg = Release|Win32
		{FBBB63BC-1866-460E-812F-F039AE28E2E0}.Release|x86.Build.0 = Release|Win32
	EndGlobalSection
	GlobalSection(SolutionProperties) = preSolution
		HideSolutionNode = FALSE
	EndGlobalSection
	GlobalSection(ExtensibilityGlobals) = postSolution
		SolutionGuid = {4CDA90AF-875C-4D42-BEAA-5A3FE5FA3D69}
	EndGlobalSection
EndGlobal
