
Microsoft Visual Studio Solution File, Format Version 12.00
# Visual Studio Version 17
VisualStudioVersion = 17.9.34607.119
MinimumVisualStudioVersion = 10.0.40219.1
Project("{8BC9CEB8-8B4A-11D0-8D11-00A0C91BC942}") = "1-2", "1-2.vcxproj", "{695C3040-6A1D-4BF2-9192-09F5069E0488}"
EndProject
Global
	GlobalSection(SolutionConfigurationPlatforms) = preSolution
		Debug|x64 = Debug|x64
		Debug|x86 = Debug|x86
		Release|x64 = Release|x64
		Release|x86 = Release|x86
	EndGlobalSection
	GlobalSection(ProjectConfigurationPlatforms) = postSolution
		{695C3040-6A1D-4BF2-9192-09F5069E0488}.Debug|x64.ActiveCfg = Debug|x64
		{695C3040-6A1D-4BF2-9192-09F5069E0488}.Debug|x64.Build.0 = Debug|x64
		{695C3040-6A1D-4BF2-9192-09F5069E0488}.Debug|x86.ActiveCfg = Debug|Win32
		{695C3040-6A1D-4BF2-9192-09F5069E0488}.Debug|x86.Build.0 = Debug|Win32
		{695C3040-6A1D-4BF2-9192-09F5069E0488}.Release|x64.ActiveCfg = Release|x64
		{695C3040-6A1D-4BF2-9192-09F5069E0488}.Release|x64.Build.0 = Release|x64
		{695C3040-6A1D-4BF2-9192-09F5069E0488}.Release|x86.ActiveCfg = Release|Win32
		{695C3040-6A1D-4BF2-9192-09F5069E0488}.Release|x86.Build.0 = Release|Win32
	EndGlobalSection
	GlobalSection(SolutionProperties) = preSolution
		HideSolutionNode = FALSE
	EndGlobalSection
	GlobalSection(ExtensibilityGlobals) = postSolution
		SolutionGuid = {E5844758-8A46-4F47-B450-214BA90982E5}
	EndGlobalSection
EndGlobal
