
Microsoft Visual Studio Solution File, Format Version 12.00
# Visual Studio Version 17
VisualStudioVersion = 17.7.34031.279
MinimumVisualStudioVersion = 10.0.40219.1
Project("{8BC9CEB8-8B4A-11D0-8D11-00A0C91BC942}") = "Ej1", "Ej1\Ej1.vcxproj", "{B7936914-1239-4C70-B30A-B9BAA62B00DC}"
EndProject
Global
	GlobalSection(SolutionConfigurationPlatforms) = preSolution
		Debug|x64 = Debug|x64
		Debug|x86 = Debug|x86
		Release|x64 = Release|x64
		Release|x86 = Release|x86
	EndGlobalSection
	GlobalSection(ProjectConfigurationPlatforms) = postSolution
		{B7936914-1239-4C70-B30A-B9BAA62B00DC}.Debug|x64.ActiveCfg = Debug|x64
		{B7936914-1239-4C70-B30A-B9BAA62B00DC}.Debug|x64.Build.0 = Debug|x64
		{B7936914-1239-4C70-B30A-B9BAA62B00DC}.Debug|x86.ActiveCfg = Debug|Win32
		{B7936914-1239-4C70-B30A-B9BAA62B00DC}.Debug|x86.Build.0 = Debug|Win32
		{B7936914-1239-4C70-B30A-B9BAA62B00DC}.Release|x64.ActiveCfg = Release|x64
		{B7936914-1239-4C70-B30A-B9BAA62B00DC}.Release|x64.Build.0 = Release|x64
		{B7936914-1239-4C70-B30A-B9BAA62B00DC}.Release|x86.ActiveCfg = Release|Win32
		{B7936914-1239-4C70-B30A-B9BAA62B00DC}.Release|x86.Build.0 = Release|Win32
	EndGlobalSection
	GlobalSection(SolutionProperties) = preSolution
		HideSolutionNode = FALSE
	EndGlobalSection
	GlobalSection(ExtensibilityGlobals) = postSolution
		SolutionGuid = {B7D7C5E4-357D-4173-974E-A8C66D28D53D}
	EndGlobalSection
EndGlobal
