
Microsoft Visual Studio Solution File, Format Version 12.00
# Visual Studio Version 17
VisualStudioVersion = 17.7.34031.279
MinimumVisualStudioVersion = 10.0.40219.1
Project("{8BC9CEB8-8B4A-11D0-8D11-00A0C91BC942}") = "7-6", "7-6\7-6.vcxproj", "{50FB36B4-E771-4B48-89CB-308C7BB0EA0F}"
EndProject
Global
	GlobalSection(SolutionConfigurationPlatforms) = preSolution
		Debug|x64 = Debug|x64
		Debug|x86 = Debug|x86
		Release|x64 = Release|x64
		Release|x86 = Release|x86
	EndGlobalSection
	GlobalSection(ProjectConfigurationPlatforms) = postSolution
		{50FB36B4-E771-4B48-89CB-308C7BB0EA0F}.Debug|x64.ActiveCfg = Debug|x64
		{50FB36B4-E771-4B48-89CB-308C7BB0EA0F}.Debug|x64.Build.0 = Debug|x64
		{50FB36B4-E771-4B48-89CB-308C7BB0EA0F}.Debug|x86.ActiveCfg = Debug|Win32
		{50FB36B4-E771-4B48-89CB-308C7BB0EA0F}.Debug|x86.Build.0 = Debug|Win32
		{50FB36B4-E771-4B48-89CB-308C7BB0EA0F}.Release|x64.ActiveCfg = Release|x64
		{50FB36B4-E771-4B48-89CB-308C7BB0EA0F}.Release|x64.Build.0 = Release|x64
		{50FB36B4-E771-4B48-89CB-308C7BB0EA0F}.Release|x86.ActiveCfg = Release|Win32
		{50FB36B4-E771-4B48-89CB-308C7BB0EA0F}.Release|x86.Build.0 = Release|Win32
	EndGlobalSection
	GlobalSection(SolutionProperties) = preSolution
		HideSolutionNode = FALSE
	EndGlobalSection
	GlobalSection(ExtensibilityGlobals) = postSolution
		SolutionGuid = {254936F7-FE34-4309-B1F9-633B91B7EEE6}
	EndGlobalSection
EndGlobal
