
Microsoft Visual Studio Solution File, Format Version 12.00
# Visual Studio Version 17
VisualStudioVersion = 17.7.34031.279
MinimumVisualStudioVersion = 10.0.40219.1
Project("{8BC9CEB8-8B4A-11D0-8D11-00A0C91BC942}") = "2-7", "2-7\2-7.vcxproj", "{BC22F908-DED6-41B3-98D0-0BF74C06BC2D}"
EndProject
Global
	GlobalSection(SolutionConfigurationPlatforms) = preSolution
		Debug|x64 = Debug|x64
		Debug|x86 = Debug|x86
		Release|x64 = Release|x64
		Release|x86 = Release|x86
	EndGlobalSection
	GlobalSection(ProjectConfigurationPlatforms) = postSolution
		{BC22F908-DED6-41B3-98D0-0BF74C06BC2D}.Debug|x64.ActiveCfg = Debug|x64
		{BC22F908-DED6-41B3-98D0-0BF74C06BC2D}.Debug|x64.Build.0 = Debug|x64
		{BC22F908-DED6-41B3-98D0-0BF74C06BC2D}.Debug|x86.ActiveCfg = Debug|Win32
		{BC22F908-DED6-41B3-98D0-0BF74C06BC2D}.Debug|x86.Build.0 = Debug|Win32
		{BC22F908-DED6-41B3-98D0-0BF74C06BC2D}.Release|x64.ActiveCfg = Release|x64
		{BC22F908-DED6-41B3-98D0-0BF74C06BC2D}.Release|x64.Build.0 = Release|x64
		{BC22F908-DED6-41B3-98D0-0BF74C06BC2D}.Release|x86.ActiveCfg = Release|Win32
		{BC22F908-DED6-41B3-98D0-0BF74C06BC2D}.Release|x86.Build.0 = Release|Win32
	EndGlobalSection
	GlobalSection(SolutionProperties) = preSolution
		HideSolutionNode = FALSE
	EndGlobalSection
	GlobalSection(ExtensibilityGlobals) = postSolution
		SolutionGuid = {99B678C9-824B-446A-8675-C46EFAB5F61D}
	EndGlobalSection
EndGlobal
