
Microsoft Visual Studio Solution File, Format Version 12.00
# Visual Studio Version 17
VisualStudioVersion = 17.9.34607.119
MinimumVisualStudioVersion = 10.0.40219.1
Project("{8BC9CEB8-8B4A-11D0-8D11-00A0C91BC942}") = "6-1", "6-1.vcxproj", "{4A09C2A8-443B-442E-9CB3-B13345FEB82F}"
EndProject
Global
	GlobalSection(SolutionConfigurationPlatforms) = preSolution
		Debug|x64 = Debug|x64
		Debug|x86 = Debug|x86
		Release|x64 = Release|x64
		Release|x86 = Release|x86
	EndGlobalSection
	GlobalSection(ProjectConfigurationPlatforms) = postSolution
		{4A09C2A8-443B-442E-9CB3-B13345FEB82F}.Debug|x64.ActiveCfg = Debug|x64
		{4A09C2A8-443B-442E-9CB3-B13345FEB82F}.Debug|x64.Build.0 = Debug|x64
		{4A09C2A8-443B-442E-9CB3-B13345FEB82F}.Debug|x86.ActiveCfg = Debug|Win32
		{4A09C2A8-443B-442E-9CB3-B13345FEB82F}.Debug|x86.Build.0 = Debug|Win32
		{4A09C2A8-443B-442E-9CB3-B13345FEB82F}.Release|x64.ActiveCfg = Release|x64
		{4A09C2A8-443B-442E-9CB3-B13345FEB82F}.Release|x64.Build.0 = Release|x64
		{4A09C2A8-443B-442E-9CB3-B13345FEB82F}.Release|x86.ActiveCfg = Release|Win32
		{4A09C2A8-443B-442E-9CB3-B13345FEB82F}.Release|x86.Build.0 = Release|Win32
	EndGlobalSection
	GlobalSection(SolutionProperties) = preSolution
		HideSolutionNode = FALSE
	EndGlobalSection
	GlobalSection(ExtensibilityGlobals) = postSolution
		SolutionGuid = {B5CA4651-B96E-4125-BAF9-FEE0C917757B}
	EndGlobalSection
EndGlobal
