<?xml version="1.0" encoding="utf-8"?>
<Project ToolsVersion="4.0" xmlns="http://schemas.microsoft.com/developer/msbuild/2003">
  <ItemGroup>
    <Filter Include="Archivos de origen">
      <UniqueIdentifier>{4FC737F1-C7A5-4376-A066-2A32D752A2FF}</UniqueIdentifier>
      <Extensions>cpp;c;cc;cxx;c++;cppm;ixx;def;odl;idl;hpj;bat;asm;asmx</Extensions>
    </Filter>
    <Filter Include="Archivos de encabezado">
      <UniqueIdentifier>{93995380-89BD-4b04-88EB-625FBE52EBFB}</UniqueIdentifier>
      <Extensions>h;hh;hpp;hxx;h++;hm;inl;inc;ipp;xsd</Extensions>
    </Filter>
    <Filter Include="Archivos de recursos">
      <UniqueIdentifier>{67DA6AB6-F800-4c08-8B7A-83BB121AAD01}</UniqueIdentifier>
      <Extensions>rc;ico;cur;bmp;dlg;rc2;rct;bin;rgs;gif;jpg;jpeg;jpe;resx;tiff;tif;png;wav;mfcribbon-ms</Extensions>
    </Filter>
    <Filter Include="Archivos de origen\Tema0">
      <UniqueIdentifier>{990575b1-862c-461e-bbe9-b97cdb46b82d}</UniqueIdentifier>
    </Filter>
    <Filter Include="Archivos de origen\Tema1">
      <UniqueIdentifier>{a2bea324-5e22-4382-bcb0-cdeb67297d9a}</UniqueIdentifier>
    </Filter>
    <Filter Include="Archivos de origen\Tema2">
      <UniqueIdentifier>{b7387aa4-997b-4723-8008-293451a2b836}</UniqueIdentifier>
    </Filter>
    <Filter Include="Archivos de origen\Tema4">
      <UniqueIdentifier>{8e8c1ac7-bc1b-43f8-b8d7-1f6f2e42bca1}</UniqueIdentifier>
    </Filter>
  </ItemGroup>
  <ItemGroup>
    <ClCompile Include="Tema0-1.cpp">
      <Filter>Archivos de origen\Tema0</Filter>
    </ClCompile>
    <ClCompile Include="Tema0-2.cpp">
      <Filter>Archivos de origen\Tema0</Filter>
    </ClCompile>
    <ClCompile Include="Tema0-3.cpp">
      <Filter>Archivos de origen\Tema0</Filter>
    </ClCompile>
    <ClCompile Include="Tema0-4.cpp">
      <Filter>Archivos de origen\Tema0</Filter>
    </ClCompile>
    <ClCompile Include="Tema0-5.cpp">
      <Filter>Archivos de origen\Tema0</Filter>
    </ClCompile>
    <ClCompile Include="Tema0-6.cpp">
      <Filter>Archivos de origen\Tema0</Filter>
    </ClCompile>
    <ClCompile Include="Tema0-7.cpp">
      <Filter>Archivos de origen\Tema0</Filter>
    </ClCompile>
    <ClCompile Include="Tema1-1.cpp">
      <Filter>Archivos de origen\Tema1</Filter>
    </ClCompile>
    <ClCompile Include="Tema1-4.cpp">
      <Filter>Archivos de origen\Tema1</Filter>
    </ClCompile>
    <ClCompile Include="Tema1-2.cpp">
      <Filter>Archivos de origen\Tema1</Filter>
    </ClCompile>
    <ClCompile Include="Tema1-3.cpp">
      <Filter>Archivos de origen\Tema1</Filter>
    </ClCompile>
    <ClCompile Include="Tema1-5.cpp">
      <Filter>Archivos de origen\Tema1</Filter>
    </ClCompile>
    <ClCompile Include="Tema1-6.cpp">
      <Filter>Archivos de origen\Tema1</Filter>
    </ClCompile>
    <ClCompile Include="Tema1-7.cpp">
      <Filter>Archivos de origen\Tema1</Filter>
    </ClCompile>
    <ClCompile Include="Tema2-1.cpp">
      <Filter>Archivos de origen\Tema2</Filter>
    </ClCompile>
    <ClCompile Include="Tema2-2.cpp">
      <Filter>Archivos de origen\Tema2</Filter>
    </ClCompile>
    <ClCompile Include="Tema2-03.cpp">
      <Filter>Archivos de origen\Tema2</Filter>
    </ClCompile>
    <ClCompile Include="Tema2-04.cpp">
      <Filter>Archivos de origen\Tema2</Filter>
    </ClCompile>
    <ClCompile Include="Tema2-05.cpp">
      <Filter>Archivos de origen\Tema2</Filter>
    </ClCompile>
    <ClCompile Include="Tema2-06.cpp">
      <Filter>Archivos de origen\Tema2</Filter>
    </ClCompile>
    <ClCompile Include="Tema2-07.cpp">
      <Filter>Archivos de origen\Tema2</Filter>
    </ClCompile>
    <ClCompile Include="Tema2-08.cpp">
      <Filter>Archivos de origen\Tema2</Filter>
    </ClCompile>
    <ClCompile Include="Tema2-11.cpp">
      <Filter>Archivos de origen\Tema2</Filter>
    </ClCompile>
    <ClCompile Include="Tema2-09.cpp">
      <Filter>Archivos de origen\Tema2</Filter>
    </ClCompile>
    <ClCompile Include="Tema2-12.cpp">
      <Filter>Archivos de origen\Tema2</Filter>
    </ClCompile>
    <ClCompile Include="Tema2-10.cpp">
      <Filter>Archivos de origen\Tema2</Filter>
    </ClCompile>
    <ClCompile Include="Tema4-01.cpp">
      <Filter>Archivos de origen\Tema4</Filter>
    </ClCompile>
    <ClCompile Include="Tema4-2.cpp">
      <Filter>Archivos de origen\Tema4</Filter>
    </ClCompile>
    <ClCompile Include="Tema4-05.cpp">
      <Filter>Archivos de origen\Tema4</Filter>
    </ClCompile>
  </ItemGroup>
  <ItemGroup>
    <ClInclude Include="Set.h">
      <Filter>Archivos de encabezado</Filter>
    </ClInclude>
  </ItemGroup>
</Project>