
Microsoft Visual Studio Solution File, Format Version 12.00
# Visual Studio Version 17
VisualStudioVersion = 17.9.34723.18
MinimumVisualStudioVersion = 10.0.40219.1
Project("{8BC9CEB8-8B4A-11D0-8D11-00A0C91BC942}") = "ExamenFebrero21-Ej1", "ExamenFebrero21-Ej1\ExamenFebrero21-Ej1.vcxproj", "{F155564D-28F8-458F-8911-9F9F2759F4E6}"
EndProject
Project("{8BC9CEB8-8B4A-11D0-8D11-00A0C91BC942}") = "ExamenFebrero21-Ej2", "ExamenFebrero21-Ej2\ExamenFebrero21-Ej2.vcxproj", "{8EC93502-4E12-46AF-9099-AA6E4C3837F1}"
EndProject
Project("{8BC9CEB8-8B4A-11D0-8D11-00A0C91BC942}") = "ExamenEnero22-Ej1", "ExamenEnero22-Ej1\ExamenEnero22-Ej1.vcxproj", "{A94B3E67-2EC5-4FF0-B6C6-5C10CEC4DC71}"
EndProject
Project("{8BC9CEB8-8B4A-11D0-8D11-00A0C91BC942}") = "ExamenEnero22-Ej2", "ExamenEnero22-Ej2\ExamenEnero22-Ej2.vcxproj", "{60D7EE7F-C084-4971-9850-8F03D1F1D24A}"
EndProject
Project("{8BC9CEB8-8B4A-11D0-8D11-00A0C91BC942}") = "ExamenEnero23-Ej2", "ExamenEnero23-Ej2\ExamenEnero23-Ej2.vcxproj", "{A629BE4B-E67C-4F4D-AA6C-8781B265FA17}"
EndProject
Project("{8BC9CEB8-8B4A-11D0-8D11-00A0C91BC942}") = "ExamenJunio22-Ej3", "ExamenJunio22-Ej3\ExamenJunio22-Ej3.vcxproj", "{241CFEC8-0EE2-4BC2-87BB-DACE3C9303B1}"
EndProject
Project("{8BC9CEB8-8B4A-11D0-8D11-00A0C91BC942}") = "ExamenJunio24-Ej1", "ExamenJunio24-Ej1\ExamenJunio24-Ej1.vcxproj", "{2ECC52AE-F847-45E4-97A0-F2D0C904D751}"
EndProject
Global
	GlobalSection(SolutionConfigurationPlatforms) = preSolution
		Debug|x64 = Debug|x64
		Debug|x86 = Debug|x86
		Release|x64 = Release|x64
		Release|x86 = Release|x86
	EndGlobalSection
	GlobalSection(ProjectConfigurationPlatforms) = postSolution
		{F155564D-28F8-458F-8911-9F9F2759F4E6}.Debug|x64.ActiveCfg = Debug|x64
		{F155564D-28F8-458F-8911-9F9F2759F4E6}.Debug|x64.Build.0 = Debug|x64
		{F155564D-28F8-458F-8911-9F9F2759F4E6}.Debug|x86.ActiveCfg = Debug|Win32
		{F155564D-28F8-458F-8911-9F9F2759F4E6}.Debug|x86.Build.0 = Debug|Win32
		{F155564D-28F8-458F-8911-9F9F2759F4E6}.Release|x64.ActiveCfg = Release|x64
		{F155564D-28F8-458F-8911-9F9F2759F4E6}.Release|x64.Build.0 = Release|x64
		{F155564D-28F8-458F-8911-9F9F2759F4E6}.Release|x86.ActiveCfg = Release|Win32
		{F155564D-28F8-458F-8911-9F9F2759F4E6}.Release|x86.Build.0 = Release|Win32
		{8EC93502-4E12-46AF-9099-AA6E4C3837F1}.Debug|x64.ActiveCfg = Debug|x64
		{8EC93502-4E12-46AF-9099-AA6E4C3837F1}.Debug|x64.Build.0 = Debug|x64
		{8EC93502-4E12-46AF-9099-AA6E4C3837F1}.Debug|x86.ActiveCfg = Debug|Win32
		{8EC93502-4E12-46AF-9099-AA6E4C3837F1}.Debug|x86.Build.0 = Debug|Win32
		{8EC93502-4E12-46AF-9099-AA6E4C3837F1}.Release|x64.ActiveCfg = Release|x64
		{8EC93502-4E12-46AF-9099-AA6E4C3837F1}.Release|x64.Build.0 = Release|x64
		{8EC93502-4E12-46AF-9099-AA6E4C3837F1}.Release|x86.ActiveCfg = Release|Win32
		{8EC93502-4E12-46AF-9099-AA6E4C3837F1}.Release|x86.Build.0 = Release|Win32
		{A94B3E67-2EC5-4FF0-B6C6-5C10CEC4DC71}.Debug|x64.ActiveCfg = Debug|x64
		{A94B3E67-2EC5-4FF0-B6C6-5C10CEC4DC71}.Debug|x64.Build.0 = Debug|x64
		{A94B3E67-2EC5-4FF0-B6C6-5C10CEC4DC71}.Debug|x86.ActiveCfg = Debug|Win32
		{A94B3E67-2EC5-4FF0-B6C6-5C10CEC4DC71}.Debug|x86.Build.0 = Debug|Win32
		{A94B3E67-2EC5-4FF0-B6C6-5C10CEC4DC71}.Release|x64.ActiveCfg = Release|x64
		{A94B3E67-2EC5-4FF0-B6C6-5C10CEC4DC71}.Release|x64.Build.0 = Release|x64
		{A94B3E67-2EC5-4FF0-B6C6-5C10CEC4DC71}.Release|x86.ActiveCfg = Release|Win32
		{A94B3E67-2EC5-4FF0-B6C6-5C10CEC4DC71}.Release|x86.Build.0 = Release|Win32
		{60D7EE7F-C084-4971-9850-8F03D1F1D24A}.Debug|x64.ActiveCfg = Debug|x64
		{60D7EE7F-C084-4971-9850-8F03D1F1D24A}.Debug|x64.Build.0 = Debug|x64
		{60D7EE7F-C084-4971-9850-8F03D1F1D24A}.Debug|x86.ActiveCfg = Debug|Win32
		{60D7EE7F-C084-4971-9850-8F03D1F1D24A}.Debug|x86.Build.0 = Debug|Win32
		{60D7EE7F-C084-4971-9850-8F03D1F1D24A}.Release|x64.ActiveCfg = Release|x64
		{60D7EE7F-C084-4971-9850-8F03D1F1D24A}.Release|x64.Build.0 = Release|x64
		{60D7EE7F-C084-4971-9850-8F03D1F1D24A}.Release|x86.ActiveCfg = Release|Win32
		{60D7EE7F-C084-4971-9850-8F03D1F1D24A}.Release|x86.Build.0 = Release|Win32
		{A629BE4B-E67C-4F4D-AA6C-8781B265FA17}.Debug|x64.ActiveCfg = Debug|x64
		{A629BE4B-E67C-4F4D-AA6C-8781B265FA17}.Debug|x64.Build.0 = Debug|x64
		{A629BE4B-E67C-4F4D-AA6C-8781B265FA17}.Debug|x86.ActiveCfg = Debug|Win32
		{A629BE4B-E67C-4F4D-AA6C-8781B265FA17}.Debug|x86.Build.0 = Debug|Win32
		{A629BE4B-E67C-4F4D-AA6C-8781B265FA17}.Release|x64.ActiveCfg = Release|x64
		{A629BE4B-E67C-4F4D-AA6C-8781B265FA17}.Release|x64.Build.0 = Release|x64
		{A629BE4B-E67C-4F4D-AA6C-8781B265FA17}.Release|x86.ActiveCfg = Release|Win32
		{A629BE4B-E67C-4F4D-AA6C-8781B265FA17}.Release|x86.Build.0 = Release|Win32
		{241CFEC8-0EE2-4BC2-87BB-DACE3C9303B1}.Debug|x64.ActiveCfg = Debug|x64
		{241CFEC8-0EE2-4BC2-87BB-DACE3C9303B1}.Debug|x64.Build.0 = Debug|x64
		{241CFEC8-0EE2-4BC2-87BB-DACE3C9303B1}.Debug|x86.ActiveCfg = Debug|Win32
		{241CFEC8-0EE2-4BC2-87BB-DACE3C9303B1}.Debug|x86.Build.0 = Debug|Win32
		{241CFEC8-0EE2-4BC2-87BB-DACE3C9303B1}.Release|x64.ActiveCfg = Release|x64
		{241CFEC8-0EE2-4BC2-87BB-DACE3C9303B1}.Release|x64.Build.0 = Release|x64
		{241CFEC8-0EE2-4BC2-87BB-DACE3C9303B1}.Release|x86.ActiveCfg = Release|Win32
		{241CFEC8-0EE2-4BC2-87BB-DACE3C9303B1}.Release|x86.Build.0 = Release|Win32
		{2ECC52AE-F847-45E4-97A0-F2D0C904D751}.Debug|x64.ActiveCfg = Debug|x64
		{2ECC52AE-F847-45E4-97A0-F2D0C904D751}.Debug|x64.Build.0 = Debug|x64
		{2ECC52AE-F847-45E4-97A0-F2D0C904D751}.Debug|x86.ActiveCfg = Debug|Win32
		{2ECC52AE-F847-45E4-97A0-F2D0C904D751}.Debug|x86.Build.0 = Debug|Win32
		{2ECC52AE-F847-45E4-97A0-F2D0C904D751}.Release|x64.ActiveCfg = Release|x64
		{2ECC52AE-F847-45E4-97A0-F2D0C904D751}.Release|x64.Build.0 = Release|x64
		{2ECC52AE-F847-45E4-97A0-F2D0C904D751}.Release|x86.ActiveCfg = Release|Win32
		{2ECC52AE-F847-45E4-97A0-F2D0C904D751}.Release|x86.Build.0 = Release|Win32
	EndGlobalSection
	GlobalSection(SolutionProperties) = preSolution
		HideSolutionNode = FALSE
	EndGlobalSection
	GlobalSection(ExtensibilityGlobals) = postSolution
		SolutionGuid = {7E25A1D4-9D6B-420F-85A1-F63865EB4304}
	EndGlobalSection
EndGlobal
