
Microsoft Visual Studio Solution File, Format Version 12.00
# Visual Studio Version 17
VisualStudioVersion = 17.9.34723.18
MinimumVisualStudioVersion = 10.0.40219.1
Project("{8BC9CEB8-8B4A-11D0-8D11-00A0C91BC942}") = "1_1", "1_1.vcxproj", "{53EDB945-E410-42F1-9F13-4CDA716887F1}"
EndProject
Project("{8BC9CEB8-8B4A-11D0-8D11-00A0C91BC942}") = "1_1_2", "..\1_1_2\1_1_2.vcxproj", "{40A63410-E2BA-40E6-ADA8-39E3C127546F}"
EndProject
Project("{8BC9CEB8-8B4A-11D0-8D11-00A0C91BC942}") = "1_2", "..\1_2\1_2.vcxproj", "{F9B2AC59-A944-466A-8B4B-C1439C6A2C89}"
EndProject
Project("{8BC9CEB8-8B4A-11D0-8D11-00A0C91BC942}") = "1_3", "..\1_3\1_3.vcxproj", "{F3706C28-3F0E-4263-86FF-0ECBBBA83E7F}"
EndProject
Project("{8BC9CEB8-8B4A-11D0-8D11-00A0C91BC942}") = "1_4", "..\1_4\1_4.vcxproj", "{908CFF1B-54E8-4EEC-B4DB-716C2D8C41FE}"
EndProject
Project("{8BC9CEB8-8B4A-11D0-8D11-00A0C91BC942}") = "1_6", "..\1_6\1_6.vcxproj", "{7A633E6B-B16C-4160-84D9-BD33A6E7DF57}"
EndProject
Project("{8BC9CEB8-8B4A-11D0-8D11-00A0C91BC942}") = "1_7", "..\1_7\1_7.vcxproj", "{FE31E629-88FB-4D0E-902F-99CB19BCDA89}"
EndProject
Global
	GlobalSection(SolutionConfigurationPlatforms) = preSolution
		Debug|x64 = Debug|x64
		Debug|x86 = Debug|x86
		Release|x64 = Release|x64
		Release|x86 = Release|x86
	EndGlobalSection
	GlobalSection(ProjectConfigurationPlatforms) = postSolution
		{53EDB945-E410-42F1-9F13-4CDA716887F1}.Debug|x64.ActiveCfg = Debug|x64
		{53EDB945-E410-42F1-9F13-4CDA716887F1}.Debug|x64.Build.0 = Debug|x64
		{53EDB945-E410-42F1-9F13-4CDA716887F1}.Debug|x86.ActiveCfg = Debug|Win32
		{53EDB945-E410-42F1-9F13-4CDA716887F1}.Debug|x86.Build.0 = Debug|Win32
		{53EDB945-E410-42F1-9F13-4CDA716887F1}.Release|x64.ActiveCfg = Release|x64
		{53EDB945-E410-42F1-9F13-4CDA716887F1}.Release|x64.Build.0 = Release|x64
		{53EDB945-E410-42F1-9F13-4CDA716887F1}.Release|x86.ActiveCfg = Release|Win32
		{53EDB945-E410-42F1-9F13-4CDA716887F1}.Release|x86.Build.0 = Release|Win32
		{40A63410-E2BA-40E6-ADA8-39E3C127546F}.Debug|x64.ActiveCfg = Debug|x64
		{40A63410-E2BA-40E6-ADA8-39E3C127546F}.Debug|x64.Build.0 = Debug|x64
		{40A63410-E2BA-40E6-ADA8-39E3C127546F}.Debug|x86.ActiveCfg = Debug|Win32
		{40A63410-E2BA-40E6-ADA8-39E3C127546F}.Debug|x86.Build.0 = Debug|Win32
		{40A63410-E2BA-40E6-ADA8-39E3C127546F}.Release|x64.ActiveCfg = Release|x64
		{40A63410-E2BA-40E6-ADA8-39E3C127546F}.Release|x64.Build.0 = Release|x64
		{40A63410-E2BA-40E6-ADA8-39E3C127546F}.Release|x86.ActiveCfg = Release|Win32
		{40A63410-E2BA-40E6-ADA8-39E3C127546F}.Release|x86.Build.0 = Release|Win32
		{F9B2AC59-A944-466A-8B4B-C1439C6A2C89}.Debug|x64.ActiveCfg = Debug|x64
		{F9B2AC59-A944-466A-8B4B-C1439C6A2C89}.Debug|x64.Build.0 = Debug|x64
		{F9B2AC59-A944-466A-8B4B-C1439C6A2C89}.Debug|x86.ActiveCfg = Debug|Win32
		{F9B2AC59-A944-466A-8B4B-C1439C6A2C89}.Debug|x86.Build.0 = Debug|Win32
		{F9B2AC59-A944-466A-8B4B-C1439C6A2C89}.Release|x64.ActiveCfg = Release|x64
		{F9B2AC59-A944-466A-8B4B-C1439C6A2C89}.Release|x64.Build.0 = Release|x64
		{F9B2AC59-A944-466A-8B4B-C1439C6A2C89}.Release|x86.ActiveCfg = Release|Win32
		{F9B2AC59-A944-466A-8B4B-C1439C6A2C89}.Release|x86.Build.0 = Release|Win32
		{F3706C28-3F0E-4263-86FF-0ECBBBA83E7F}.Debug|x64.ActiveCfg = Debug|x64
		{F3706C28-3F0E-4263-86FF-0ECBBBA83E7F}.Debug|x64.Build.0 = Debug|x64
		{F3706C28-3F0E-4263-86FF-0ECBBBA83E7F}.Debug|x86.ActiveCfg = Debug|Win32
		{F3706C28-3F0E-4263-86FF-0ECBBBA83E7F}.Debug|x86.Build.0 = Debug|Win32
		{F3706C28-3F0E-4263-86FF-0ECBBBA83E7F}.Release|x64.ActiveCfg = Release|x64
		{F3706C28-3F0E-4263-86FF-0ECBBBA83E7F}.Release|x64.Build.0 = Release|x64
		{F3706C28-3F0E-4263-86FF-0ECBBBA83E7F}.Release|x86.ActiveCfg = Release|Win32
		{F3706C28-3F0E-4263-86FF-0ECBBBA83E7F}.Release|x86.Build.0 = Release|Win32
		{908CFF1B-54E8-4EEC-B4DB-716C2D8C41FE}.Debug|x64.ActiveCfg = Debug|x64
		{908CFF1B-54E8-4EEC-B4DB-716C2D8C41FE}.Debug|x64.Build.0 = Debug|x64
		{908CFF1B-54E8-4EEC-B4DB-716C2D8C41FE}.Debug|x86.ActiveCfg = Debug|Win32
		{908CFF1B-54E8-4EEC-B4DB-716C2D8C41FE}.Debug|x86.Build.0 = Debug|Win32
		{908CFF1B-54E8-4EEC-B4DB-716C2D8C41FE}.Release|x64.ActiveCfg = Release|x64
		{908CFF1B-54E8-4EEC-B4DB-716C2D8C41FE}.Release|x64.Build.0 = Release|x64
		{908CFF1B-54E8-4EEC-B4DB-716C2D8C41FE}.Release|x86.ActiveCfg = Release|Win32
		{908CFF1B-54E8-4EEC-B4DB-716C2D8C41FE}.Release|x86.Build.0 = Release|Win32
		{7A633E6B-B16C-4160-84D9-BD33A6E7DF57}.Debug|x64.ActiveCfg = Debug|x64
		{7A633E6B-B16C-4160-84D9-BD33A6E7DF57}.Debug|x64.Build.0 = Debug|x64
		{7A633E6B-B16C-4160-84D9-BD33A6E7DF57}.Debug|x86.ActiveCfg = Debug|Win32
		{7A633E6B-B16C-4160-84D9-BD33A6E7DF57}.Debug|x86.Build.0 = Debug|Win32
		{7A633E6B-B16C-4160-84D9-BD33A6E7DF57}.Release|x64.ActiveCfg = Release|x64
		{7A633E6B-B16C-4160-84D9-BD33A6E7DF57}.Release|x64.Build.0 = Release|x64
		{7A633E6B-B16C-4160-84D9-BD33A6E7DF57}.Release|x86.ActiveCfg = Release|Win32
		{7A633E6B-B16C-4160-84D9-BD33A6E7DF57}.Release|x86.Build.0 = Release|Win32
		{FE31E629-88FB-4D0E-902F-99CB19BCDA89}.Debug|x64.ActiveCfg = Debug|x64
		{FE31E629-88FB-4D0E-902F-99CB19BCDA89}.Debug|x64.Build.0 = Debug|x64
		{FE31E629-88FB-4D0E-902F-99CB19BCDA89}.Debug|x86.ActiveCfg = Debug|Win32
		{FE31E629-88FB-4D0E-902F-99CB19BCDA89}.Debug|x86.Build.0 = Debug|Win32
		{FE31E629-88FB-4D0E-902F-99CB19BCDA89}.Release|x64.ActiveCfg = Release|x64
		{FE31E629-88FB-4D0E-902F-99CB19BCDA89}.Release|x64.Build.0 = Release|x64
		{FE31E629-88FB-4D0E-902F-99CB19BCDA89}.Release|x86.ActiveCfg = Release|Win32
		{FE31E629-88FB-4D0E-902F-99CB19BCDA89}.Release|x86.Build.0 = Release|Win32
	EndGlobalSection
	GlobalSection(SolutionProperties) = preSolution
		HideSolutionNode = FALSE
	EndGlobalSection
	GlobalSection(ExtensibilityGlobals) = postSolution
		SolutionGuid = {D416B1F9-37DD-40EB-B534-8681A497068A}
	EndGlobalSection
EndGlobal
