
Microsoft Visual Studio Solution File, Format Version 12.00
# Visual Studio Version 17
VisualStudioVersion = 17.11.35312.102
MinimumVisualStudioVersion = 10.0.40219.1
Project("{8BC9CEB8-8B4A-11D0-8D11-00A0C91BC942}") = "4_1", "4_1.vcxproj", "{D74C9895-8199-4BA6-90C4-1A743146D48F}"
EndProject
Project("{8BC9CEB8-8B4A-11D0-8D11-00A0C91BC942}") = "4_2", "..\4_2\4_2.vcxproj", "{8D1B7C9D-A57E-49DE-83EE-4016E1422573}"
EndProject
Project("{8BC9CEB8-8B4A-11D0-8D11-00A0C91BC942}") = "4_5", "..\4_5\4_5.vcxproj", "{759F509B-85EE-43EC-82B5-8C1A4930C368}"
EndProject
Project("{8BC9CEB8-8B4A-11D0-8D11-00A0C91BC942}") = "4_6", "..\4_6\4_6.vcxproj", "{34208C57-81E2-4B98-873D-5330942FBA30}"
EndProject
Global
	GlobalSection(SolutionConfigurationPlatforms) = preSolution
		Debug|x64 = Debug|x64
		Debug|x86 = Debug|x86
		Release|x64 = Release|x64
		Release|x86 = Release|x86
	EndGlobalSection
	GlobalSection(ProjectConfigurationPlatforms) = postSolution
		{D74C9895-8199-4BA6-90C4-1A743146D48F}.Debug|x64.ActiveCfg = Debug|x64
		{D74C9895-8199-4BA6-90C4-1A743146D48F}.Debug|x64.Build.0 = Debug|x64
		{D74C9895-8199-4BA6-90C4-1A743146D48F}.Debug|x86.ActiveCfg = Debug|Win32
		{D74C9895-8199-4BA6-90C4-1A743146D48F}.Debug|x86.Build.0 = Debug|Win32
		{D74C9895-8199-4BA6-90C4-1A743146D48F}.Release|x64.ActiveCfg = Release|x64
		{D74C9895-8199-4BA6-90C4-1A743146D48F}.Release|x64.Build.0 = Release|x64
		{D74C9895-8199-4BA6-90C4-1A743146D48F}.Release|x86.ActiveCfg = Release|Win32
		{D74C9895-8199-4BA6-90C4-1A743146D48F}.Release|x86.Build.0 = Release|Win32
		{8D1B7C9D-A57E-49DE-83EE-4016E1422573}.Debug|x64.ActiveCfg = Debug|x64
		{8D1B7C9D-A57E-49DE-83EE-4016E1422573}.Debug|x64.Build.0 = Debug|x64
		{8D1B7C9D-A57E-49DE-83EE-4016E1422573}.Debug|x86.ActiveCfg = Debug|Win32
		{8D1B7C9D-A57E-49DE-83EE-4016E1422573}.Debug|x86.Build.0 = Debug|Win32
		{8D1B7C9D-A57E-49DE-83EE-4016E1422573}.Release|x64.ActiveCfg = Release|x64
		{8D1B7C9D-A57E-49DE-83EE-4016E1422573}.Release|x64.Build.0 = Release|x64
		{8D1B7C9D-A57E-49DE-83EE-4016E1422573}.Release|x86.ActiveCfg = Release|Win32
		{8D1B7C9D-A57E-49DE-83EE-4016E1422573}.Release|x86.Build.0 = Release|Win32
		{759F509B-85EE-43EC-82B5-8C1A4930C368}.Debug|x64.ActiveCfg = Debug|x64
		{759F509B-85EE-43EC-82B5-8C1A4930C368}.Debug|x64.Build.0 = Debug|x64
		{759F509B-85EE-43EC-82B5-8C1A4930C368}.Debug|x86.ActiveCfg = Debug|Win32
		{759F509B-85EE-43EC-82B5-8C1A4930C368}.Debug|x86.Build.0 = Debug|Win32
		{759F509B-85EE-43EC-82B5-8C1A4930C368}.Release|x64.ActiveCfg = Release|x64
		{759F509B-85EE-43EC-82B5-8C1A4930C368}.Release|x64.Build.0 = Release|x64
		{759F509B-85EE-43EC-82B5-8C1A4930C368}.Release|x86.ActiveCfg = Release|Win32
		{759F509B-85EE-43EC-82B5-8C1A4930C368}.Release|x86.Build.0 = Release|Win32
		{34208C57-81E2-4B98-873D-5330942FBA30}.Debug|x64.ActiveCfg = Debug|x64
		{34208C57-81E2-4B98-873D-5330942FBA30}.Debug|x64.Build.0 = Debug|x64
		{34208C57-81E2-4B98-873D-5330942FBA30}.Debug|x86.ActiveCfg = Debug|Win32
		{34208C57-81E2-4B98-873D-5330942FBA30}.Debug|x86.Build.0 = Debug|Win32
		{34208C57-81E2-4B98-873D-5330942FBA30}.Release|x64.ActiveCfg = Release|x64
		{34208C57-81E2-4B98-873D-5330942FBA30}.Release|x64.Build.0 = Release|x64
		{34208C57-81E2-4B98-873D-5330942FBA30}.Release|x86.ActiveCfg = Release|Win32
		{34208C57-81E2-4B98-873D-5330942FBA30}.Release|x86.Build.0 = Release|Win32
	EndGlobalSection
	GlobalSection(SolutionProperties) = preSolution
		HideSolutionNode = FALSE
	EndGlobalSection
	GlobalSection(ExtensibilityGlobals) = postSolution
		SolutionGuid = {FD895336-50E9-44EA-A87B-72E34CBD2473}
	EndGlobalSection
EndGlobal
