
Microsoft Visual Studio Solution File, Format Version 12.00
# Visual Studio Version 17
VisualStudioVersion = 17.7.34031.279
MinimumVisualStudioVersion = 10.0.40219.1
Project("{8BC9CEB8-8B4A-11D0-8D11-00A0C91BC942}") = "Enero22-Ej2", "Enero22-Ej2.vcxproj", "{DD7A13E7-4C81-4F19-9C36-75F44D1B4D1A}"
EndProject
Global
	GlobalSection(SolutionConfigurationPlatforms) = preSolution
		Debug|x64 = Debug|x64
		Debug|x86 = Debug|x86
		Release|x64 = Release|x64
		Release|x86 = Release|x86
	EndGlobalSection
	GlobalSection(ProjectConfigurationPlatforms) = postSolution
		{DD7A13E7-4C81-4F19-9C36-75F44D1B4D1A}.Debug|x64.ActiveCfg = Debug|x64
		{DD7A13E7-4C81-4F19-9C36-75F44D1B4D1A}.Debug|x64.Build.0 = Debug|x64
		{DD7A13E7-4C81-4F19-9C36-75F44D1B4D1A}.Debug|x86.ActiveCfg = Debug|Win32
		{DD7A13E7-4C81-4F19-9C36-75F44D1B4D1A}.Debug|x86.Build.0 = Debug|Win32
		{DD7A13E7-4C81-4F19-9C36-75F44D1B4D1A}.Release|x64.ActiveCfg = Release|x64
		{DD7A13E7-4C81-4F19-9C36-75F44D1B4D1A}.Release|x64.Build.0 = Release|x64
		{DD7A13E7-4C81-4F19-9C36-75F44D1B4D1A}.Release|x86.ActiveCfg = Release|Win32
		{DD7A13E7-4C81-4F19-9C36-75F44D1B4D1A}.Release|x86.Build.0 = Release|Win32
	EndGlobalSection
	GlobalSection(SolutionProperties) = preSolution
		HideSolutionNode = FALSE
	EndGlobalSection
	GlobalSection(ExtensibilityGlobals) = postSolution
		SolutionGuid = {E42A5616-3C85-42BD-B1F4-701699CB51D2}
	EndGlobalSection
EndGlobal
