
Microsoft Visual Studio Solution File, Format Version 12.00
# Visual Studio Version 17
VisualStudioVersion = 17.11.35303.130
MinimumVisualStudioVersion = 10.0.40219.1
Project("{8BC9CEB8-8B4A-11D0-8D11-00A0C91BC942}") = "Juez3_14", "Juez3_14.vcxproj", "{7CA2D8F9-4C8B-424D-9864-BD4E098267B3}"
EndProject
Global
	GlobalSection(SolutionConfigurationPlatforms) = preSolution
		Debug|x64 = Debug|x64
		Debug|x86 = Debug|x86
		Release|x64 = Release|x64
		Release|x86 = Release|x86
	EndGlobalSection
	GlobalSection(ProjectConfigurationPlatforms) = postSolution
		{7CA2D8F9-4C8B-424D-9864-BD4E098267B3}.Debug|x64.ActiveCfg = Debug|x64
		{7CA2D8F9-4C8B-424D-9864-BD4E098267B3}.Debug|x64.Build.0 = Debug|x64
		{7CA2D8F9-4C8B-424D-9864-BD4E098267B3}.Debug|x86.ActiveCfg = Debug|Win32
		{7CA2D8F9-4C8B-424D-9864-BD4E098267B3}.Debug|x86.Build.0 = Debug|Win32
		{7CA2D8F9-4C8B-424D-9864-BD4E098267B3}.Release|x64.ActiveCfg = Release|x64
		{7CA2D8F9-4C8B-424D-9864-BD4E098267B3}.Release|x64.Build.0 = Release|x64
		{7CA2D8F9-4C8B-424D-9864-BD4E098267B3}.Release|x86.ActiveCfg = Release|Win32
		{7CA2D8F9-4C8B-424D-9864-BD4E098267B3}.Release|x86.Build.0 = Release|Win32
	EndGlobalSection
	GlobalSection(SolutionProperties) = preSolution
		HideSolutionNode = FALSE
	EndGlobalSection
	GlobalSection(ExtensibilityGlobals) = postSolution
		SolutionGuid = {F8906C02-C1EF-4C26-80F9-3F64DC3145E5}
	EndGlobalSection
EndGlobal
