
Microsoft Visual Studio Solution File, Format Version 12.00
# Visual Studio Version 17
VisualStudioVersion = 17.8.34511.84
MinimumVisualStudioVersion = 10.0.40219.1
Project("{8BC9CEB8-8B4A-11D0-8D11-00A0C91BC942}") = "Juez0_5", "Juez0_5.vcxproj", "{99629D88-0690-490D-B56B-7A0457DEC2FD}"
EndProject
Global
	GlobalSection(SolutionConfigurationPlatforms) = preSolution
		Debug|x64 = Debug|x64
		Debug|x86 = Debug|x86
		Release|x64 = Release|x64
		Release|x86 = Release|x86
	EndGlobalSection
	GlobalSection(ProjectConfigurationPlatforms) = postSolution
		{99629D88-0690-490D-B56B-7A0457DEC2FD}.Debug|x64.ActiveCfg = Debug|x64
		{99629D88-0690-490D-B56B-7A0457DEC2FD}.Debug|x64.Build.0 = Debug|x64
		{99629D88-0690-490D-B56B-7A0457DEC2FD}.Debug|x86.ActiveCfg = Debug|Win32
		{99629D88-0690-490D-B56B-7A0457DEC2FD}.Debug|x86.Build.0 = Debug|Win32
		{99629D88-0690-490D-B56B-7A0457DEC2FD}.Release|x64.ActiveCfg = Release|x64
		{99629D88-0690-490D-B56B-7A0457DEC2FD}.Release|x64.Build.0 = Release|x64
		{99629D88-0690-490D-B56B-7A0457DEC2FD}.Release|x86.ActiveCfg = Release|Win32
		{99629D88-0690-490D-B56B-7A0457DEC2FD}.Release|x86.Build.0 = Release|Win32
	EndGlobalSection
	GlobalSection(SolutionProperties) = preSolution
		HideSolutionNode = FALSE
	EndGlobalSection
	GlobalSection(ExtensibilityGlobals) = postSolution
		SolutionGuid = {C348B45B-2C76-4645-86B4-7E98D614A53B}
	EndGlobalSection
EndGlobal
