
Microsoft Visual Studio Solution File, Format Version 12.00
# Visual Studio Version 17
VisualStudioVersion = 17.8.34511.84
MinimumVisualStudioVersion = 10.0.40219.1
Project("{8BC9CEB8-8B4A-11D0-8D11-00A0C91BC942}") = "Juez0_5", "Juez0_5.vcxproj", "{99629D88-0690-490D-B56B-7A0457DEC2FD}"
EndProject
Project("{8BC9CEB8-8B4A-11D0-8D11-00A0C91BC942}") = "Juez0_6", "..\Juez0_6\Juez0_6.vcxproj", "{67C7766F-D82D-418E-9086-DD3A90D9601C}"
EndProject
Project("{8BC9CEB8-8B4A-11D0-8D11-00A0C91BC942}") = "Juez0_7", "..\Juez0_7\Juez0_7.vcxproj", "{7AC65531-2D97-4BED-B677-4CB911A5EE9F}"
EndProject
Project("{8BC9CEB8-8B4A-11D0-8D11-00A0C91BC942}") = "Juez1_1", "..\Juez1_1\Juez1_1.vcxproj", "{0BB779B8-2078-4760-B148-49B3565B7010}"
EndProject
Project("{8BC9CEB8-8B4A-11D0-8D11-00A0C91BC942}") = "Juez1_2", "..\Juez1_2\Juez1_2.vcxproj", "{A6C390C9-F302-4017-BA89-F9EBE5488434}"
EndProject
Project("{8BC9CEB8-8B4A-11D0-8D11-00A0C91BC942}") = "Juez1_3", "..\Juez1_3\Juez1_3.vcxproj", "{E1EE889B-8352-4F91-AE71-A40450B20D60}"
EndProject
Project("{8BC9CEB8-8B4A-11D0-8D11-00A0C91BC942}") = "Juez1_4", "..\Juez1_4\Juez1_4.vcxproj", "{FB14FE9C-C839-4A15-B7DF-B2650F59D3C0}"
EndProject
Project("{8BC9CEB8-8B4A-11D0-8D11-00A0C91BC942}") = "Juez1_5", "..\Juez1_5\Juez1_5.vcxproj", "{253D1724-2A98-452E-A221-1F5011C1A49B}"
EndProject
Project("{8BC9CEB8-8B4A-11D0-8D11-00A0C91BC942}") = "Juez1_6", "..\Juez1_6\Juez1_6.vcxproj", "{A6124039-4685-493F-BB0E-EA39CF08EE52}"
EndProject
Project("{8BC9CEB8-8B4A-11D0-8D11-00A0C91BC942}") = "Juez1_7", "..\Juez1_7\Juez1_7.vcxproj", "{125C284B-27AC-4D1E-90B8-FF3C84C86FB6}"
EndProject
Project("{8BC9CEB8-8B4A-11D0-8D11-00A0C91BC942}") = "Juez2_2", "..\Juez2_2\Juez2_2.vcxproj", "{8C7AF6BE-B5E1-49EB-B494-3B7C1C98E12C}"
EndProject
Project("{8BC9CEB8-8B4A-11D0-8D11-00A0C91BC942}") = "Juez2_6", "..\Juez2_6\Juez2_6.vcxproj", "{5BF85D9F-210F-461E-B6FC-6F0B9E44FB6F}"
EndProject
Global
	GlobalSection(SolutionConfigurationPlatforms) = preSolution
		Debug|x64 = Debug|x64
		Debug|x86 = Debug|x86
		Release|x64 = Release|x64
		Release|x86 = Release|x86
	EndGlobalSection
	GlobalSection(ProjectConfigurationPlatforms) = postSolution
		{99629D88-0690-490D-B56B-7A0457DEC2FD}.Debug|x64.ActiveCfg = Debug|x64
		{99629D88-0690-490D-B56B-7A0457DEC2FD}.Debug|x64.Build.0 = Debug|x64
		{99629D88-0690-490D-B56B-7A0457DEC2FD}.Debug|x86.ActiveCfg = Debug|Win32
		{99629D88-0690-490D-B56B-7A0457DEC2FD}.Debug|x86.Build.0 = Debug|Win32
		{99629D88-0690-490D-B56B-7A0457DEC2FD}.Release|x64.ActiveCfg = Release|x64
		{99629D88-0690-490D-B56B-7A0457DEC2FD}.Release|x64.Build.0 = Release|x64
		{99629D88-0690-490D-B56B-7A0457DEC2FD}.Release|x86.ActiveCfg = Release|Win32
		{99629D88-0690-490D-B56B-7A0457DEC2FD}.Release|x86.Build.0 = Release|Win32
		{67C7766F-D82D-418E-9086-DD3A90D9601C}.Debug|x64.ActiveCfg = Debug|x64
		{67C7766F-D82D-418E-9086-DD3A90D9601C}.Debug|x64.Build.0 = Debug|x64
		{67C7766F-D82D-418E-9086-DD3A90D9601C}.Debug|x86.ActiveCfg = Debug|Win32
		{67C7766F-D82D-418E-9086-DD3A90D9601C}.Debug|x86.Build.0 = Debug|Win32
		{67C7766F-D82D-418E-9086-DD3A90D9601C}.Release|x64.ActiveCfg = Release|x64
		{67C7766F-D82D-418E-9086-DD3A90D9601C}.Release|x64.Build.0 = Release|x64
		{67C7766F-D82D-418E-9086-DD3A90D9601C}.Release|x86.ActiveCfg = Release|Win32
		{67C7766F-D82D-418E-9086-DD3A90D9601C}.Release|x86.Build.0 = Release|Win32
		{7AC65531-2D97-4BED-B677-4CB911A5EE9F}.Debug|x64.ActiveCfg = Debug|x64
		{7AC65531-2D97-4BED-B677-4CB911A5EE9F}.Debug|x64.Build.0 = Debug|x64
		{7AC65531-2D97-4BED-B677-4CB911A5EE9F}.Debug|x86.ActiveCfg = Debug|Win32
		{7AC65531-2D97-4BED-B677-4CB911A5EE9F}.Debug|x86.Build.0 = Debug|Win32
		{7AC65531-2D97-4BED-B677-4CB911A5EE9F}.Release|x64.ActiveCfg = Release|x64
		{7AC65531-2D97-4BED-B677-4CB911A5EE9F}.Release|x64.Build.0 = Release|x64
		{7AC65531-2D97-4BED-B677-4CB911A5EE9F}.Release|x86.ActiveCfg = Release|Win32
		{7AC65531-2D97-4BED-B677-4CB911A5EE9F}.Release|x86.Build.0 = Release|Win32
		{0BB779B8-2078-4760-B148-49B3565B7010}.Debug|x64.ActiveCfg = Debug|x64
		{0BB779B8-2078-4760-B148-49B3565B7010}.Debug|x64.Build.0 = Debug|x64
		{0BB779B8-2078-4760-B148-49B3565B7010}.Debug|x86.ActiveCfg = Debug|Win32
		{0BB779B8-2078-4760-B148-49B3565B7010}.Debug|x86.Build.0 = Debug|Win32
		{0BB779B8-2078-4760-B148-49B3565B7010}.Release|x64.ActiveCfg = Release|x64
		{0BB779B8-2078-4760-B148-49B3565B7010}.Release|x64.Build.0 = Release|x64
		{0BB779B8-2078-4760-B148-49B3565B7010}.Release|x86.ActiveCfg = Release|Win32
		{0BB779B8-2078-4760-B148-49B3565B7010}.Release|x86.Build.0 = Release|Win32
		{A6C390C9-F302-4017-BA89-F9EBE5488434}.Debug|x64.ActiveCfg = Debug|x64
		{A6C390C9-F302-4017-BA89-F9EBE5488434}.Debug|x64.Build.0 = Debug|x64
		{A6C390C9-F302-4017-BA89-F9EBE5488434}.Debug|x86.ActiveCfg = Debug|Win32
		{A6C390C9-F302-4017-BA89-F9EBE5488434}.Debug|x86.Build.0 = Debug|Win32
		{A6C390C9-F302-4017-BA89-F9EBE5488434}.Release|x64.ActiveCfg = Release|x64
		{A6C390C9-F302-4017-BA89-F9EBE5488434}.Release|x64.Build.0 = Release|x64
		{A6C390C9-F302-4017-BA89-F9EBE5488434}.Release|x86.ActiveCfg = Release|Win32
		{A6C390C9-F302-4017-BA89-F9EBE5488434}.Release|x86.Build.0 = Release|Win32
		{E1EE889B-8352-4F91-AE71-A40450B20D60}.Debug|x64.ActiveCfg = Debug|x64
		{E1EE889B-8352-4F91-AE71-A40450B20D60}.Debug|x64.Build.0 = Debug|x64
		{E1EE889B-8352-4F91-AE71-A40450B20D60}.Debug|x86.ActiveCfg = Debug|Win32
		{E1EE889B-8352-4F91-AE71-A40450B20D60}.Debug|x86.Build.0 = Debug|Win32
		{E1EE889B-8352-4F91-AE71-A40450B20D60}.Release|x64.ActiveCfg = Release|x64
		{E1EE889B-8352-4F91-AE71-A40450B20D60}.Release|x64.Build.0 = Release|x64
		{E1EE889B-8352-4F91-AE71-A40450B20D60}.Release|x86.ActiveCfg = Release|Win32
		{E1EE889B-8352-4F91-AE71-A40450B20D60}.Release|x86.Build.0 = Release|Win32
		{FB14FE9C-C839-4A15-B7DF-B2650F59D3C0}.Debug|x64.ActiveCfg = Debug|x64
		{FB14FE9C-C839-4A15-B7DF-B2650F59D3C0}.Debug|x64.Build.0 = Debug|x64
		{FB14FE9C-C839-4A15-B7DF-B2650F59D3C0}.Debug|x86.ActiveCfg = Debug|Win32
		{FB14FE9C-C839-4A15-B7DF-B2650F59D3C0}.Debug|x86.Build.0 = Debug|Win32
		{FB14FE9C-C839-4A15-B7DF-B2650F59D3C0}.Release|x64.ActiveCfg = Release|x64
		{FB14FE9C-C839-4A15-B7DF-B2650F59D3C0}.Release|x64.Build.0 = Release|x64
		{FB14FE9C-C839-4A15-B7DF-B2650F59D3C0}.Release|x86.ActiveCfg = Release|Win32
		{FB14FE9C-C839-4A15-B7DF-B2650F59D3C0}.Release|x86.Build.0 = Release|Win32
		{253D1724-2A98-452E-A221-1F5011C1A49B}.Debug|x64.ActiveCfg = Debug|x64
		{253D1724-2A98-452E-A221-1F5011C1A49B}.Debug|x64.Build.0 = Debug|x64
		{253D1724-2A98-452E-A221-1F5011C1A49B}.Debug|x86.ActiveCfg = Debug|Win32
		{253D1724-2A98-452E-A221-1F5011C1A49B}.Debug|x86.Build.0 = Debug|Win32
		{253D1724-2A98-452E-A221-1F5011C1A49B}.Release|x64.ActiveCfg = Release|x64
		{253D1724-2A98-452E-A221-1F5011C1A49B}.Release|x64.Build.0 = Release|x64
		{253D1724-2A98-452E-A221-1F5011C1A49B}.Release|x86.ActiveCfg = Release|Win32
		{253D1724-2A98-452E-A221-1F5011C1A49B}.Release|x86.Build.0 = Release|Win32
		{A6124039-4685-493F-BB0E-EA39CF08EE52}.Debug|x64.ActiveCfg = Debug|x64
		{A6124039-4685-493F-BB0E-EA39CF08EE52}.Debug|x64.Build.0 = Debug|x64
		{A6124039-4685-493F-BB0E-EA39CF08EE52}.Debug|x86.ActiveCfg = Debug|Win32
		{A6124039-4685-493F-BB0E-EA39CF08EE52}.Debug|x86.Build.0 = Debug|Win32
		{A6124039-4685-493F-BB0E-EA39CF08EE52}.Release|x64.ActiveCfg = Release|x64
		{A6124039-4685-493F-BB0E-EA39CF08EE52}.Release|x64.Build.0 = Release|x64
		{A6124039-4685-493F-BB0E-EA39CF08EE52}.Release|x86.ActiveCfg = Release|Win32
		{A6124039-4685-493F-BB0E-EA39CF08EE52}.Release|x86.Build.0 = Release|Win32
		{125C284B-27AC-4D1E-90B8-FF3C84C86FB6}.Debug|x64.ActiveCfg = Debug|x64
		{125C284B-27AC-4D1E-90B8-FF3C84C86FB6}.Debug|x64.Build.0 = Debug|x64
		{125C284B-27AC-4D1E-90B8-FF3C84C86FB6}.Debug|x86.ActiveCfg = Debug|Win32
		{125C284B-27AC-4D1E-90B8-FF3C84C86FB6}.Debug|x86.Build.0 = Debug|Win32
		{125C284B-27AC-4D1E-90B8-FF3C84C86FB6}.Release|x64.ActiveCfg = Release|x64
		{125C284B-27AC-4D1E-90B8-FF3C84C86FB6}.Release|x64.Build.0 = Release|x64
		{125C284B-27AC-4D1E-90B8-FF3C84C86FB6}.Release|x86.ActiveCfg = Release|Win32
		{125C284B-27AC-4D1E-90B8-FF3C84C86FB6}.Release|x86.Build.0 = Release|Win32
		{8C7AF6BE-B5E1-49EB-B494-3B7C1C98E12C}.Debug|x64.ActiveCfg = Debug|x64
		{8C7AF6BE-B5E1-49EB-B494-3B7C1C98E12C}.Debug|x64.Build.0 = Debug|x64
		{8C7AF6BE-B5E1-49EB-B494-3B7C1C98E12C}.Debug|x86.ActiveCfg = Debug|Win32
		{8C7AF6BE-B5E1-49EB-B494-3B7C1C98E12C}.Debug|x86.Build.0 = Debug|Win32
		{8C7AF6BE-B5E1-49EB-B494-3B7C1C98E12C}.Release|x64.ActiveCfg = Release|x64
		{8C7AF6BE-B5E1-49EB-B494-3B7C1C98E12C}.Release|x64.Build.0 = Release|x64
		{8C7AF6BE-B5E1-49EB-B494-3B7C1C98E12C}.Release|x86.ActiveCfg = Release|Win32
		{8C7AF6BE-B5E1-49EB-B494-3B7C1C98E12C}.Release|x86.Build.0 = Release|Win32
		{5BF85D9F-210F-461E-B6FC-6F0B9E44FB6F}.Debug|x64.ActiveCfg = Debug|x64
		{5BF85D9F-210F-461E-B6FC-6F0B9E44FB6F}.Debug|x64.Build.0 = Debug|x64
		{5BF85D9F-210F-461E-B6FC-6F0B9E44FB6F}.Debug|x86.ActiveCfg = Debug|Win32
		{5BF85D9F-210F-461E-B6FC-6F0B9E44FB6F}.Debug|x86.Build.0 = Debug|Win32
		{5BF85D9F-210F-461E-B6FC-6F0B9E44FB6F}.Release|x64.ActiveCfg = Release|x64
		{5BF85D9F-210F-461E-B6FC-6F0B9E44FB6F}.Release|x64.Build.0 = Release|x64
		{5BF85D9F-210F-461E-B6FC-6F0B9E44FB6F}.Release|x86.ActiveCfg = Release|Win32
		{5BF85D9F-210F-461E-B6FC-6F0B9E44FB6F}.Release|x86.Build.0 = Release|Win32
	EndGlobalSection
	GlobalSection(SolutionProperties) = preSolution
		HideSolutionNode = FALSE
	EndGlobalSection
	GlobalSection(ExtensibilityGlobals) = postSolution
		SolutionGuid = {C348B45B-2C76-4645-86B4-7E98D614A53B}
	EndGlobalSection
EndGlobal
