
Microsoft Visual Studio Solution File, Format Version 12.00
# Visual Studio Version 17
VisualStudioVersion = 17.8.34511.84
MinimumVisualStudioVersion = 10.0.40219.1
Project("{8BC9CEB8-8B4A-11D0-8D11-00A0C91BC942}") = "Juez0_5", "Juez0_5.vcxproj", "{99629D88-0690-490D-B56B-7A0457DEC2FD}"
EndProject
Project("{8BC9CEB8-8B4A-11D0-8D11-00A0C91BC942}") = "Juez0_6", "..\Juez0_6\Juez0_6.vcxproj", "{67C7766F-D82D-418E-9086-DD3A90D9601C}"
EndProject
Project("{8BC9CEB8-8B4A-11D0-8D11-00A0C91BC942}") = "Juez0_7", "..\Juez0_7\Juez0_7.vcxproj", "{7AC65531-2D97-4BED-B677-4CB911A5EE9F}"
EndProject
Project("{8BC9CEB8-8B4A-11D0-8D11-00A0C91BC942}") = "Juez1_1", "..\Juez1_1\Juez1_1.vcxproj", "{0BB779B8-2078-4760-B148-49B3565B7010}"
EndProject
Project("{8BC9CEB8-8B4A-11D0-8D11-00A0C91BC942}") = "Juez1_2", "..\Juez1_2\Juez1_2.vcxproj", "{A6C390C9-F302-4017-BA89-F9EBE5488434}"
EndProject
Project("{8BC9CEB8-8B4A-11D0-8D11-00A0C91BC942}") = "Juez1_3", "..\Juez1_3\Juez1_3.vcxproj", "{E1EE889B-8352-4F91-AE71-A40450B20D60}"
EndProject
Project("{8BC9CEB8-8B4A-11D0-8D11-00A0C91BC942}") = "Juez1_4", "..\Juez1_4\Juez1_4.vcxproj", "{FB14FE9C-C839-4A15-B7DF-B2650F59D3C0}"
EndProject
Project("{8BC9CEB8-8B4A-11D0-8D11-00A0C91BC942}") = "Juez1_5", "..\Juez1_5\Juez1_5.vcxproj", "{253D1724-2A98-452E-A221-1F5011C1A49B}"
EndProject
Project("{8BC9CEB8-8B4A-11D0-8D11-00A0C91BC942}") = "Juez1_6", "..\Juez1_6\Juez1_6.vcxproj", "{A6124039-4685-493F-BB0E-EA39CF08EE52}"
EndProject
Project("{8BC9CEB8-8B4A-11D0-8D11-00A0C91BC942}") = "Juez1_7", "..\Juez1_7\Juez1_7.vcxproj", "{125C284B-27AC-4D1E-90B8-FF3C84C86FB6}"
EndProject
Project("{8BC9CEB8-8B4A-11D0-8D11-00A0C91BC942}") = "Juez2_2", "..\Juez2_2\Juez2_2.vcxproj", "{8C7AF6BE-B5E1-49EB-B494-3B7C1C98E12C}"
EndProject
Project("{8BC9CEB8-8B4A-11D0-8D11-00A0C91BC942}") = "Juez2_6", "..\Juez2_6\Juez2_6.vcxproj", "{5BF85D9F-210F-461E-B6FC-6F0B9E44FB6F}"
EndProject
Project("{8BC9CEB8-8B4A-11D0-8D11-00A0C91BC942}") = "Juez2_7", "..\Juez2_7\Juez2_7.vcxproj", "{C88C28AF-754E-47E9-BC6E-630CFA6EF8D6}"
EndProject
Project("{8BC9CEB8-8B4A-11D0-8D11-00A0C91BC942}") = "Juez2_3", "..\Juez2_3\Juez2_3.vcxproj", "{E20DBF92-B299-44FE-B23A-015CFDB95D10}"
EndProject
Project("{8BC9CEB8-8B4A-11D0-8D11-00A0C91BC942}") = "Juez2_4", "..\Juez2_4\Juez2_4.vcxproj", "{60B1EC20-357A-4D5A-95FF-B07D46E1860B}"
EndProject
Project("{8BC9CEB8-8B4A-11D0-8D11-00A0C91BC942}") = "Juez2_5", "..\Juez2_5\Juez2_5.vcxproj", "{5DFF331A-53D4-4C28-A688-EDFEFF689AE8}"
EndProject
Project("{8BC9CEB8-8B4A-11D0-8D11-00A0C91BC942}") = "Juez2_8", "..\Juez2_8\Juez2_8.vcxproj", "{9D444682-1661-46B8-8D1B-1A1B2598658B}"
EndProject
Project("{8BC9CEB8-8B4A-11D0-8D11-00A0C91BC942}") = "Juez2_9", "..\Juez2_9\Juez2_9.vcxproj", "{88777C8A-3953-44C7-A01C-9FF8782D7AFF}"
EndProject
Project("{8BC9CEB8-8B4A-11D0-8D11-00A0C91BC942}") = "Juez2_10", "..\Juez2_10\Juez2_10.vcxproj", "{668C0436-5E9C-42F9-AEB0-752E8B5894AE}"
EndProject
Project("{8BC9CEB8-8B4A-11D0-8D11-00A0C91BC942}") = "Juez2_11", "..\Juez2_11\Juez2_11.vcxproj", "{28F32F8D-CE57-4B23-86C8-79B6F6810325}"
EndProject
Project("{8BC9CEB8-8B4A-11D0-8D11-00A0C91BC942}") = "Juez2_12", "..\Juez2_12\Juez2_12.vcxproj", "{D57BC17E-3DB7-4C84-A174-4A2830A1AA26}"
EndProject
Project("{8BC9CEB8-8B4A-11D0-8D11-00A0C91BC942}") = "Juez4_1", "..\Juez4_1\Juez4_1.vcxproj", "{118D2383-D509-46CF-8B20-97B727CD4B2E}"
EndProject
Project("{8BC9CEB8-8B4A-11D0-8D11-00A0C91BC942}") = "Juez4_2", "..\Juez4_2\Juez4_2.vcxproj", "{E2F387FA-19CD-41D5-92CA-99F11A55D392}"
EndProject
Project("{8BC9CEB8-8B4A-11D0-8D11-00A0C91BC942}") = "Juez4_6", "..\Juez4_6\Juez4_6.vcxproj", "{F6D37F59-DE76-435E-87CB-230391AD64C7}"
EndProject
Project("{8BC9CEB8-8B4A-11D0-8D11-00A0C91BC942}") = "Juez4_7", "..\Juez4_7\Juez4_7.vcxproj", "{FA83CA98-1F40-429A-B96B-CD81F2FA9F80}"
EndProject
Project("{8BC9CEB8-8B4A-11D0-8D11-00A0C91BC942}") = "Juez4_8", "..\Juez4_8\Juez4_8.vcxproj", "{8A7AB9D7-3C52-4C91-863A-1B8D43633EFA}"
EndProject
Project("{8BC9CEB8-8B4A-11D0-8D11-00A0C91BC942}") = "Juez4_3", "..\Juez4_3\Juez4_3.vcxproj", "{D18C71AC-953C-428C-835D-7AEE8AA8DD94}"
EndProject
Project("{8BC9CEB8-8B4A-11D0-8D11-00A0C91BC942}") = "Juez4_4", "..\Juez4_4\Juez4_4.vcxproj", "{EC4BAEF1-CF0D-4087-8C32-0F65F71D7E83}"
EndProject
Project("{8BC9CEB8-8B4A-11D0-8D11-00A0C91BC942}") = "Juez4_5", "..\Juez4_5\Juez4_5.vcxproj", "{C4B66745-0840-4376-B5DD-081EA5270DCE}"
EndProject
Project("{2150E333-8FDC-42A3-9474-1A3956D46DE8}") = "Elementos de la solución", "Elementos de la solución", "{48607271-39D7-4B9C-BA08-87C1BFC9FB89}"
	ProjectSection(SolutionItems) = preProject
		TextFile1.txt = TextFile1.txt
	EndProjectSection
EndProject
Global
	GlobalSection(SolutionConfigurationPlatforms) = preSolution
		Debug|x64 = Debug|x64
		Debug|x86 = Debug|x86
		Release|x64 = Release|x64
		Release|x86 = Release|x86
	EndGlobalSection
	GlobalSection(ProjectConfigurationPlatforms) = postSolution
		{99629D88-0690-490D-B56B-7A0457DEC2FD}.Debug|x64.ActiveCfg = Debug|x64
		{99629D88-0690-490D-B56B-7A0457DEC2FD}.Debug|x64.Build.0 = Debug|x64
		{99629D88-0690-490D-B56B-7A0457DEC2FD}.Debug|x86.ActiveCfg = Debug|Win32
		{99629D88-0690-490D-B56B-7A0457DEC2FD}.Debug|x86.Build.0 = Debug|Win32
		{99629D88-0690-490D-B56B-7A0457DEC2FD}.Release|x64.ActiveCfg = Release|x64
		{99629D88-0690-490D-B56B-7A0457DEC2FD}.Release|x64.Build.0 = Release|x64
		{99629D88-0690-490D-B56B-7A0457DEC2FD}.Release|x86.ActiveCfg = Release|Win32
		{99629D88-0690-490D-B56B-7A0457DEC2FD}.Release|x86.Build.0 = Release|Win32
		{67C7766F-D82D-418E-9086-DD3A90D9601C}.Debug|x64.ActiveCfg = Debug|x64
		{67C7766F-D82D-418E-9086-DD3A90D9601C}.Debug|x64.Build.0 = Debug|x64
		{67C7766F-D82D-418E-9086-DD3A90D9601C}.Debug|x86.ActiveCfg = Debug|Win32
		{67C7766F-D82D-418E-9086-DD3A90D9601C}.Debug|x86.Build.0 = Debug|Win32
		{67C7766F-D82D-418E-9086-DD3A90D9601C}.Release|x64.ActiveCfg = Release|x64
		{67C7766F-D82D-418E-9086-DD3A90D9601C}.Release|x64.Build.0 = Release|x64
		{67C7766F-D82D-418E-9086-DD3A90D9601C}.Release|x86.ActiveCfg = Release|Win32
		{67C7766F-D82D-418E-9086-DD3A90D9601C}.Release|x86.Build.0 = Release|Win32
		{7AC65531-2D97-4BED-B677-4CB911A5EE9F}.Debug|x64.ActiveCfg = Debug|x64
		{7AC65531-2D97-4BED-B677-4CB911A5EE9F}.Debug|x64.Build.0 = Debug|x64
		{7AC65531-2D97-4BED-B677-4CB911A5EE9F}.Debug|x86.ActiveCfg = Debug|Win32
		{7AC65531-2D97-4BED-B677-4CB911A5EE9F}.Debug|x86.Build.0 = Debug|Win32
		{7AC65531-2D97-4BED-B677-4CB911A5EE9F}.Release|x64.ActiveCfg = Release|x64
		{7AC65531-2D97-4BED-B677-4CB911A5EE9F}.Release|x64.Build.0 = Release|x64
		{7AC65531-2D97-4BED-B677-4CB911A5EE9F}.Release|x86.ActiveCfg = Release|Win32
		{7AC65531-2D97-4BED-B677-4CB911A5EE9F}.Release|x86.Build.0 = Release|Win32
		{0BB779B8-2078-4760-B148-49B3565B7010}.Debug|x64.ActiveCfg = Debug|x64
		{0BB779B8-2078-4760-B148-49B3565B7010}.Debug|x64.Build.0 = Debug|x64
		{0BB779B8-2078-4760-B148-49B3565B7010}.Debug|x86.ActiveCfg = Debug|Win32
		{0BB779B8-2078-4760-B148-49B3565B7010}.Debug|x86.Build.0 = Debug|Win32
		{0BB779B8-2078-4760-B148-49B3565B7010}.Release|x64.ActiveCfg = Release|x64
		{0BB779B8-2078-4760-B148-49B3565B7010}.Release|x64.Build.0 = Release|x64
		{0BB779B8-2078-4760-B148-49B3565B7010}.Release|x86.ActiveCfg = Release|Win32
		{0BB779B8-2078-4760-B148-49B3565B7010}.Release|x86.Build.0 = Release|Win32
		{A6C390C9-F302-4017-BA89-F9EBE5488434}.Debug|x64.ActiveCfg = Debug|x64
		{A6C390C9-F302-4017-BA89-F9EBE5488434}.Debug|x64.Build.0 = Debug|x64
		{A6C390C9-F302-4017-BA89-F9EBE5488434}.Debug|x86.ActiveCfg = Debug|Win32
		{A6C390C9-F302-4017-BA89-F9EBE5488434}.Debug|x86.Build.0 = Debug|Win32
		{A6C390C9-F302-4017-BA89-F9EBE5488434}.Release|x64.ActiveCfg = Release|x64
		{A6C390C9-F302-4017-BA89-F9EBE5488434}.Release|x64.Build.0 = Release|x64
		{A6C390C9-F302-4017-BA89-F9EBE5488434}.Release|x86.ActiveCfg = Release|Win32
		{A6C390C9-F302-4017-BA89-F9EBE5488434}.Release|x86.Build.0 = Release|Win32
		{E1EE889B-8352-4F91-AE71-A40450B20D60}.Debug|x64.ActiveCfg = Debug|x64
		{E1EE889B-8352-4F91-AE71-A40450B20D60}.Debug|x64.Build.0 = Debug|x64
		{E1EE889B-8352-4F91-AE71-A40450B20D60}.Debug|x86.ActiveCfg = Debug|Win32
		{E1EE889B-8352-4F91-AE71-A40450B20D60}.Debug|x86.Build.0 = Debug|Win32
		{E1EE889B-8352-4F91-AE71-A40450B20D60}.Release|x64.ActiveCfg = Release|x64
		{E1EE889B-8352-4F91-AE71-A40450B20D60}.Release|x64.Build.0 = Release|x64
		{E1EE889B-8352-4F91-AE71-A40450B20D60}.Release|x86.ActiveCfg = Release|Win32
		{E1EE889B-8352-4F91-AE71-A40450B20D60}.Release|x86.Build.0 = Release|Win32
		{FB14FE9C-C839-4A15-B7DF-B2650F59D3C0}.Debug|x64.ActiveCfg = Debug|x64
		{FB14FE9C-C839-4A15-B7DF-B2650F59D3C0}.Debug|x64.Build.0 = Debug|x64
		{FB14FE9C-C839-4A15-B7DF-B2650F59D3C0}.Debug|x86.ActiveCfg = Debug|Win32
		{FB14FE9C-C839-4A15-B7DF-B2650F59D3C0}.Debug|x86.Build.0 = Debug|Win32
		{FB14FE9C-C839-4A15-B7DF-B2650F59D3C0}.Release|x64.ActiveCfg = Release|x64
		{FB14FE9C-C839-4A15-B7DF-B2650F59D3C0}.Release|x64.Build.0 = Release|x64
		{FB14FE9C-C839-4A15-B7DF-B2650F59D3C0}.Release|x86.ActiveCfg = Release|Win32
		{FB14FE9C-C839-4A15-B7DF-B2650F59D3C0}.Release|x86.Build.0 = Release|Win32
		{253D1724-2A98-452E-A221-1F5011C1A49B}.Debug|x64.ActiveCfg = Debug|x64
		{253D1724-2A98-452E-A221-1F5011C1A49B}.Debug|x64.Build.0 = Debug|x64
		{253D1724-2A98-452E-A221-1F5011C1A49B}.Debug|x86.ActiveCfg = Debug|Win32
		{253D1724-2A98-452E-A221-1F5011C1A49B}.Debug|x86.Build.0 = Debug|Win32
		{253D1724-2A98-452E-A221-1F5011C1A49B}.Release|x64.ActiveCfg = Release|x64
		{253D1724-2A98-452E-A221-1F5011C1A49B}.Release|x64.Build.0 = Release|x64
		{253D1724-2A98-452E-A221-1F5011C1A49B}.Release|x86.ActiveCfg = Release|Win32
		{253D1724-2A98-452E-A221-1F5011C1A49B}.Release|x86.Build.0 = Release|Win32
		{A6124039-4685-493F-BB0E-EA39CF08EE52}.Debug|x64.ActiveCfg = Debug|x64
		{A6124039-4685-493F-BB0E-EA39CF08EE52}.Debug|x64.Build.0 = Debug|x64
		{A6124039-4685-493F-BB0E-EA39CF08EE52}.Debug|x86.ActiveCfg = Debug|Win32
		{A6124039-4685-493F-BB0E-EA39CF08EE52}.Debug|x86.Build.0 = Debug|Win32
		{A6124039-4685-493F-BB0E-EA39CF08EE52}.Release|x64.ActiveCfg = Release|x64
		{A6124039-4685-493F-BB0E-EA39CF08EE52}.Release|x64.Build.0 = Release|x64
		{A6124039-4685-493F-BB0E-EA39CF08EE52}.Release|x86.ActiveCfg = Release|Win32
		{A6124039-4685-493F-BB0E-EA39CF08EE52}.Release|x86.Build.0 = Release|Win32
		{125C284B-27AC-4D1E-90B8-FF3C84C86FB6}.Debug|x64.ActiveCfg = Debug|x64
		{125C284B-27AC-4D1E-90B8-FF3C84C86FB6}.Debug|x64.Build.0 = Debug|x64
		{125C284B-27AC-4D1E-90B8-FF3C84C86FB6}.Debug|x86.ActiveCfg = Debug|Win32
		{125C284B-27AC-4D1E-90B8-FF3C84C86FB6}.Debug|x86.Build.0 = Debug|Win32
		{125C284B-27AC-4D1E-90B8-FF3C84C86FB6}.Release|x64.ActiveCfg = Release|x64
		{125C284B-27AC-4D1E-90B8-FF3C84C86FB6}.Release|x64.Build.0 = Release|x64
		{125C284B-27AC-4D1E-90B8-FF3C84C86FB6}.Release|x86.ActiveCfg = Release|Win32
		{125C284B-27AC-4D1E-90B8-FF3C84C86FB6}.Release|x86.Build.0 = Release|Win32
		{8C7AF6BE-B5E1-49EB-B494-3B7C1C98E12C}.Debug|x64.ActiveCfg = Debug|x64
		{8C7AF6BE-B5E1-49EB-B494-3B7C1C98E12C}.Debug|x64.Build.0 = Debug|x64
		{8C7AF6BE-B5E1-49EB-B494-3B7C1C98E12C}.Debug|x86.ActiveCfg = Debug|Win32
		{8C7AF6BE-B5E1-49EB-B494-3B7C1C98E12C}.Debug|x86.Build.0 = Debug|Win32
		{8C7AF6BE-B5E1-49EB-B494-3B7C1C98E12C}.Release|x64.ActiveCfg = Release|x64
		{8C7AF6BE-B5E1-49EB-B494-3B7C1C98E12C}.Release|x64.Build.0 = Release|x64
		{8C7AF6BE-B5E1-49EB-B494-3B7C1C98E12C}.Release|x86.ActiveCfg = Release|Win32
		{8C7AF6BE-B5E1-49EB-B494-3B7C1C98E12C}.Release|x86.Build.0 = Release|Win32
		{5BF85D9F-210F-461E-B6FC-6F0B9E44FB6F}.Debug|x64.ActiveCfg = Debug|x64
		{5BF85D9F-210F-461E-B6FC-6F0B9E44FB6F}.Debug|x64.Build.0 = Debug|x64
		{5BF85D9F-210F-461E-B6FC-6F0B9E44FB6F}.Debug|x86.ActiveCfg = Debug|Win32
		{5BF85D9F-210F-461E-B6FC-6F0B9E44FB6F}.Debug|x86.Build.0 = Debug|Win32
		{5BF85D9F-210F-461E-B6FC-6F0B9E44FB6F}.Release|x64.ActiveCfg = Release|x64
		{5BF85D9F-210F-461E-B6FC-6F0B9E44FB6F}.Release|x64.Build.0 = Release|x64
		{5BF85D9F-210F-461E-B6FC-6F0B9E44FB6F}.Release|x86.ActiveCfg = Release|Win32
		{5BF85D9F-210F-461E-B6FC-6F0B9E44FB6F}.Release|x86.Build.0 = Release|Win32
		{C88C28AF-754E-47E9-BC6E-630CFA6EF8D6}.Debug|x64.ActiveCfg = Debug|x64
		{C88C28AF-754E-47E9-BC6E-630CFA6EF8D6}.Debug|x64.Build.0 = Debug|x64
		{C88C28AF-754E-47E9-BC6E-630CFA6EF8D6}.Debug|x86.ActiveCfg = Debug|Win32
		{C88C28AF-754E-47E9-BC6E-630CFA6EF8D6}.Debug|x86.Build.0 = Debug|Win32
		{C88C28AF-754E-47E9-BC6E-630CFA6EF8D6}.Release|x64.ActiveCfg = Release|x64
		{C88C28AF-754E-47E9-BC6E-630CFA6EF8D6}.Release|x64.Build.0 = Release|x64
		{C88C28AF-754E-47E9-BC6E-630CFA6EF8D6}.Release|x86.ActiveCfg = Release|Win32
		{C88C28AF-754E-47E9-BC6E-630CFA6EF8D6}.Release|x86.Build.0 = Release|Win32
		{E20DBF92-B299-44FE-B23A-015CFDB95D10}.Debug|x64.ActiveCfg = Debug|x64
		{E20DBF92-B299-44FE-B23A-015CFDB95D10}.Debug|x64.Build.0 = Debug|x64
		{E20DBF92-B299-44FE-B23A-015CFDB95D10}.Debug|x86.ActiveCfg = Debug|Win32
		{E20DBF92-B299-44FE-B23A-015CFDB95D10}.Debug|x86.Build.0 = Debug|Win32
		{E20DBF92-B299-44FE-B23A-015CFDB95D10}.Release|x64.ActiveCfg = Release|x64
		{E20DBF92-B299-44FE-B23A-015CFDB95D10}.Release|x64.Build.0 = Release|x64
		{E20DBF92-B299-44FE-B23A-015CFDB95D10}.Release|x86.ActiveCfg = Release|Win32
		{E20DBF92-B299-44FE-B23A-015CFDB95D10}.Release|x86.Build.0 = Release|Win32
		{60B1EC20-357A-4D5A-95FF-B07D46E1860B}.Debug|x64.ActiveCfg = Debug|x64
		{60B1EC20-357A-4D5A-95FF-B07D46E1860B}.Debug|x64.Build.0 = Debug|x64
		{60B1EC20-357A-4D5A-95FF-B07D46E1860B}.Debug|x86.ActiveCfg = Debug|Win32
		{60B1EC20-357A-4D5A-95FF-B07D46E1860B}.Debug|x86.Build.0 = Debug|Win32
		{60B1EC20-357A-4D5A-95FF-B07D46E1860B}.Release|x64.ActiveCfg = Release|x64
		{60B1EC20-357A-4D5A-95FF-B07D46E1860B}.Release|x64.Build.0 = Release|x64
		{60B1EC20-357A-4D5A-95FF-B07D46E1860B}.Release|x86.ActiveCfg = Release|Win32
		{60B1EC20-357A-4D5A-95FF-B07D46E1860B}.Release|x86.Build.0 = Release|Win32
		{5DFF331A-53D4-4C28-A688-EDFEFF689AE8}.Debug|x64.ActiveCfg = Debug|x64
		{5DFF331A-53D4-4C28-A688-EDFEFF689AE8}.Debug|x64.Build.0 = Debug|x64
		{5DFF331A-53D4-4C28-A688-EDFEFF689AE8}.Debug|x86.ActiveCfg = Debug|Win32
		{5DFF331A-53D4-4C28-A688-EDFEFF689AE8}.Debug|x86.Build.0 = Debug|Win32
		{5DFF331A-53D4-4C28-A688-EDFEFF689AE8}.Release|x64.ActiveCfg = Release|x64
		{5DFF331A-53D4-4C28-A688-EDFEFF689AE8}.Release|x64.Build.0 = Release|x64
		{5DFF331A-53D4-4C28-A688-EDFEFF689AE8}.Release|x86.ActiveCfg = Release|Win32
		{5DFF331A-53D4-4C28-A688-EDFEFF689AE8}.Release|x86.Build.0 = Release|Win32
		{9D444682-1661-46B8-8D1B-1A1B2598658B}.Debug|x64.ActiveCfg = Debug|x64
		{9D444682-1661-46B8-8D1B-1A1B2598658B}.Debug|x64.Build.0 = Debug|x64
		{9D444682-1661-46B8-8D1B-1A1B2598658B}.Debug|x86.ActiveCfg = Debug|Win32
		{9D444682-1661-46B8-8D1B-1A1B2598658B}.Debug|x86.Build.0 = Debug|Win32
		{9D444682-1661-46B8-8D1B-1A1B2598658B}.Release|x64.ActiveCfg = Release|x64
		{9D444682-1661-46B8-8D1B-1A1B2598658B}.Release|x64.Build.0 = Release|x64
		{9D444682-1661-46B8-8D1B-1A1B2598658B}.Release|x86.ActiveCfg = Release|Win32
		{9D444682-1661-46B8-8D1B-1A1B2598658B}.Release|x86.Build.0 = Release|Win32
		{88777C8A-3953-44C7-A01C-9FF8782D7AFF}.Debug|x64.ActiveCfg = Debug|x64
		{88777C8A-3953-44C7-A01C-9FF8782D7AFF}.Debug|x64.Build.0 = Debug|x64
		{88777C8A-3953-44C7-A01C-9FF8782D7AFF}.Debug|x86.ActiveCfg = Debug|Win32
		{88777C8A-3953-44C7-A01C-9FF8782D7AFF}.Debug|x86.Build.0 = Debug|Win32
		{88777C8A-3953-44C7-A01C-9FF8782D7AFF}.Release|x64.ActiveCfg = Release|x64
		{88777C8A-3953-44C7-A01C-9FF8782D7AFF}.Release|x64.Build.0 = Release|x64
		{88777C8A-3953-44C7-A01C-9FF8782D7AFF}.Release|x86.ActiveCfg = Release|Win32
		{88777C8A-3953-44C7-A01C-9FF8782D7AFF}.Release|x86.Build.0 = Release|Win32
		{668C0436-5E9C-42F9-AEB0-752E8B5894AE}.Debug|x64.ActiveCfg = Debug|x64
		{668C0436-5E9C-42F9-AEB0-752E8B5894AE}.Debug|x64.Build.0 = Debug|x64
		{668C0436-5E9C-42F9-AEB0-752E8B5894AE}.Debug|x86.ActiveCfg = Debug|Win32
		{668C0436-5E9C-42F9-AEB0-752E8B5894AE}.Debug|x86.Build.0 = Debug|Win32
		{668C0436-5E9C-42F9-AEB0-752E8B5894AE}.Release|x64.ActiveCfg = Release|x64
		{668C0436-5E9C-42F9-AEB0-752E8B5894AE}.Release|x64.Build.0 = Release|x64
		{668C0436-5E9C-42F9-AEB0-752E8B5894AE}.Release|x86.ActiveCfg = Release|Win32
		{668C0436-5E9C-42F9-AEB0-752E8B5894AE}.Release|x86.Build.0 = Release|Win32
		{28F32F8D-CE57-4B23-86C8-79B6F6810325}.Debug|x64.ActiveCfg = Debug|x64
		{28F32F8D-CE57-4B23-86C8-79B6F6810325}.Debug|x64.Build.0 = Debug|x64
		{28F32F8D-CE57-4B23-86C8-79B6F6810325}.Debug|x86.ActiveCfg = Debug|Win32
		{28F32F8D-CE57-4B23-86C8-79B6F6810325}.Debug|x86.Build.0 = Debug|Win32
		{28F32F8D-CE57-4B23-86C8-79B6F6810325}.Release|x64.ActiveCfg = Release|x64
		{28F32F8D-CE57-4B23-86C8-79B6F6810325}.Release|x64.Build.0 = Release|x64
		{28F32F8D-CE57-4B23-86C8-79B6F6810325}.Release|x86.ActiveCfg = Release|Win32
		{28F32F8D-CE57-4B23-86C8-79B6F6810325}.Release|x86.Build.0 = Release|Win32
		{D57BC17E-3DB7-4C84-A174-4A2830A1AA26}.Debug|x64.ActiveCfg = Debug|x64
		{D57BC17E-3DB7-4C84-A174-4A2830A1AA26}.Debug|x64.Build.0 = Debug|x64
		{D57BC17E-3DB7-4C84-A174-4A2830A1AA26}.Debug|x86.ActiveCfg = Debug|Win32
		{D57BC17E-3DB7-4C84-A174-4A2830A1AA26}.Debug|x86.Build.0 = Debug|Win32
		{D57BC17E-3DB7-4C84-A174-4A2830A1AA26}.Release|x64.ActiveCfg = Release|x64
		{D57BC17E-3DB7-4C84-A174-4A2830A1AA26}.Release|x64.Build.0 = Release|x64
		{D57BC17E-3DB7-4C84-A174-4A2830A1AA26}.Release|x86.ActiveCfg = Release|Win32
		{D57BC17E-3DB7-4C84-A174-4A2830A1AA26}.Release|x86.Build.0 = Release|Win32
		{118D2383-D509-46CF-8B20-97B727CD4B2E}.Debug|x64.ActiveCfg = Debug|x64
		{118D2383-D509-46CF-8B20-97B727CD4B2E}.Debug|x64.Build.0 = Debug|x64
		{118D2383-D509-46CF-8B20-97B727CD4B2E}.Debug|x86.ActiveCfg = Debug|Win32
		{118D2383-D509-46CF-8B20-97B727CD4B2E}.Debug|x86.Build.0 = Debug|Win32
		{118D2383-D509-46CF-8B20-97B727CD4B2E}.Release|x64.ActiveCfg = Release|x64
		{118D2383-D509-46CF-8B20-97B727CD4B2E}.Release|x64.Build.0 = Release|x64
		{118D2383-D509-46CF-8B20-97B727CD4B2E}.Release|x86.ActiveCfg = Release|Win32
		{118D2383-D509-46CF-8B20-97B727CD4B2E}.Release|x86.Build.0 = Release|Win32
		{E2F387FA-19CD-41D5-92CA-99F11A55D392}.Debug|x64.ActiveCfg = Debug|x64
		{E2F387FA-19CD-41D5-92CA-99F11A55D392}.Debug|x64.Build.0 = Debug|x64
		{E2F387FA-19CD-41D5-92CA-99F11A55D392}.Debug|x86.ActiveCfg = Debug|Win32
		{E2F387FA-19CD-41D5-92CA-99F11A55D392}.Debug|x86.Build.0 = Debug|Win32
		{E2F387FA-19CD-41D5-92CA-99F11A55D392}.Release|x64.ActiveCfg = Release|x64
		{E2F387FA-19CD-41D5-92CA-99F11A55D392}.Release|x64.Build.0 = Release|x64
		{E2F387FA-19CD-41D5-92CA-99F11A55D392}.Release|x86.ActiveCfg = Release|Win32
		{E2F387FA-19CD-41D5-92CA-99F11A55D392}.Release|x86.Build.0 = Release|Win32
		{F6D37F59-DE76-435E-87CB-230391AD64C7}.Debug|x64.ActiveCfg = Debug|x64
		{F6D37F59-DE76-435E-87CB-230391AD64C7}.Debug|x64.Build.0 = Debug|x64
		{F6D37F59-DE76-435E-87CB-230391AD64C7}.Debug|x86.ActiveCfg = Debug|Win32
		{F6D37F59-DE76-435E-87CB-230391AD64C7}.Debug|x86.Build.0 = Debug|Win32
		{F6D37F59-DE76-435E-87CB-230391AD64C7}.Release|x64.ActiveCfg = Release|x64
		{F6D37F59-DE76-435E-87CB-230391AD64C7}.Release|x64.Build.0 = Release|x64
		{F6D37F59-DE76-435E-87CB-230391AD64C7}.Release|x86.ActiveCfg = Release|Win32
		{F6D37F59-DE76-435E-87CB-230391AD64C7}.Release|x86.Build.0 = Release|Win32
		{FA83CA98-1F40-429A-B96B-CD81F2FA9F80}.Debug|x64.ActiveCfg = Debug|x64
		{FA83CA98-1F40-429A-B96B-CD81F2FA9F80}.Debug|x64.Build.0 = Debug|x64
		{FA83CA98-1F40-429A-B96B-CD81F2FA9F80}.Debug|x86.ActiveCfg = Debug|Win32
		{FA83CA98-1F40-429A-B96B-CD81F2FA9F80}.Debug|x86.Build.0 = Debug|Win32
		{FA83CA98-1F40-429A-B96B-CD81F2FA9F80}.Release|x64.ActiveCfg = Release|x64
		{FA83CA98-1F40-429A-B96B-CD81F2FA9F80}.Release|x64.Build.0 = Release|x64
		{FA83CA98-1F40-429A-B96B-CD81F2FA9F80}.Release|x86.ActiveCfg = Release|Win32
		{FA83CA98-1F40-429A-B96B-CD81F2FA9F80}.Release|x86.Build.0 = Release|Win32
		{8A7AB9D7-3C52-4C91-863A-1B8D43633EFA}.Debug|x64.ActiveCfg = Debug|x64
		{8A7AB9D7-3C52-4C91-863A-1B8D43633EFA}.Debug|x64.Build.0 = Debug|x64
		{8A7AB9D7-3C52-4C91-863A-1B8D43633EFA}.Debug|x86.ActiveCfg = Debug|Win32
		{8A7AB9D7-3C52-4C91-863A-1B8D43633EFA}.Debug|x86.Build.0 = Debug|Win32
		{8A7AB9D7-3C52-4C91-863A-1B8D43633EFA}.Release|x64.ActiveCfg = Release|x64
		{8A7AB9D7-3C52-4C91-863A-1B8D43633EFA}.Release|x64.Build.0 = Release|x64
		{8A7AB9D7-3C52-4C91-863A-1B8D43633EFA}.Release|x86.ActiveCfg = Release|Win32
		{8A7AB9D7-3C52-4C91-863A-1B8D43633EFA}.Release|x86.Build.0 = Release|Win32
		{D18C71AC-953C-428C-835D-7AEE8AA8DD94}.Debug|x64.ActiveCfg = Debug|x64
		{D18C71AC-953C-428C-835D-7AEE8AA8DD94}.Debug|x64.Build.0 = Debug|x64
		{D18C71AC-953C-428C-835D-7AEE8AA8DD94}.Debug|x86.ActiveCfg = Debug|Win32
		{D18C71AC-953C-428C-835D-7AEE8AA8DD94}.Debug|x86.Build.0 = Debug|Win32
		{D18C71AC-953C-428C-835D-7AEE8AA8DD94}.Release|x64.ActiveCfg = Release|x64
		{D18C71AC-953C-428C-835D-7AEE8AA8DD94}.Release|x64.Build.0 = Release|x64
		{D18C71AC-953C-428C-835D-7AEE8AA8DD94}.Release|x86.ActiveCfg = Release|Win32
		{D18C71AC-953C-428C-835D-7AEE8AA8DD94}.Release|x86.Build.0 = Release|Win32
		{EC4BAEF1-CF0D-4087-8C32-0F65F71D7E83}.Debug|x64.ActiveCfg = Debug|x64
		{EC4BAEF1-CF0D-4087-8C32-0F65F71D7E83}.Debug|x64.Build.0 = Debug|x64
		{EC4BAEF1-CF0D-4087-8C32-0F65F71D7E83}.Debug|x86.ActiveCfg = Debug|Win32
		{EC4BAEF1-CF0D-4087-8C32-0F65F71D7E83}.Debug|x86.Build.0 = Debug|Win32
		{EC4BAEF1-CF0D-4087-8C32-0F65F71D7E83}.Release|x64.ActiveCfg = Release|x64
		{EC4BAEF1-CF0D-4087-8C32-0F65F71D7E83}.Release|x64.Build.0 = Release|x64
		{EC4BAEF1-CF0D-4087-8C32-0F65F71D7E83}.Release|x86.ActiveCfg = Release|Win32
		{EC4BAEF1-CF0D-4087-8C32-0F65F71D7E83}.Release|x86.Build.0 = Release|Win32
		{C4B66745-0840-4376-B5DD-081EA5270DCE}.Debug|x64.ActiveCfg = Debug|x64
		{C4B66745-0840-4376-B5DD-081EA5270DCE}.Debug|x64.Build.0 = Debug|x64
		{C4B66745-0840-4376-B5DD-081EA5270DCE}.Debug|x86.ActiveCfg = Debug|Win32
		{C4B66745-0840-4376-B5DD-081EA5270DCE}.Debug|x86.Build.0 = Debug|Win32
		{C4B66745-0840-4376-B5DD-081EA5270DCE}.Release|x64.ActiveCfg = Release|x64
		{C4B66745-0840-4376-B5DD-081EA5270DCE}.Release|x64.Build.0 = Release|x64
		{C4B66745-0840-4376-B5DD-081EA5270DCE}.Release|x86.ActiveCfg = Release|Win32
		{C4B66745-0840-4376-B5DD-081EA5270DCE}.Release|x86.Build.0 = Release|Win32
	EndGlobalSection
	GlobalSection(SolutionProperties) = preSolution
		HideSolutionNode = FALSE
	EndGlobalSection
	GlobalSection(ExtensibilityGlobals) = postSolution
		SolutionGuid = {C348B45B-2C76-4645-86B4-7E98D614A53B}
	EndGlobalSection
EndGlobal
