
Microsoft Visual Studio Solution File, Format Version 12.00
# Visual Studio Version 17
VisualStudioVersion = 17.13.35931.197 d17.13
MinimumVisualStudioVersion = 10.0.40219.1
Project("{8BC9CEB8-8B4A-11D0-8D11-00A0C91BC942}") = "Tema4-6", "Tema4-6.vcxproj", "{72370BBC-C954-419D-AADB-269060B71596}"
EndProject
Global
	GlobalSection(SolutionConfigurationPlatforms) = preSolution
		Debug|x64 = Debug|x64
		Debug|x86 = Debug|x86
		Release|x64 = Release|x64
		Release|x86 = Release|x86
	EndGlobalSection
	GlobalSection(ProjectConfigurationPlatforms) = postSolution
		{72370BBC-C954-419D-AADB-269060B71596}.Debug|x64.ActiveCfg = Debug|x64
		{72370BBC-C954-419D-AADB-269060B71596}.Debug|x64.Build.0 = Debug|x64
		{72370BBC-C954-419D-AADB-269060B71596}.Debug|x86.ActiveCfg = Debug|Win32
		{72370BBC-C954-419D-AADB-269060B71596}.Debug|x86.Build.0 = Debug|Win32
		{72370BBC-C954-419D-AADB-269060B71596}.Release|x64.ActiveCfg = Release|x64
		{72370BBC-C954-419D-AADB-269060B71596}.Release|x64.Build.0 = Release|x64
		{72370BBC-C954-419D-AADB-269060B71596}.Release|x86.ActiveCfg = Release|Win32
		{72370BBC-C954-419D-AADB-269060B71596}.Release|x86.Build.0 = Release|Win32
	EndGlobalSection
	GlobalSection(SolutionProperties) = preSolution
		HideSolutionNode = FALSE
	EndGlobalSection
	GlobalSection(ExtensibilityGlobals) = postSolution
		SolutionGuid = {5CE8E3AB-E406-4529-B1E8-D634E84D9754}
	EndGlobalSection
EndGlobal
