
Microsoft Visual Studio Solution File, Format Version 12.00
# Visual Studio Version 17
VisualStudioVersion = 17.13.35806.99 d17.13
MinimumVisualStudioVersion = 10.0.40219.1
Project("{8BC9CEB8-8B4A-11D0-8D11-00A0C91BC942}") = "Tema2-07", "Tema2-07\Tema2-07.vcxproj", "{E4CDB6CC-313C-4233-AFFA-8500B5374E3F}"
EndProject
Global
	GlobalSection(SolutionConfigurationPlatforms) = preSolution
		Debug|x64 = Debug|x64
		Debug|x86 = Debug|x86
		Release|x64 = Release|x64
		Release|x86 = Release|x86
	EndGlobalSection
	GlobalSection(ProjectConfigurationPlatforms) = postSolution
		{E4CDB6CC-313C-4233-AFFA-8500B5374E3F}.Debug|x64.ActiveCfg = Debug|x64
		{E4CDB6CC-313C-4233-AFFA-8500B5374E3F}.Debug|x64.Build.0 = Debug|x64
		{E4CDB6CC-313C-4233-AFFA-8500B5374E3F}.Debug|x86.ActiveCfg = Debug|Win32
		{E4CDB6CC-313C-4233-AFFA-8500B5374E3F}.Debug|x86.Build.0 = Debug|Win32
		{E4CDB6CC-313C-4233-AFFA-8500B5374E3F}.Release|x64.ActiveCfg = Release|x64
		{E4CDB6CC-313C-4233-AFFA-8500B5374E3F}.Release|x64.Build.0 = Release|x64
		{E4CDB6CC-313C-4233-AFFA-8500B5374E3F}.Release|x86.ActiveCfg = Release|Win32
		{E4CDB6CC-313C-4233-AFFA-8500B5374E3F}.Release|x86.Build.0 = Release|Win32
	EndGlobalSection
	GlobalSection(SolutionProperties) = preSolution
		HideSolutionNode = FALSE
	EndGlobalSection
	GlobalSection(ExtensibilityGlobals) = postSolution
		SolutionGuid = {31C39D99-89B3-4331-8BD8-64778C854C75}
	EndGlobalSection
EndGlobal
