
Microsoft Visual Studio Solution File, Format Version 12.00
# Visual Studio Version 17
VisualStudioVersion = 17.11.35312.102
MinimumVisualStudioVersion = 10.0.40219.1
Project("{8BC9CEB8-8B4A-11D0-8D11-00A0C91BC942}") = "7_1", "7_1.vcxproj", "{DF6C708C-DBDE-4F3E-8CE2-F5CA70E62765}"
EndProject
Project("{8BC9CEB8-8B4A-11D0-8D11-00A0C91BC942}") = "7_2", "..\7_2\7_2.vcxproj", "{0722E004-8303-4937-AF40-7B7118A2DC4D}"
EndProject
Project("{8BC9CEB8-8B4A-11D0-8D11-00A0C91BC942}") = "7_3", "..\7_3\7_3.vcxproj", "{E40110CB-7427-4EE1-9302-5025D01E5099}"
EndProject
Project("{8BC9CEB8-8B4A-11D0-8D11-00A0C91BC942}") = "7_4", "..\7_4\7_4.vcxproj", "{E2F4509C-02A7-4E8A-B12C-498CEE5B5623}"
EndProject
Project("{8BC9CEB8-8B4A-11D0-8D11-00A0C91BC942}") = "7_5", "..\7_5\7_5.vcxproj", "{D3F0A96F-E9AF-403F-8C53-F4626C14046F}"
EndProject
Global
	GlobalSection(SolutionConfigurationPlatforms) = preSolution
		Debug|x64 = Debug|x64
		Debug|x86 = Debug|x86
		Release|x64 = Release|x64
		Release|x86 = Release|x86
	EndGlobalSection
	GlobalSection(ProjectConfigurationPlatforms) = postSolution
		{DF6C708C-DBDE-4F3E-8CE2-F5CA70E62765}.Debug|x64.ActiveCfg = Debug|x64
		{DF6C708C-DBDE-4F3E-8CE2-F5CA70E62765}.Debug|x64.Build.0 = Debug|x64
		{DF6C708C-DBDE-4F3E-8CE2-F5CA70E62765}.Debug|x86.ActiveCfg = Debug|Win32
		{DF6C708C-DBDE-4F3E-8CE2-F5CA70E62765}.Debug|x86.Build.0 = Debug|Win32
		{DF6C708C-DBDE-4F3E-8CE2-F5CA70E62765}.Release|x64.ActiveCfg = Release|x64
		{DF6C708C-DBDE-4F3E-8CE2-F5CA70E62765}.Release|x64.Build.0 = Release|x64
		{DF6C708C-DBDE-4F3E-8CE2-F5CA70E62765}.Release|x86.ActiveCfg = Release|Win32
		{DF6C708C-DBDE-4F3E-8CE2-F5CA70E62765}.Release|x86.Build.0 = Release|Win32
		{0722E004-8303-4937-AF40-7B7118A2DC4D}.Debug|x64.ActiveCfg = Debug|x64
		{0722E004-8303-4937-AF40-7B7118A2DC4D}.Debug|x64.Build.0 = Debug|x64
		{0722E004-8303-4937-AF40-7B7118A2DC4D}.Debug|x86.ActiveCfg = Debug|Win32
		{0722E004-8303-4937-AF40-7B7118A2DC4D}.Debug|x86.Build.0 = Debug|Win32
		{0722E004-8303-4937-AF40-7B7118A2DC4D}.Release|x64.ActiveCfg = Release|x64
		{0722E004-8303-4937-AF40-7B7118A2DC4D}.Release|x64.Build.0 = Release|x64
		{0722E004-8303-4937-AF40-7B7118A2DC4D}.Release|x86.ActiveCfg = Release|Win32
		{0722E004-8303-4937-AF40-7B7118A2DC4D}.Release|x86.Build.0 = Release|Win32
		{E40110CB-7427-4EE1-9302-5025D01E5099}.Debug|x64.ActiveCfg = Debug|x64
		{E40110CB-7427-4EE1-9302-5025D01E5099}.Debug|x64.Build.0 = Debug|x64
		{E40110CB-7427-4EE1-9302-5025D01E5099}.Debug|x86.ActiveCfg = Debug|Win32
		{E40110CB-7427-4EE1-9302-5025D01E5099}.Debug|x86.Build.0 = Debug|Win32
		{E40110CB-7427-4EE1-9302-5025D01E5099}.Release|x64.ActiveCfg = Release|x64
		{E40110CB-7427-4EE1-9302-5025D01E5099}.Release|x64.Build.0 = Release|x64
		{E40110CB-7427-4EE1-9302-5025D01E5099}.Release|x86.ActiveCfg = Release|Win32
		{E40110CB-7427-4EE1-9302-5025D01E5099}.Release|x86.Build.0 = Release|Win32
		{E2F4509C-02A7-4E8A-B12C-498CEE5B5623}.Debug|x64.ActiveCfg = Debug|x64
		{E2F4509C-02A7-4E8A-B12C-498CEE5B5623}.Debug|x64.Build.0 = Debug|x64
		{E2F4509C-02A7-4E8A-B12C-498CEE5B5623}.Debug|x86.ActiveCfg = Debug|Win32
		{E2F4509C-02A7-4E8A-B12C-498CEE5B5623}.Debug|x86.Build.0 = Debug|Win32
		{E2F4509C-02A7-4E8A-B12C-498CEE5B5623}.Release|x64.ActiveCfg = Release|x64
		{E2F4509C-02A7-4E8A-B12C-498CEE5B5623}.Release|x64.Build.0 = Release|x64
		{E2F4509C-02A7-4E8A-B12C-498CEE5B5623}.Release|x86.ActiveCfg = Release|Win32
		{E2F4509C-02A7-4E8A-B12C-498CEE5B5623}.Release|x86.Build.0 = Release|Win32
		{D3F0A96F-E9AF-403F-8C53-F4626C14046F}.Debug|x64.ActiveCfg = Debug|x64
		{D3F0A96F-E9AF-403F-8C53-F4626C14046F}.Debug|x64.Build.0 = Debug|x64
		{D3F0A96F-E9AF-403F-8C53-F4626C14046F}.Debug|x86.ActiveCfg = Debug|Win32
		{D3F0A96F-E9AF-403F-8C53-F4626C14046F}.Debug|x86.Build.0 = Debug|Win32
		{D3F0A96F-E9AF-403F-8C53-F4626C14046F}.Release|x64.ActiveCfg = Release|x64
		{D3F0A96F-E9AF-403F-8C53-F4626C14046F}.Release|x64.Build.0 = Release|x64
		{D3F0A96F-E9AF-403F-8C53-F4626C14046F}.Release|x86.ActiveCfg = Release|Win32
		{D3F0A96F-E9AF-403F-8C53-F4626C14046F}.Release|x86.Build.0 = Release|Win32
	EndGlobalSection
	GlobalSection(SolutionProperties) = preSolution
		HideSolutionNode = FALSE
	EndGlobalSection
	GlobalSection(ExtensibilityGlobals) = postSolution
		SolutionGuid = {F2E44143-7165-4EB0-B144-43EC61C0AC3B}
	EndGlobalSection
EndGlobal
