
Microsoft Visual Studio Solution File, Format Version 12.00
# Visual Studio Version 17
VisualStudioVersion = 17.11.35303.130
MinimumVisualStudioVersion = 10.0.40219.1
Project("{8BC9CEB8-8B4A-11D0-8D11-00A0C91BC942}") = "Enero22_1", "Enero22_1\Enero22_1.vcxproj", "{882E5870-C8FB-407F-B9A2-4F5017F18E3A}"
EndProject
Project("{8BC9CEB8-8B4A-11D0-8D11-00A0C91BC942}") = "Enero22_2", "Enero22_2\Enero22_2.vcxproj", "{B3FEC26D-AD28-49C5-8E46-319309307384}"
EndProject
Project("{8BC9CEB8-8B4A-11D0-8D11-00A0C91BC942}") = "Enero24_2", "Enero24_2\Enero24_2.vcxproj", "{75A44ACC-A056-47CC-BD62-3BBDC0F993C8}"
EndProject
Project("{8BC9CEB8-8B4A-11D0-8D11-00A0C91BC942}") = "Febrero21_1", "Febrero21_1\Febrero21_1.vcxproj", "{DC077544-9AA9-4467-A9AD-435B02FD4B0E}"
EndProject
Project("{8BC9CEB8-8B4A-11D0-8D11-00A0C91BC942}") = "Enero23_2", "Enero23_2\Enero23_2.vcxproj", "{8F8EC7D1-5DA3-44DF-BB18-BC8CE557D790}"
EndProject
Project("{8BC9CEB8-8B4A-11D0-8D11-00A0C91BC942}") = "Febrero21_2", "Febrero21_2\Febrero21_2.vcxproj", "{12817682-E417-4383-974B-ABF5F53A0267}"
EndProject
Project("{8BC9CEB8-8B4A-11D0-8D11-00A0C91BC942}") = "Junio22_3", "Junio22_3\Junio22_3.vcxproj", "{CB832106-F760-4235-9B22-9070D0177381}"
EndProject
Project("{8BC9CEB8-8B4A-11D0-8D11-00A0C91BC942}") = "Junio24_1", "Junio24_1\Junio24_1.vcxproj", "{A4A27B0E-AEB4-4140-857C-8DADD72EEFAC}"
EndProject
Project("{8BC9CEB8-8B4A-11D0-8D11-00A0C91BC942}") = "Febrero21_3", "Febrero21_3\Febrero21_3.vcxproj", "{DD0D9944-C383-4DA7-8D38-6D1E9B70B840}"
EndProject
Project("{8BC9CEB8-8B4A-11D0-8D11-00A0C91BC942}") = "7_01", "7_01\7_01.vcxproj", "{AED8B50C-BB2B-4200-8B63-284FC3F61540}"
EndProject
Global
	GlobalSection(SolutionConfigurationPlatforms) = preSolution
		Debug|x64 = Debug|x64
		Debug|x86 = Debug|x86
		Release|x64 = Release|x64
		Release|x86 = Release|x86
	EndGlobalSection
	GlobalSection(ProjectConfigurationPlatforms) = postSolution
		{882E5870-C8FB-407F-B9A2-4F5017F18E3A}.Debug|x64.ActiveCfg = Debug|x64
		{882E5870-C8FB-407F-B9A2-4F5017F18E3A}.Debug|x64.Build.0 = Debug|x64
		{882E5870-C8FB-407F-B9A2-4F5017F18E3A}.Debug|x86.ActiveCfg = Debug|Win32
		{882E5870-C8FB-407F-B9A2-4F5017F18E3A}.Debug|x86.Build.0 = Debug|Win32
		{882E5870-C8FB-407F-B9A2-4F5017F18E3A}.Release|x64.ActiveCfg = Release|x64
		{882E5870-C8FB-407F-B9A2-4F5017F18E3A}.Release|x64.Build.0 = Release|x64
		{882E5870-C8FB-407F-B9A2-4F5017F18E3A}.Release|x86.ActiveCfg = Release|Win32
		{882E5870-C8FB-407F-B9A2-4F5017F18E3A}.Release|x86.Build.0 = Release|Win32
		{B3FEC26D-AD28-49C5-8E46-319309307384}.Debug|x64.ActiveCfg = Debug|x64
		{B3FEC26D-AD28-49C5-8E46-319309307384}.Debug|x64.Build.0 = Debug|x64
		{B3FEC26D-AD28-49C5-8E46-319309307384}.Debug|x86.ActiveCfg = Debug|Win32
		{B3FEC26D-AD28-49C5-8E46-319309307384}.Debug|x86.Build.0 = Debug|Win32
		{B3FEC26D-AD28-49C5-8E46-319309307384}.Release|x64.ActiveCfg = Release|x64
		{B3FEC26D-AD28-49C5-8E46-319309307384}.Release|x64.Build.0 = Release|x64
		{B3FEC26D-AD28-49C5-8E46-319309307384}.Release|x86.ActiveCfg = Release|Win32
		{B3FEC26D-AD28-49C5-8E46-319309307384}.Release|x86.Build.0 = Release|Win32
		{75A44ACC-A056-47CC-BD62-3BBDC0F993C8}.Debug|x64.ActiveCfg = Debug|x64
		{75A44ACC-A056-47CC-BD62-3BBDC0F993C8}.Debug|x64.Build.0 = Debug|x64
		{75A44ACC-A056-47CC-BD62-3BBDC0F993C8}.Debug|x86.ActiveCfg = Debug|Win32
		{75A44ACC-A056-47CC-BD62-3BBDC0F993C8}.Debug|x86.Build.0 = Debug|Win32
		{75A44ACC-A056-47CC-BD62-3BBDC0F993C8}.Release|x64.ActiveCfg = Release|x64
		{75A44ACC-A056-47CC-BD62-3BBDC0F993C8}.Release|x64.Build.0 = Release|x64
		{75A44ACC-A056-47CC-BD62-3BBDC0F993C8}.Release|x86.ActiveCfg = Release|Win32
		{75A44ACC-A056-47CC-BD62-3BBDC0F993C8}.Release|x86.Build.0 = Release|Win32
		{DC077544-9AA9-4467-A9AD-435B02FD4B0E}.Debug|x64.ActiveCfg = Debug|x64
		{DC077544-9AA9-4467-A9AD-435B02FD4B0E}.Debug|x64.Build.0 = Debug|x64
		{DC077544-9AA9-4467-A9AD-435B02FD4B0E}.Debug|x86.ActiveCfg = Debug|Win32
		{DC077544-9AA9-4467-A9AD-435B02FD4B0E}.Debug|x86.Build.0 = Debug|Win32
		{DC077544-9AA9-4467-A9AD-435B02FD4B0E}.Release|x64.ActiveCfg = Release|x64
		{DC077544-9AA9-4467-A9AD-435B02FD4B0E}.Release|x64.Build.0 = Release|x64
		{DC077544-9AA9-4467-A9AD-435B02FD4B0E}.Release|x86.ActiveCfg = Release|Win32
		{DC077544-9AA9-4467-A9AD-435B02FD4B0E}.Release|x86.Build.0 = Release|Win32
		{8F8EC7D1-5DA3-44DF-BB18-BC8CE557D790}.Debug|x64.ActiveCfg = Debug|x64
		{8F8EC7D1-5DA3-44DF-BB18-BC8CE557D790}.Debug|x64.Build.0 = Debug|x64
		{8F8EC7D1-5DA3-44DF-BB18-BC8CE557D790}.Debug|x86.ActiveCfg = Debug|Win32
		{8F8EC7D1-5DA3-44DF-BB18-BC8CE557D790}.Debug|x86.Build.0 = Debug|Win32
		{8F8EC7D1-5DA3-44DF-BB18-BC8CE557D790}.Release|x64.ActiveCfg = Release|x64
		{8F8EC7D1-5DA3-44DF-BB18-BC8CE557D790}.Release|x64.Build.0 = Release|x64
		{8F8EC7D1-5DA3-44DF-BB18-BC8CE557D790}.Release|x86.ActiveCfg = Release|Win32
		{8F8EC7D1-5DA3-44DF-BB18-BC8CE557D790}.Release|x86.Build.0 = Release|Win32
		{12817682-E417-4383-974B-ABF5F53A0267}.Debug|x64.ActiveCfg = Debug|x64
		{12817682-E417-4383-974B-ABF5F53A0267}.Debug|x64.Build.0 = Debug|x64
		{12817682-E417-4383-974B-ABF5F53A0267}.Debug|x86.ActiveCfg = Debug|Win32
		{12817682-E417-4383-974B-ABF5F53A0267}.Debug|x86.Build.0 = Debug|Win32
		{12817682-E417-4383-974B-ABF5F53A0267}.Release|x64.ActiveCfg = Release|x64
		{12817682-E417-4383-974B-ABF5F53A0267}.Release|x64.Build.0 = Release|x64
		{12817682-E417-4383-974B-ABF5F53A0267}.Release|x86.ActiveCfg = Release|Win32
		{12817682-E417-4383-974B-ABF5F53A0267}.Release|x86.Build.0 = Release|Win32
		{CB832106-F760-4235-9B22-9070D0177381}.Debug|x64.ActiveCfg = Debug|x64
		{CB832106-F760-4235-9B22-9070D0177381}.Debug|x64.Build.0 = Debug|x64
		{CB832106-F760-4235-9B22-9070D0177381}.Debug|x86.ActiveCfg = Debug|Win32
		{CB832106-F760-4235-9B22-9070D0177381}.Debug|x86.Build.0 = Debug|Win32
		{CB832106-F760-4235-9B22-9070D0177381}.Release|x64.ActiveCfg = Release|x64
		{CB832106-F760-4235-9B22-9070D0177381}.Release|x64.Build.0 = Release|x64
		{CB832106-F760-4235-9B22-9070D0177381}.Release|x86.ActiveCfg = Release|Win32
		{CB832106-F760-4235-9B22-9070D0177381}.Release|x86.Build.0 = Release|Win32
		{A4A27B0E-AEB4-4140-857C-8DADD72EEFAC}.Debug|x64.ActiveCfg = Debug|x64
		{A4A27B0E-AEB4-4140-857C-8DADD72EEFAC}.Debug|x64.Build.0 = Debug|x64
		{A4A27B0E-AEB4-4140-857C-8DADD72EEFAC}.Debug|x86.ActiveCfg = Debug|Win32
		{A4A27B0E-AEB4-4140-857C-8DADD72EEFAC}.Debug|x86.Build.0 = Debug|Win32
		{A4A27B0E-AEB4-4140-857C-8DADD72EEFAC}.Release|x64.ActiveCfg = Release|x64
		{A4A27B0E-AEB4-4140-857C-8DADD72EEFAC}.Release|x64.Build.0 = Release|x64
		{A4A27B0E-AEB4-4140-857C-8DADD72EEFAC}.Release|x86.ActiveCfg = Release|Win32
		{A4A27B0E-AEB4-4140-857C-8DADD72EEFAC}.Release|x86.Build.0 = Release|Win32
		{DD0D9944-C383-4DA7-8D38-6D1E9B70B840}.Debug|x64.ActiveCfg = Debug|x64
		{DD0D9944-C383-4DA7-8D38-6D1E9B70B840}.Debug|x64.Build.0 = Debug|x64
		{DD0D9944-C383-4DA7-8D38-6D1E9B70B840}.Debug|x86.ActiveCfg = Debug|Win32
		{DD0D9944-C383-4DA7-8D38-6D1E9B70B840}.Debug|x86.Build.0 = Debug|Win32
		{DD0D9944-C383-4DA7-8D38-6D1E9B70B840}.Release|x64.ActiveCfg = Release|x64
		{DD0D9944-C383-4DA7-8D38-6D1E9B70B840}.Release|x64.Build.0 = Release|x64
		{DD0D9944-C383-4DA7-8D38-6D1E9B70B840}.Release|x86.ActiveCfg = Release|Win32
		{DD0D9944-C383-4DA7-8D38-6D1E9B70B840}.Release|x86.Build.0 = Release|Win32
		{AED8B50C-BB2B-4200-8B63-284FC3F61540}.Debug|x64.ActiveCfg = Debug|x64
		{AED8B50C-BB2B-4200-8B63-284FC3F61540}.Debug|x64.Build.0 = Debug|x64
		{AED8B50C-BB2B-4200-8B63-284FC3F61540}.Debug|x86.ActiveCfg = Debug|Win32
		{AED8B50C-BB2B-4200-8B63-284FC3F61540}.Debug|x86.Build.0 = Debug|Win32
		{AED8B50C-BB2B-4200-8B63-284FC3F61540}.Release|x64.ActiveCfg = Release|x64
		{AED8B50C-BB2B-4200-8B63-284FC3F61540}.Release|x64.Build.0 = Release|x64
		{AED8B50C-BB2B-4200-8B63-284FC3F61540}.Release|x86.ActiveCfg = Release|Win32
		{AED8B50C-BB2B-4200-8B63-284FC3F61540}.Release|x86.Build.0 = Release|Win32
	EndGlobalSection
	GlobalSection(SolutionProperties) = preSolution
		HideSolutionNode = FALSE
	EndGlobalSection
	GlobalSection(ExtensibilityGlobals) = postSolution
		SolutionGuid = {FE0E2270-24EF-46B9-8797-C3D55BFC0090}
	EndGlobalSection
EndGlobal
