
Microsoft Visual Studio Solution File, Format Version 12.00
# Visual Studio Version 17
VisualStudioVersion = 17.7.34031.279
MinimumVisualStudioVersion = 10.0.40219.1
Project("{8BC9CEB8-8B4A-11D0-8D11-00A0C91BC942}") = "Tema2-1", "Tema2-1.vcxproj", "{8AD1BCF8-C44A-4DE5-BBD8-B61B362DAB02}"
EndProject
Global
	GlobalSection(SolutionConfigurationPlatforms) = preSolution
		Debug|x64 = Debug|x64
		Debug|x86 = Debug|x86
		Release|x64 = Release|x64
		Release|x86 = Release|x86
	EndGlobalSection
	GlobalSection(ProjectConfigurationPlatforms) = postSolution
		{8AD1BCF8-C44A-4DE5-BBD8-B61B362DAB02}.Debug|x64.ActiveCfg = Debug|x64
		{8AD1BCF8-C44A-4DE5-BBD8-B61B362DAB02}.Debug|x64.Build.0 = Debug|x64
		{8AD1BCF8-C44A-4DE5-BBD8-B61B362DAB02}.Debug|x86.ActiveCfg = Debug|Win32
		{8AD1BCF8-C44A-4DE5-BBD8-B61B362DAB02}.Debug|x86.Build.0 = Debug|Win32
		{8AD1BCF8-C44A-4DE5-BBD8-B61B362DAB02}.Release|x64.ActiveCfg = Release|x64
		{8AD1BCF8-C44A-4DE5-BBD8-B61B362DAB02}.Release|x64.Build.0 = Release|x64
		{8AD1BCF8-C44A-4DE5-BBD8-B61B362DAB02}.Release|x86.ActiveCfg = Release|Win32
		{8AD1BCF8-C44A-4DE5-BBD8-B61B362DAB02}.Release|x86.Build.0 = Release|Win32
	EndGlobalSection
	GlobalSection(SolutionProperties) = preSolution
		HideSolutionNode = FALSE
	EndGlobalSection
	GlobalSection(ExtensibilityGlobals) = postSolution
		SolutionGuid = {7BC376E7-D476-44A9-A2EC-E8BD76759DD0}
	EndGlobalSection
EndGlobal
