
Microsoft Visual Studio Solution File, Format Version 12.00
# Visual Studio Version 17
VisualStudioVersion = 17.13.35931.197 d17.13
MinimumVisualStudioVersion = 10.0.40219.1
Project("{8BC9CEB8-8B4A-11D0-8D11-00A0C91BC942}") = "Tema5-6", "Tema5-6.vcxproj", "{5EF228EF-1B34-496F-B445-2B83253DC20D}"
EndProject
Global
	GlobalSection(SolutionConfigurationPlatforms) = preSolution
		Debug|x64 = Debug|x64
		Debug|x86 = Debug|x86
		Release|x64 = Release|x64
		Release|x86 = Release|x86
	EndGlobalSection
	GlobalSection(ProjectConfigurationPlatforms) = postSolution
		{5EF228EF-1B34-496F-B445-2B83253DC20D}.Debug|x64.ActiveCfg = Debug|x64
		{5EF228EF-1B34-496F-B445-2B83253DC20D}.Debug|x64.Build.0 = Debug|x64
		{5EF228EF-1B34-496F-B445-2B83253DC20D}.Debug|x86.ActiveCfg = Debug|Win32
		{5EF228EF-1B34-496F-B445-2B83253DC20D}.Debug|x86.Build.0 = Debug|Win32
		{5EF228EF-1B34-496F-B445-2B83253DC20D}.Release|x64.ActiveCfg = Release|x64
		{5EF228EF-1B34-496F-B445-2B83253DC20D}.Release|x64.Build.0 = Release|x64
		{5EF228EF-1B34-496F-B445-2B83253DC20D}.Release|x86.ActiveCfg = Release|Win32
		{5EF228EF-1B34-496F-B445-2B83253DC20D}.Release|x86.Build.0 = Release|Win32
	EndGlobalSection
	GlobalSection(SolutionProperties) = preSolution
		HideSolutionNode = FALSE
	EndGlobalSection
	GlobalSection(ExtensibilityGlobals) = postSolution
		SolutionGuid = {EC373968-C15C-479E-8DF1-179AF2C6B665}
	EndGlobalSection
EndGlobal
