
Microsoft Visual Studio Solution File, Format Version 12.00
# Visual Studio Version 17
VisualStudioVersion = 17.9.34607.119
MinimumVisualStudioVersion = 10.0.40219.1
Project("{8BC9CEB8-8B4A-11D0-8D11-00A0C91BC942}") = "1-4", "1-4.vcxproj", "{DE8F5EB5-6F7B-4A05-857C-8F1D33A5A7ED}"
EndProject
Global
	GlobalSection(SolutionConfigurationPlatforms) = preSolution
		Debug|x64 = Debug|x64
		Debug|x86 = Debug|x86
		Release|x64 = Release|x64
		Release|x86 = Release|x86
	EndGlobalSection
	GlobalSection(ProjectConfigurationPlatforms) = postSolution
		{DE8F5EB5-6F7B-4A05-857C-8F1D33A5A7ED}.Debug|x64.ActiveCfg = Debug|x64
		{DE8F5EB5-6F7B-4A05-857C-8F1D33A5A7ED}.Debug|x64.Build.0 = Debug|x64
		{DE8F5EB5-6F7B-4A05-857C-8F1D33A5A7ED}.Debug|x86.ActiveCfg = Debug|Win32
		{DE8F5EB5-6F7B-4A05-857C-8F1D33A5A7ED}.Debug|x86.Build.0 = Debug|Win32
		{DE8F5EB5-6F7B-4A05-857C-8F1D33A5A7ED}.Release|x64.ActiveCfg = Release|x64
		{DE8F5EB5-6F7B-4A05-857C-8F1D33A5A7ED}.Release|x64.Build.0 = Release|x64
		{DE8F5EB5-6F7B-4A05-857C-8F1D33A5A7ED}.Release|x86.ActiveCfg = Release|Win32
		{DE8F5EB5-6F7B-4A05-857C-8F1D33A5A7ED}.Release|x86.Build.0 = Release|Win32
	EndGlobalSection
	GlobalSection(SolutionProperties) = preSolution
		HideSolutionNode = FALSE
	EndGlobalSection
	GlobalSection(ExtensibilityGlobals) = postSolution
		SolutionGuid = {9EB8388D-CA71-41AA-8EB6-8C66CB502888}
	EndGlobalSection
EndGlobal
