
Microsoft Visual Studio Solution File, Format Version 12.00
# Visual Studio Version 17
VisualStudioVersion = 17.7.34031.279
MinimumVisualStudioVersion = 10.0.40219.1
Project("{8BC9CEB8-8B4A-11D0-8D11-00A0C91BC942}") = "Tema0-5", "Tema0-5.vcxproj", "{827D711A-E560-4B70-8DF5-32CEBCAC6F0A}"
EndProject
Global
	GlobalSection(SolutionConfigurationPlatforms) = preSolution
		Debug|x64 = Debug|x64
		Debug|x86 = Debug|x86
		Release|x64 = Release|x64
		Release|x86 = Release|x86
	EndGlobalSection
	GlobalSection(ProjectConfigurationPlatforms) = postSolution
		{827D711A-E560-4B70-8DF5-32CEBCAC6F0A}.Debug|x64.ActiveCfg = Debug|x64
		{827D711A-E560-4B70-8DF5-32CEBCAC6F0A}.Debug|x64.Build.0 = Debug|x64
		{827D711A-E560-4B70-8DF5-32CEBCAC6F0A}.Debug|x86.ActiveCfg = Debug|Win32
		{827D711A-E560-4B70-8DF5-32CEBCAC6F0A}.Debug|x86.Build.0 = Debug|Win32
		{827D711A-E560-4B70-8DF5-32CEBCAC6F0A}.Release|x64.ActiveCfg = Release|x64
		{827D711A-E560-4B70-8DF5-32CEBCAC6F0A}.Release|x64.Build.0 = Release|x64
		{827D711A-E560-4B70-8DF5-32CEBCAC6F0A}.Release|x86.ActiveCfg = Release|Win32
		{827D711A-E560-4B70-8DF5-32CEBCAC6F0A}.Release|x86.Build.0 = Release|Win32
	EndGlobalSection
	GlobalSection(SolutionProperties) = preSolution
		HideSolutionNode = FALSE
	EndGlobalSection
	GlobalSection(ExtensibilityGlobals) = postSolution
		SolutionGuid = {EAF0B104-604D-4F7E-BC9F-4908D5BD9770}
	EndGlobalSection
EndGlobal
