
Microsoft Visual Studio Solution File, Format Version 12.00
# Visual Studio Version 17
VisualStudioVersion = 17.8.34511.84
MinimumVisualStudioVersion = 10.0.40219.1
Project("{8BC9CEB8-8B4A-11D0-8D11-00A0C91BC942}") = "EDA", "EDA.vcxproj", "{43BCF220-6633-4034-8F8E-D9B209580DCB}"
EndProject
Global
	GlobalSection(SolutionConfigurationPlatforms) = preSolution
		Debug|x64 = Debug|x64
		Debug|x86 = Debug|x86
		Release|x64 = Release|x64
		Release|x86 = Release|x86
	EndGlobalSection
	GlobalSection(ProjectConfigurationPlatforms) = postSolution
		{43BCF220-6633-4034-8F8E-D9B209580DCB}.Debug|x64.ActiveCfg = Debug|x64
		{43BCF220-6633-4034-8F8E-D9B209580DCB}.Debug|x64.Build.0 = Debug|x64
		{43BCF220-6633-4034-8F8E-D9B209580DCB}.Debug|x86.ActiveCfg = Debug|Win32
		{43BCF220-6633-4034-8F8E-D9B209580DCB}.Debug|x86.Build.0 = Debug|Win32
		{43BCF220-6633-4034-8F8E-D9B209580DCB}.Release|x64.ActiveCfg = Release|x64
		{43BCF220-6633-4034-8F8E-D9B209580DCB}.Release|x64.Build.0 = Release|x64
		{43BCF220-6633-4034-8F8E-D9B209580DCB}.Release|x86.ActiveCfg = Release|Win32
		{43BCF220-6633-4034-8F8E-D9B209580DCB}.Release|x86.Build.0 = Release|Win32
	EndGlobalSection
	GlobalSection(SolutionProperties) = preSolution
		HideSolutionNode = FALSE
	EndGlobalSection
	GlobalSection(ExtensibilityGlobals) = postSolution
		SolutionGuid = {D1EAEC97-260D-4B3A-9E0A-9C3FE53BA20B}
	EndGlobalSection
EndGlobal
