
Microsoft Visual Studio Solution File, Format Version 12.00
# Visual Studio Version 17
VisualStudioVersion = 17.7.34031.279
MinimumVisualStudioVersion = 10.0.40219.1
Project("{8BC9CEB8-8B4A-11D0-8D11-00A0C91BC942}") = "Tema0-4", "Tema0-4.vcxproj", "{900FA056-ED0A-4E1A-B1DF-009ABB49663F}"
EndProject
Global
	GlobalSection(SolutionConfigurationPlatforms) = preSolution
		Debug|x64 = Debug|x64
		Debug|x86 = Debug|x86
		Release|x64 = Release|x64
		Release|x86 = Release|x86
	EndGlobalSection
	GlobalSection(ProjectConfigurationPlatforms) = postSolution
		{900FA056-ED0A-4E1A-B1DF-009ABB49663F}.Debug|x64.ActiveCfg = Debug|x64
		{900FA056-ED0A-4E1A-B1DF-009ABB49663F}.Debug|x64.Build.0 = Debug|x64
		{900FA056-ED0A-4E1A-B1DF-009ABB49663F}.Debug|x86.ActiveCfg = Debug|Win32
		{900FA056-ED0A-4E1A-B1DF-009ABB49663F}.Debug|x86.Build.0 = Debug|Win32
		{900FA056-ED0A-4E1A-B1DF-009ABB49663F}.Release|x64.ActiveCfg = Release|x64
		{900FA056-ED0A-4E1A-B1DF-009ABB49663F}.Release|x64.Build.0 = Release|x64
		{900FA056-ED0A-4E1A-B1DF-009ABB49663F}.Release|x86.ActiveCfg = Release|Win32
		{900FA056-ED0A-4E1A-B1DF-009ABB49663F}.Release|x86.Build.0 = Release|Win32
	EndGlobalSection
	GlobalSection(SolutionProperties) = preSolution
		HideSolutionNode = FALSE
	EndGlobalSection
	GlobalSection(ExtensibilityGlobals) = postSolution
		SolutionGuid = {83A93228-A9A1-4110-A3FD-D4BD9DA89B11}
	EndGlobalSection
EndGlobal
