
Microsoft Visual Studio Solution File, Format Version 12.00
# Visual Studio Version 17
VisualStudioVersion = 17.9.34607.119
MinimumVisualStudioVersion = 10.0.40219.1
Project("{8BC9CEB8-8B4A-11D0-8D11-00A0C91BC942}") = "ExEne24 Ej2", "..\ExEne24 Ej2\ExEne24 Ej2.vcxproj", "{31EE508D-12C1-4DAB-AD94-70B80E4C3EA3}"
EndProject
Project("{2150E333-8FDC-42A3-9474-1A3956D46DE8}") = "ExamenEnero24", "ExamenEnero24", "{D4DDC237-0376-4871-8014-2FD6C118E926}"
EndProject
Project("{8BC9CEB8-8B4A-11D0-8D11-00A0C91BC942}") = "ExEne24 Ej1", "..\ExEne24 Ej1\ExEne24 Ej1.vcxproj", "{DEB8EBC2-035B-4C53-80E0-7A39622CB83C}"
EndProject
Project("{2150E333-8FDC-42A3-9474-1A3956D46DE8}") = "00 Plantillas", "00 Plantillas", "{699844C4-1A83-4003-A50F-32153E3F940A}"
	ProjectSection(SolutionItems) = preProject
		..\..\..\plantillas\tema 2\PlantillaBienSituado.cpp = ..\..\..\plantillas\tema 2\PlantillaBienSituado.cpp
		..\..\..\plantillas\tema 2\PlantillaCaucasicos.cpp = ..\..\..\plantillas\tema 2\PlantillaCaucasicos.cpp
		..\..\..\plantillas\tema 2\PlantillaCurvaConcava.cpp = ..\..\..\plantillas\tema 2\PlantillaCurvaConcava.cpp
		..\..\..\plantillas\tema 2\PlantillaElemPerdido.cpp = ..\..\..\plantillas\tema 2\PlantillaElemPerdido.cpp
		..\..\..\plantillas\generales\PlantillaJuezCasosIlimitados.cpp = ..\..\..\plantillas\generales\PlantillaJuezCasosIlimitados.cpp
		..\..\..\plantillas\generales\PlantillaJuezCentinela.cpp = ..\..\..\plantillas\generales\PlantillaJuezCentinela.cpp
		..\..\..\plantillas\generales\PlantillaJuezNumeroCasos.cpp = ..\..\..\plantillas\generales\PlantillaJuezNumeroCasos.cpp
		..\..\..\plantillas\tema 2\PlantillaParcialmenteOrdenado.cpp = ..\..\..\plantillas\tema 2\PlantillaParcialmenteOrdenado.cpp
		..\..\..\plantillas\tema 2\PlantillaSoloUnImpar.cpp = ..\..\..\plantillas\tema 2\PlantillaSoloUnImpar.cpp
		..\..\..\plantillas\tema 2\T2PlantillaFugaPrision.cpp = ..\..\..\plantillas\tema 2\T2PlantillaFugaPrision.cpp
	EndProjectSection
EndProject
Project("{2150E333-8FDC-42A3-9474-1A3956D46DE8}") = "01 TADs", "01 TADs", "{B337860A-DA68-45FA-A28E-8D0CA4F7123A}"
	ProjectSection(SolutionItems) = preProject
		..\..\..\TADs\bintree_eda.h = ..\..\..\TADs\bintree_eda.h
		..\..\..\TADs\deque_eda.h = ..\..\..\TADs\deque_eda.h
		..\..\..\TADs\LinkedListStack.h = ..\..\..\TADs\LinkedListStack.h
		..\..\..\TADs\list_eda.h = ..\..\..\TADs\list_eda.h
		..\..\..\TADs\queue_eda.h = ..\..\..\TADs\queue_eda.h
		..\..\..\TADs\set_eda.h = ..\..\..\TADs\set_eda.h
		..\..\..\TADs\stack_eda.h = ..\..\..\TADs\stack_eda.h
		..\..\..\TADs\vector_eda.h = ..\..\..\TADs\vector_eda.h
	EndProjectSection
EndProject
Project("{8BC9CEB8-8B4A-11D0-8D11-00A0C91BC942}") = "ExEn24 Ej3", "ExEn24 Ej3\ExEn24 Ej3.vcxproj", "{C81572C9-17EE-498C-B1BC-500EEE58DBEB}"
EndProject
Project("{2150E333-8FDC-42A3-9474-1A3956D46DE8}") = "ExamenJunio24", "ExamenJunio24", "{82374374-1393-41DB-AB1B-5CF85992AB94}"
EndProject
Project("{8BC9CEB8-8B4A-11D0-8D11-00A0C91BC942}") = "ExJu24-Ej1", "ExJu24-Ej1\ExJu24-Ej1.vcxproj", "{708C0184-92D7-4140-9851-3FC7E2610D35}"
EndProject
Project("{8BC9CEB8-8B4A-11D0-8D11-00A0C91BC942}") = "ExJu24-Ej3", "ExJu24-Ej3\ExJu24-Ej3.vcxproj", "{DA7759D2-822E-4161-8879-B56281801F63}"
EndProject
Project("{8BC9CEB8-8B4A-11D0-8D11-00A0C91BC942}") = "ExJu24-Ej2", "ExJu24-Ej2\ExJu24-Ej2.vcxproj", "{8BFB601B-2E85-4FFB-A90E-1C658A8F4EB1}"
EndProject
Project("{2150E333-8FDC-42A3-9474-1A3956D46DE8}") = "ExamenEnero25", "ExamenEnero25", "{0C394662-98AE-4046-A44F-3F0755BBD994}"
EndProject
Project("{8BC9CEB8-8B4A-11D0-8D11-00A0C91BC942}") = "ExEn25-Ej1", "ExEn25-Ej1\ExEn25-Ej1.vcxproj", "{B97BC0D5-5DB8-455C-A75F-3D65C6DE982D}"
EndProject
Project("{8BC9CEB8-8B4A-11D0-8D11-00A0C91BC942}") = "ExEn25-Ej2", "ExEn25-Ej2\ExEn25-Ej2.vcxproj", "{C4CC0191-D493-41B1-B3F0-0854663AB51E}"
EndProject
Project("{2150E333-8FDC-42A3-9474-1A3956D46DE8}") = "ExamenFebrero21", "ExamenFebrero21", "{7ACD6A12-880E-4984-9C0C-658C7C8821CD}"
EndProject
Project("{8BC9CEB8-8B4A-11D0-8D11-00A0C91BC942}") = "ExFe21-Ej1", "ExFe21-Ej1\ExFe21-Ej1.vcxproj", "{CEF149BC-2F6D-4F48-BB21-EF1124A39D8F}"
EndProject
Project("{8BC9CEB8-8B4A-11D0-8D11-00A0C91BC942}") = "ExEn25-Ej3", "ExEn25-Ej3\ExEn25-Ej3.vcxproj", "{F2B8161C-79D6-481D-90AD-75C7A836A6E9}"
EndProject
Project("{2150E333-8FDC-42A3-9474-1A3956D46DE8}") = "ExamenJunio22", "ExamenJunio22", "{D1226D06-7B90-44EA-ABDC-9877490D763B}"
EndProject
Project("{8BC9CEB8-8B4A-11D0-8D11-00A0C91BC942}") = "ExJu22-Ej2", "ExJu22-Ej2\ExJu22-Ej2.vcxproj", "{3D03BA7C-2C3A-4B1B-B73F-85BB05A7BEEE}"
EndProject
Project("{2150E333-8FDC-42A3-9474-1A3956D46DE8}") = "ExamenEnero22", "ExamenEnero22", "{93CCD391-21DE-4B98-97C6-F8B726568C59}"
EndProject
Project("{8BC9CEB8-8B4A-11D0-8D11-00A0C91BC942}") = "ExEn22-Ej1", "ExEn22-Ej1\ExEn22-Ej1.vcxproj", "{4EC47186-D9AF-4CA8-BE91-F10A21B1C1E9}"
EndProject
Project("{8BC9CEB8-8B4A-11D0-8D11-00A0C91BC942}") = "ExFe21-Ej2", "ExFe21-Ej2\ExFe21-Ej2.vcxproj", "{95AC2C46-6A28-452E-9170-CACB8AFE309E}"
EndProject
Project("{8BC9CEB8-8B4A-11D0-8D11-00A0C91BC942}") = "ExEn22-Ej2", "ExEn22-Ej2\ExEn22-Ej2.vcxproj", "{D91DEB46-F7F9-42E6-9757-2D8E44072A4C}"
EndProject
Project("{2150E333-8FDC-42A3-9474-1A3956D46DE8}") = "ExamenEnero23", "ExamenEnero23", "{286B38A9-6003-425C-8686-1E05579F9B39}"
EndProject
Project("{8BC9CEB8-8B4A-11D0-8D11-00A0C91BC942}") = "ExEn23-Ej2", "ExEn23-Ej2\ExEn23-Ej2.vcxproj", "{EE763927-790A-4BAF-B097-DD0FB4C687D0}"
EndProject
Project("{8BC9CEB8-8B4A-11D0-8D11-00A0C91BC942}") = "ExEn24-Ej1-otra", "ExEn24-Ej1-otra\ExEn24-Ej1-otra.vcxproj", "{C628F3B2-396E-41B9-815E-28ECE3856F80}"
EndProject
Project("{2150E333-8FDC-42A3-9474-1A3956D46DE8}") = "ExamenJunio23", "ExamenJunio23", "{F1A5DF05-9182-4757-815B-589F91F35A59}"
EndProject
Project("{8BC9CEB8-8B4A-11D0-8D11-00A0C91BC942}") = "ExJu23-Ej2", "ExJu23-Ej2\ExJu23-Ej2.vcxproj", "{21D93DE2-EC35-4BAB-B6E8-E9CCD04D2BD9}"
EndProject
Project("{8BC9CEB8-8B4A-11D0-8D11-00A0C91BC942}") = "ExJu22-Ej3", "ExJu22-Ej3\ExJu22-Ej3.vcxproj", "{8DB6B2A5-3ABA-42C4-A08F-A1FC62380E04}"
EndProject
Project("{2150E333-8FDC-42A3-9474-1A3956D46DE8}") = "ExamenJulio21", "ExamenJulio21", "{2E0FEB5B-3D5F-4D61-B1B2-239A4EF77D78}"
EndProject
Project("{8BC9CEB8-8B4A-11D0-8D11-00A0C91BC942}") = "ExJu21-Ej2", "ExJu21-Ej2\ExJu21-Ej2.vcxproj", "{1ED65D9F-914A-494D-9421-0801695846A6}"
EndProject
Project("{8BC9CEB8-8B4A-11D0-8D11-00A0C91BC942}") = "ExJu23-Ej1", "ExJu23-Ej1\ExJu23-Ej1.vcxproj", "{30457C37-3D1C-49EE-8843-F4766DCF22AC}"
EndProject
Global
	GlobalSection(SolutionConfigurationPlatforms) = preSolution
		Debug|x64 = Debug|x64
		Debug|x86 = Debug|x86
		Release|x64 = Release|x64
		Release|x86 = Release|x86
	EndGlobalSection
	GlobalSection(ProjectConfigurationPlatforms) = postSolution
		{31EE508D-12C1-4DAB-AD94-70B80E4C3EA3}.Debug|x64.ActiveCfg = Debug|x64
		{31EE508D-12C1-4DAB-AD94-70B80E4C3EA3}.Debug|x64.Build.0 = Debug|x64
		{31EE508D-12C1-4DAB-AD94-70B80E4C3EA3}.Debug|x86.ActiveCfg = Debug|Win32
		{31EE508D-12C1-4DAB-AD94-70B80E4C3EA3}.Debug|x86.Build.0 = Debug|Win32
		{31EE508D-12C1-4DAB-AD94-70B80E4C3EA3}.Release|x64.ActiveCfg = Release|x64
		{31EE508D-12C1-4DAB-AD94-70B80E4C3EA3}.Release|x64.Build.0 = Release|x64
		{31EE508D-12C1-4DAB-AD94-70B80E4C3EA3}.Release|x86.ActiveCfg = Release|Win32
		{31EE508D-12C1-4DAB-AD94-70B80E4C3EA3}.Release|x86.Build.0 = Release|Win32
		{DEB8EBC2-035B-4C53-80E0-7A39622CB83C}.Debug|x64.ActiveCfg = Debug|x64
		{DEB8EBC2-035B-4C53-80E0-7A39622CB83C}.Debug|x64.Build.0 = Debug|x64
		{DEB8EBC2-035B-4C53-80E0-7A39622CB83C}.Debug|x86.ActiveCfg = Debug|Win32
		{DEB8EBC2-035B-4C53-80E0-7A39622CB83C}.Debug|x86.Build.0 = Debug|Win32
		{DEB8EBC2-035B-4C53-80E0-7A39622CB83C}.Release|x64.ActiveCfg = Release|x64
		{DEB8EBC2-035B-4C53-80E0-7A39622CB83C}.Release|x64.Build.0 = Release|x64
		{DEB8EBC2-035B-4C53-80E0-7A39622CB83C}.Release|x86.ActiveCfg = Release|Win32
		{DEB8EBC2-035B-4C53-80E0-7A39622CB83C}.Release|x86.Build.0 = Release|Win32
		{C81572C9-17EE-498C-B1BC-500EEE58DBEB}.Debug|x64.ActiveCfg = Debug|x64
		{C81572C9-17EE-498C-B1BC-500EEE58DBEB}.Debug|x64.Build.0 = Debug|x64
		{C81572C9-17EE-498C-B1BC-500EEE58DBEB}.Debug|x86.ActiveCfg = Debug|Win32
		{C81572C9-17EE-498C-B1BC-500EEE58DBEB}.Debug|x86.Build.0 = Debug|Win32
		{C81572C9-17EE-498C-B1BC-500EEE58DBEB}.Release|x64.ActiveCfg = Release|x64
		{C81572C9-17EE-498C-B1BC-500EEE58DBEB}.Release|x64.Build.0 = Release|x64
		{C81572C9-17EE-498C-B1BC-500EEE58DBEB}.Release|x86.ActiveCfg = Release|Win32
		{C81572C9-17EE-498C-B1BC-500EEE58DBEB}.Release|x86.Build.0 = Release|Win32
		{708C0184-92D7-4140-9851-3FC7E2610D35}.Debug|x64.ActiveCfg = Debug|x64
		{708C0184-92D7-4140-9851-3FC7E2610D35}.Debug|x64.Build.0 = Debug|x64
		{708C0184-92D7-4140-9851-3FC7E2610D35}.Debug|x86.ActiveCfg = Debug|Win32
		{708C0184-92D7-4140-9851-3FC7E2610D35}.Debug|x86.Build.0 = Debug|Win32
		{708C0184-92D7-4140-9851-3FC7E2610D35}.Release|x64.ActiveCfg = Release|x64
		{708C0184-92D7-4140-9851-3FC7E2610D35}.Release|x64.Build.0 = Release|x64
		{708C0184-92D7-4140-9851-3FC7E2610D35}.Release|x86.ActiveCfg = Release|Win32
		{708C0184-92D7-4140-9851-3FC7E2610D35}.Release|x86.Build.0 = Release|Win32
		{DA7759D2-822E-4161-8879-B56281801F63}.Debug|x64.ActiveCfg = Debug|x64
		{DA7759D2-822E-4161-8879-B56281801F63}.Debug|x64.Build.0 = Debug|x64
		{DA7759D2-822E-4161-8879-B56281801F63}.Debug|x86.ActiveCfg = Debug|Win32
		{DA7759D2-822E-4161-8879-B56281801F63}.Debug|x86.Build.0 = Debug|Win32
		{DA7759D2-822E-4161-8879-B56281801F63}.Release|x64.ActiveCfg = Release|x64
		{DA7759D2-822E-4161-8879-B56281801F63}.Release|x64.Build.0 = Release|x64
		{DA7759D2-822E-4161-8879-B56281801F63}.Release|x86.ActiveCfg = Release|Win32
		{DA7759D2-822E-4161-8879-B56281801F63}.Release|x86.Build.0 = Release|Win32
		{8BFB601B-2E85-4FFB-A90E-1C658A8F4EB1}.Debug|x64.ActiveCfg = Debug|x64
		{8BFB601B-2E85-4FFB-A90E-1C658A8F4EB1}.Debug|x64.Build.0 = Debug|x64
		{8BFB601B-2E85-4FFB-A90E-1C658A8F4EB1}.Debug|x86.ActiveCfg = Debug|Win32
		{8BFB601B-2E85-4FFB-A90E-1C658A8F4EB1}.Debug|x86.Build.0 = Debug|Win32
		{8BFB601B-2E85-4FFB-A90E-1C658A8F4EB1}.Release|x64.ActiveCfg = Release|x64
		{8BFB601B-2E85-4FFB-A90E-1C658A8F4EB1}.Release|x64.Build.0 = Release|x64
		{8BFB601B-2E85-4FFB-A90E-1C658A8F4EB1}.Release|x86.ActiveCfg = Release|Win32
		{8BFB601B-2E85-4FFB-A90E-1C658A8F4EB1}.Release|x86.Build.0 = Release|Win32
		{B97BC0D5-5DB8-455C-A75F-3D65C6DE982D}.Debug|x64.ActiveCfg = Debug|x64
		{B97BC0D5-5DB8-455C-A75F-3D65C6DE982D}.Debug|x64.Build.0 = Debug|x64
		{B97BC0D5-5DB8-455C-A75F-3D65C6DE982D}.Debug|x86.ActiveCfg = Debug|Win32
		{B97BC0D5-5DB8-455C-A75F-3D65C6DE982D}.Debug|x86.Build.0 = Debug|Win32
		{B97BC0D5-5DB8-455C-A75F-3D65C6DE982D}.Release|x64.ActiveCfg = Release|x64
		{B97BC0D5-5DB8-455C-A75F-3D65C6DE982D}.Release|x64.Build.0 = Release|x64
		{B97BC0D5-5DB8-455C-A75F-3D65C6DE982D}.Release|x86.ActiveCfg = Release|Win32
		{B97BC0D5-5DB8-455C-A75F-3D65C6DE982D}.Release|x86.Build.0 = Release|Win32
		{C4CC0191-D493-41B1-B3F0-0854663AB51E}.Debug|x64.ActiveCfg = Debug|x64
		{C4CC0191-D493-41B1-B3F0-0854663AB51E}.Debug|x64.Build.0 = Debug|x64
		{C4CC0191-D493-41B1-B3F0-0854663AB51E}.Debug|x86.ActiveCfg = Debug|Win32
		{C4CC0191-D493-41B1-B3F0-0854663AB51E}.Debug|x86.Build.0 = Debug|Win32
		{C4CC0191-D493-41B1-B3F0-0854663AB51E}.Release|x64.ActiveCfg = Release|x64
		{C4CC0191-D493-41B1-B3F0-0854663AB51E}.Release|x64.Build.0 = Release|x64
		{C4CC0191-D493-41B1-B3F0-0854663AB51E}.Release|x86.ActiveCfg = Release|Win32
		{C4CC0191-D493-41B1-B3F0-0854663AB51E}.Release|x86.Build.0 = Release|Win32
		{CEF149BC-2F6D-4F48-BB21-EF1124A39D8F}.Debug|x64.ActiveCfg = Debug|x64
		{CEF149BC-2F6D-4F48-BB21-EF1124A39D8F}.Debug|x64.Build.0 = Debug|x64
		{CEF149BC-2F6D-4F48-BB21-EF1124A39D8F}.Debug|x86.ActiveCfg = Debug|Win32
		{CEF149BC-2F6D-4F48-BB21-EF1124A39D8F}.Debug|x86.Build.0 = Debug|Win32
		{CEF149BC-2F6D-4F48-BB21-EF1124A39D8F}.Release|x64.ActiveCfg = Release|x64
		{CEF149BC-2F6D-4F48-BB21-EF1124A39D8F}.Release|x64.Build.0 = Release|x64
		{CEF149BC-2F6D-4F48-BB21-EF1124A39D8F}.Release|x86.ActiveCfg = Release|Win32
		{CEF149BC-2F6D-4F48-BB21-EF1124A39D8F}.Release|x86.Build.0 = Release|Win32
		{F2B8161C-79D6-481D-90AD-75C7A836A6E9}.Debug|x64.ActiveCfg = Debug|x64
		{F2B8161C-79D6-481D-90AD-75C7A836A6E9}.Debug|x64.Build.0 = Debug|x64
		{F2B8161C-79D6-481D-90AD-75C7A836A6E9}.Debug|x86.ActiveCfg = Debug|Win32
		{F2B8161C-79D6-481D-90AD-75C7A836A6E9}.Debug|x86.Build.0 = Debug|Win32
		{F2B8161C-79D6-481D-90AD-75C7A836A6E9}.Release|x64.ActiveCfg = Release|x64
		{F2B8161C-79D6-481D-90AD-75C7A836A6E9}.Release|x64.Build.0 = Release|x64
		{F2B8161C-79D6-481D-90AD-75C7A836A6E9}.Release|x86.ActiveCfg = Release|Win32
		{F2B8161C-79D6-481D-90AD-75C7A836A6E9}.Release|x86.Build.0 = Release|Win32
		{3D03BA7C-2C3A-4B1B-B73F-85BB05A7BEEE}.Debug|x64.ActiveCfg = Debug|x64
		{3D03BA7C-2C3A-4B1B-B73F-85BB05A7BEEE}.Debug|x64.Build.0 = Debug|x64
		{3D03BA7C-2C3A-4B1B-B73F-85BB05A7BEEE}.Debug|x86.ActiveCfg = Debug|Win32
		{3D03BA7C-2C3A-4B1B-B73F-85BB05A7BEEE}.Debug|x86.Build.0 = Debug|Win32
		{3D03BA7C-2C3A-4B1B-B73F-85BB05A7BEEE}.Release|x64.ActiveCfg = Release|x64
		{3D03BA7C-2C3A-4B1B-B73F-85BB05A7BEEE}.Release|x64.Build.0 = Release|x64
		{3D03BA7C-2C3A-4B1B-B73F-85BB05A7BEEE}.Release|x86.ActiveCfg = Release|Win32
		{3D03BA7C-2C3A-4B1B-B73F-85BB05A7BEEE}.Release|x86.Build.0 = Release|Win32
		{4EC47186-D9AF-4CA8-BE91-F10A21B1C1E9}.Debug|x64.ActiveCfg = Debug|x64
		{4EC47186-D9AF-4CA8-BE91-F10A21B1C1E9}.Debug|x64.Build.0 = Debug|x64
		{4EC47186-D9AF-4CA8-BE91-F10A21B1C1E9}.Debug|x86.ActiveCfg = Debug|Win32
		{4EC47186-D9AF-4CA8-BE91-F10A21B1C1E9}.Debug|x86.Build.0 = Debug|Win32
		{4EC47186-D9AF-4CA8-BE91-F10A21B1C1E9}.Release|x64.ActiveCfg = Release|x64
		{4EC47186-D9AF-4CA8-BE91-F10A21B1C1E9}.Release|x64.Build.0 = Release|x64
		{4EC47186-D9AF-4CA8-BE91-F10A21B1C1E9}.Release|x86.ActiveCfg = Release|Win32
		{4EC47186-D9AF-4CA8-BE91-F10A21B1C1E9}.Release|x86.Build.0 = Release|Win32
		{95AC2C46-6A28-452E-9170-CACB8AFE309E}.Debug|x64.ActiveCfg = Debug|x64
		{95AC2C46-6A28-452E-9170-CACB8AFE309E}.Debug|x64.Build.0 = Debug|x64
		{95AC2C46-6A28-452E-9170-CACB8AFE309E}.Debug|x86.ActiveCfg = Debug|Win32
		{95AC2C46-6A28-452E-9170-CACB8AFE309E}.Debug|x86.Build.0 = Debug|Win32
		{95AC2C46-6A28-452E-9170-CACB8AFE309E}.Release|x64.ActiveCfg = Release|x64
		{95AC2C46-6A28-452E-9170-CACB8AFE309E}.Release|x64.Build.0 = Release|x64
		{95AC2C46-6A28-452E-9170-CACB8AFE309E}.Release|x86.ActiveCfg = Release|Win32
		{95AC2C46-6A28-452E-9170-CACB8AFE309E}.Release|x86.Build.0 = Release|Win32
		{D91DEB46-F7F9-42E6-9757-2D8E44072A4C}.Debug|x64.ActiveCfg = Debug|x64
		{D91DEB46-F7F9-42E6-9757-2D8E44072A4C}.Debug|x64.Build.0 = Debug|x64
		{D91DEB46-F7F9-42E6-9757-2D8E44072A4C}.Debug|x86.ActiveCfg = Debug|Win32
		{D91DEB46-F7F9-42E6-9757-2D8E44072A4C}.Debug|x86.Build.0 = Debug|Win32
		{D91DEB46-F7F9-42E6-9757-2D8E44072A4C}.Release|x64.ActiveCfg = Release|x64
		{D91DEB46-F7F9-42E6-9757-2D8E44072A4C}.Release|x64.Build.0 = Release|x64
		{D91DEB46-F7F9-42E6-9757-2D8E44072A4C}.Release|x86.ActiveCfg = Release|Win32
		{D91DEB46-F7F9-42E6-9757-2D8E44072A4C}.Release|x86.Build.0 = Release|Win32
		{EE763927-790A-4BAF-B097-DD0FB4C687D0}.Debug|x64.ActiveCfg = Debug|x64
		{EE763927-790A-4BAF-B097-DD0FB4C687D0}.Debug|x64.Build.0 = Debug|x64
		{EE763927-790A-4BAF-B097-DD0FB4C687D0}.Debug|x86.ActiveCfg = Debug|Win32
		{EE763927-790A-4BAF-B097-DD0FB4C687D0}.Debug|x86.Build.0 = Debug|Win32
		{EE763927-790A-4BAF-B097-DD0FB4C687D0}.Release|x64.ActiveCfg = Release|x64
		{EE763927-790A-4BAF-B097-DD0FB4C687D0}.Release|x64.Build.0 = Release|x64
		{EE763927-790A-4BAF-B097-DD0FB4C687D0}.Release|x86.ActiveCfg = Release|Win32
		{EE763927-790A-4BAF-B097-DD0FB4C687D0}.Release|x86.Build.0 = Release|Win32
		{C628F3B2-396E-41B9-815E-28ECE3856F80}.Debug|x64.ActiveCfg = Debug|x64
		{C628F3B2-396E-41B9-815E-28ECE3856F80}.Debug|x64.Build.0 = Debug|x64
		{C628F3B2-396E-41B9-815E-28ECE3856F80}.Debug|x86.ActiveCfg = Debug|Win32
		{C628F3B2-396E-41B9-815E-28ECE3856F80}.Debug|x86.Build.0 = Debug|Win32
		{C628F3B2-396E-41B9-815E-28ECE3856F80}.Release|x64.ActiveCfg = Release|x64
		{C628F3B2-396E-41B9-815E-28ECE3856F80}.Release|x64.Build.0 = Release|x64
		{C628F3B2-396E-41B9-815E-28ECE3856F80}.Release|x86.ActiveCfg = Release|Win32
		{C628F3B2-396E-41B9-815E-28ECE3856F80}.Release|x86.Build.0 = Release|Win32
		{21D93DE2-EC35-4BAB-B6E8-E9CCD04D2BD9}.Debug|x64.ActiveCfg = Debug|x64
		{21D93DE2-EC35-4BAB-B6E8-E9CCD04D2BD9}.Debug|x64.Build.0 = Debug|x64
		{21D93DE2-EC35-4BAB-B6E8-E9CCD04D2BD9}.Debug|x86.ActiveCfg = Debug|Win32
		{21D93DE2-EC35-4BAB-B6E8-E9CCD04D2BD9}.Debug|x86.Build.0 = Debug|Win32
		{21D93DE2-EC35-4BAB-B6E8-E9CCD04D2BD9}.Release|x64.ActiveCfg = Release|x64
		{21D93DE2-EC35-4BAB-B6E8-E9CCD04D2BD9}.Release|x64.Build.0 = Release|x64
		{21D93DE2-EC35-4BAB-B6E8-E9CCD04D2BD9}.Release|x86.ActiveCfg = Release|Win32
		{21D93DE2-EC35-4BAB-B6E8-E9CCD04D2BD9}.Release|x86.Build.0 = Release|Win32
		{8DB6B2A5-3ABA-42C4-A08F-A1FC62380E04}.Debug|x64.ActiveCfg = Debug|x64
		{8DB6B2A5-3ABA-42C4-A08F-A1FC62380E04}.Debug|x64.Build.0 = Debug|x64
		{8DB6B2A5-3ABA-42C4-A08F-A1FC62380E04}.Debug|x86.ActiveCfg = Debug|Win32
		{8DB6B2A5-3ABA-42C4-A08F-A1FC62380E04}.Debug|x86.Build.0 = Debug|Win32
		{8DB6B2A5-3ABA-42C4-A08F-A1FC62380E04}.Release|x64.ActiveCfg = Release|x64
		{8DB6B2A5-3ABA-42C4-A08F-A1FC62380E04}.Release|x64.Build.0 = Release|x64
		{8DB6B2A5-3ABA-42C4-A08F-A1FC62380E04}.Release|x86.ActiveCfg = Release|Win32
		{8DB6B2A5-3ABA-42C4-A08F-A1FC62380E04}.Release|x86.Build.0 = Release|Win32
		{1ED65D9F-914A-494D-9421-0801695846A6}.Debug|x64.ActiveCfg = Debug|x64
		{1ED65D9F-914A-494D-9421-0801695846A6}.Debug|x64.Build.0 = Debug|x64
		{1ED65D9F-914A-494D-9421-0801695846A6}.Debug|x86.ActiveCfg = Debug|Win32
		{1ED65D9F-914A-494D-9421-0801695846A6}.Debug|x86.Build.0 = Debug|Win32
		{1ED65D9F-914A-494D-9421-0801695846A6}.Release|x64.ActiveCfg = Release|x64
		{1ED65D9F-914A-494D-9421-0801695846A6}.Release|x64.Build.0 = Release|x64
		{1ED65D9F-914A-494D-9421-0801695846A6}.Release|x86.ActiveCfg = Release|Win32
		{1ED65D9F-914A-494D-9421-0801695846A6}.Release|x86.Build.0 = Release|Win32
		{30457C37-3D1C-49EE-8843-F4766DCF22AC}.Debug|x64.ActiveCfg = Debug|x64
		{30457C37-3D1C-49EE-8843-F4766DCF22AC}.Debug|x64.Build.0 = Debug|x64
		{30457C37-3D1C-49EE-8843-F4766DCF22AC}.Debug|x86.ActiveCfg = Debug|Win32
		{30457C37-3D1C-49EE-8843-F4766DCF22AC}.Debug|x86.Build.0 = Debug|Win32
		{30457C37-3D1C-49EE-8843-F4766DCF22AC}.Release|x64.ActiveCfg = Release|x64
		{30457C37-3D1C-49EE-8843-F4766DCF22AC}.Release|x64.Build.0 = Release|x64
		{30457C37-3D1C-49EE-8843-F4766DCF22AC}.Release|x86.ActiveCfg = Release|Win32
		{30457C37-3D1C-49EE-8843-F4766DCF22AC}.Release|x86.Build.0 = Release|Win32
	EndGlobalSection
	GlobalSection(SolutionProperties) = preSolution
		HideSolutionNode = FALSE
	EndGlobalSection
	GlobalSection(NestedProjects) = preSolution
		{31EE508D-12C1-4DAB-AD94-70B80E4C3EA3} = {D4DDC237-0376-4871-8014-2FD6C118E926}
		{DEB8EBC2-035B-4C53-80E0-7A39622CB83C} = {D4DDC237-0376-4871-8014-2FD6C118E926}
		{C81572C9-17EE-498C-B1BC-500EEE58DBEB} = {D4DDC237-0376-4871-8014-2FD6C118E926}
		{708C0184-92D7-4140-9851-3FC7E2610D35} = {82374374-1393-41DB-AB1B-5CF85992AB94}
		{DA7759D2-822E-4161-8879-B56281801F63} = {82374374-1393-41DB-AB1B-5CF85992AB94}
		{8BFB601B-2E85-4FFB-A90E-1C658A8F4EB1} = {82374374-1393-41DB-AB1B-5CF85992AB94}
		{B97BC0D5-5DB8-455C-A75F-3D65C6DE982D} = {0C394662-98AE-4046-A44F-3F0755BBD994}
		{C4CC0191-D493-41B1-B3F0-0854663AB51E} = {0C394662-98AE-4046-A44F-3F0755BBD994}
		{CEF149BC-2F6D-4F48-BB21-EF1124A39D8F} = {7ACD6A12-880E-4984-9C0C-658C7C8821CD}
		{F2B8161C-79D6-481D-90AD-75C7A836A6E9} = {0C394662-98AE-4046-A44F-3F0755BBD994}
		{3D03BA7C-2C3A-4B1B-B73F-85BB05A7BEEE} = {D1226D06-7B90-44EA-ABDC-9877490D763B}
		{4EC47186-D9AF-4CA8-BE91-F10A21B1C1E9} = {93CCD391-21DE-4B98-97C6-F8B726568C59}
		{95AC2C46-6A28-452E-9170-CACB8AFE309E} = {7ACD6A12-880E-4984-9C0C-658C7C8821CD}
		{D91DEB46-F7F9-42E6-9757-2D8E44072A4C} = {93CCD391-21DE-4B98-97C6-F8B726568C59}
		{EE763927-790A-4BAF-B097-DD0FB4C687D0} = {286B38A9-6003-425C-8686-1E05579F9B39}
		{C628F3B2-396E-41B9-815E-28ECE3856F80} = {D4DDC237-0376-4871-8014-2FD6C118E926}
		{21D93DE2-EC35-4BAB-B6E8-E9CCD04D2BD9} = {F1A5DF05-9182-4757-815B-589F91F35A59}
		{8DB6B2A5-3ABA-42C4-A08F-A1FC62380E04} = {D1226D06-7B90-44EA-ABDC-9877490D763B}
		{1ED65D9F-914A-494D-9421-0801695846A6} = {2E0FEB5B-3D5F-4D61-B1B2-239A4EF77D78}
		{30457C37-3D1C-49EE-8843-F4766DCF22AC} = {F1A5DF05-9182-4757-815B-589F91F35A59}
	EndGlobalSection
	GlobalSection(ExtensibilityGlobals) = postSolution
		SolutionGuid = {3D80A4EF-86E1-43B9-9510-68A378343CBA}
	EndGlobalSection
EndGlobal
