
Microsoft Visual Studio Solution File, Format Version 12.00
# Visual Studio Version 17
VisualStudioVersion = 17.11.35312.102
MinimumVisualStudioVersion = 10.0.40219.1
Project("{8BC9CEB8-8B4A-11D0-8D11-00A0C91BC942}") = "2_1", "2_1.vcxproj", "{9087D0D3-9E3F-499D-BD96-F718106C194F}"
EndProject
Project("{8BC9CEB8-8B4A-11D0-8D11-00A0C91BC942}") = "2_2", "..\2_2\2_2.vcxproj", "{49463B57-3D4C-43E3-A67A-42468D1FB9EF}"
EndProject
Project("{8BC9CEB8-8B4A-11D0-8D11-00A0C91BC942}") = "2_3", "..\2_3\2_3.vcxproj", "{8AB1478F-95B5-45B6-A6F6-3FE997C2429A}"
EndProject
Project("{8BC9CEB8-8B4A-11D0-8D11-00A0C91BC942}") = "2_4", "..\2_4\2_4.vcxproj", "{EDBD6AFF-38D0-49D2-ADC5-AC8EF44589A7}"
EndProject
Project("{8BC9CEB8-8B4A-11D0-8D11-00A0C91BC942}") = "2_5", "..\2_5\2_5.vcxproj", "{758CC320-BD02-459A-93D0-D818D7CD950D}"
EndProject
Project("{8BC9CEB8-8B4A-11D0-8D11-00A0C91BC942}") = "2_6", "..\2_6\2_6.vcxproj", "{8DB6F1F8-C70A-4EB3-BC55-88A6E0EF6BF3}"
EndProject
Project("{8BC9CEB8-8B4A-11D0-8D11-00A0C91BC942}") = "2_7", "..\2_7\2_7.vcxproj", "{3A150190-BD63-4287-B5E0-E570394278D8}"
EndProject
Project("{8BC9CEB8-8B4A-11D0-8D11-00A0C91BC942}") = "2_8", "..\2_8\2_8.vcxproj", "{7488C98A-363A-4F74-AE51-BC51E8FC12CC}"
EndProject
Project("{8BC9CEB8-8B4A-11D0-8D11-00A0C91BC942}") = "2_9", "..\2_9\2_9.vcxproj", "{C5EFFE5E-F05A-429F-9056-A9C0D365FDA2}"
EndProject
Project("{8BC9CEB8-8B4A-11D0-8D11-00A0C91BC942}") = "2_10", "..\2_10\2_10.vcxproj", "{F7B49736-9134-44DC-A886-8E1F6FC4F1A1}"
EndProject
Project("{8BC9CEB8-8B4A-11D0-8D11-00A0C91BC942}") = "2_11", "..\2_11\2_11.vcxproj", "{FC17B91C-3EC4-4628-BC02-F78F98DAAF94}"
EndProject
Project("{8BC9CEB8-8B4A-11D0-8D11-00A0C91BC942}") = "2_12", "..\2_12\2_12.vcxproj", "{3237E1BF-30DE-47BF-9522-3FD2B1DA06E6}"
EndProject
Global
	GlobalSection(SolutionConfigurationPlatforms) = preSolution
		Debug|x64 = Debug|x64
		Debug|x86 = Debug|x86
		Release|x64 = Release|x64
		Release|x86 = Release|x86
	EndGlobalSection
	GlobalSection(ProjectConfigurationPlatforms) = postSolution
		{9087D0D3-9E3F-499D-BD96-F718106C194F}.Debug|x64.ActiveCfg = Debug|x64
		{9087D0D3-9E3F-499D-BD96-F718106C194F}.Debug|x64.Build.0 = Debug|x64
		{9087D0D3-9E3F-499D-BD96-F718106C194F}.Debug|x86.ActiveCfg = Debug|Win32
		{9087D0D3-9E3F-499D-BD96-F718106C194F}.Debug|x86.Build.0 = Debug|Win32
		{9087D0D3-9E3F-499D-BD96-F718106C194F}.Release|x64.ActiveCfg = Release|x64
		{9087D0D3-9E3F-499D-BD96-F718106C194F}.Release|x64.Build.0 = Release|x64
		{9087D0D3-9E3F-499D-BD96-F718106C194F}.Release|x86.ActiveCfg = Release|Win32
		{9087D0D3-9E3F-499D-BD96-F718106C194F}.Release|x86.Build.0 = Release|Win32
		{49463B57-3D4C-43E3-A67A-42468D1FB9EF}.Debug|x64.ActiveCfg = Debug|x64
		{49463B57-3D4C-43E3-A67A-42468D1FB9EF}.Debug|x64.Build.0 = Debug|x64
		{49463B57-3D4C-43E3-A67A-42468D1FB9EF}.Debug|x86.ActiveCfg = Debug|Win32
		{49463B57-3D4C-43E3-A67A-42468D1FB9EF}.Debug|x86.Build.0 = Debug|Win32
		{49463B57-3D4C-43E3-A67A-42468D1FB9EF}.Release|x64.ActiveCfg = Release|x64
		{49463B57-3D4C-43E3-A67A-42468D1FB9EF}.Release|x64.Build.0 = Release|x64
		{49463B57-3D4C-43E3-A67A-42468D1FB9EF}.Release|x86.ActiveCfg = Release|Win32
		{49463B57-3D4C-43E3-A67A-42468D1FB9EF}.Release|x86.Build.0 = Release|Win32
		{8AB1478F-95B5-45B6-A6F6-3FE997C2429A}.Debug|x64.ActiveCfg = Debug|x64
		{8AB1478F-95B5-45B6-A6F6-3FE997C2429A}.Debug|x64.Build.0 = Debug|x64
		{8AB1478F-95B5-45B6-A6F6-3FE997C2429A}.Debug|x86.ActiveCfg = Debug|Win32
		{8AB1478F-95B5-45B6-A6F6-3FE997C2429A}.Debug|x86.Build.0 = Debug|Win32
		{8AB1478F-95B5-45B6-A6F6-3FE997C2429A}.Release|x64.ActiveCfg = Release|x64
		{8AB1478F-95B5-45B6-A6F6-3FE997C2429A}.Release|x64.Build.0 = Release|x64
		{8AB1478F-95B5-45B6-A6F6-3FE997C2429A}.Release|x86.ActiveCfg = Release|Win32
		{8AB1478F-95B5-45B6-A6F6-3FE997C2429A}.Release|x86.Build.0 = Release|Win32
		{EDBD6AFF-38D0-49D2-ADC5-AC8EF44589A7}.Debug|x64.ActiveCfg = Debug|x64
		{EDBD6AFF-38D0-49D2-ADC5-AC8EF44589A7}.Debug|x64.Build.0 = Debug|x64
		{EDBD6AFF-38D0-49D2-ADC5-AC8EF44589A7}.Debug|x86.ActiveCfg = Debug|Win32
		{EDBD6AFF-38D0-49D2-ADC5-AC8EF44589A7}.Debug|x86.Build.0 = Debug|Win32
		{EDBD6AFF-38D0-49D2-ADC5-AC8EF44589A7}.Release|x64.ActiveCfg = Release|x64
		{EDBD6AFF-38D0-49D2-ADC5-AC8EF44589A7}.Release|x64.Build.0 = Release|x64
		{EDBD6AFF-38D0-49D2-ADC5-AC8EF44589A7}.Release|x86.ActiveCfg = Release|Win32
		{EDBD6AFF-38D0-49D2-ADC5-AC8EF44589A7}.Release|x86.Build.0 = Release|Win32
		{758CC320-BD02-459A-93D0-D818D7CD950D}.Debug|x64.ActiveCfg = Debug|x64
		{758CC320-BD02-459A-93D0-D818D7CD950D}.Debug|x64.Build.0 = Debug|x64
		{758CC320-BD02-459A-93D0-D818D7CD950D}.Debug|x86.ActiveCfg = Debug|Win32
		{758CC320-BD02-459A-93D0-D818D7CD950D}.Debug|x86.Build.0 = Debug|Win32
		{758CC320-BD02-459A-93D0-D818D7CD950D}.Release|x64.ActiveCfg = Release|x64
		{758CC320-BD02-459A-93D0-D818D7CD950D}.Release|x64.Build.0 = Release|x64
		{758CC320-BD02-459A-93D0-D818D7CD950D}.Release|x86.ActiveCfg = Release|Win32
		{758CC320-BD02-459A-93D0-D818D7CD950D}.Release|x86.Build.0 = Release|Win32
		{8DB6F1F8-C70A-4EB3-BC55-88A6E0EF6BF3}.Debug|x64.ActiveCfg = Debug|x64
		{8DB6F1F8-C70A-4EB3-BC55-88A6E0EF6BF3}.Debug|x64.Build.0 = Debug|x64
		{8DB6F1F8-C70A-4EB3-BC55-88A6E0EF6BF3}.Debug|x86.ActiveCfg = Debug|Win32
		{8DB6F1F8-C70A-4EB3-BC55-88A6E0EF6BF3}.Debug|x86.Build.0 = Debug|Win32
		{8DB6F1F8-C70A-4EB3-BC55-88A6E0EF6BF3}.Release|x64.ActiveCfg = Release|x64
		{8DB6F1F8-C70A-4EB3-BC55-88A6E0EF6BF3}.Release|x64.Build.0 = Release|x64
		{8DB6F1F8-C70A-4EB3-BC55-88A6E0EF6BF3}.Release|x86.ActiveCfg = Release|Win32
		{8DB6F1F8-C70A-4EB3-BC55-88A6E0EF6BF3}.Release|x86.Build.0 = Release|Win32
		{3A150190-BD63-4287-B5E0-E570394278D8}.Debug|x64.ActiveCfg = Debug|x64
		{3A150190-BD63-4287-B5E0-E570394278D8}.Debug|x64.Build.0 = Debug|x64
		{3A150190-BD63-4287-B5E0-E570394278D8}.Debug|x86.ActiveCfg = Debug|Win32
		{3A150190-BD63-4287-B5E0-E570394278D8}.Debug|x86.Build.0 = Debug|Win32
		{3A150190-BD63-4287-B5E0-E570394278D8}.Release|x64.ActiveCfg = Release|x64
		{3A150190-BD63-4287-B5E0-E570394278D8}.Release|x64.Build.0 = Release|x64
		{3A150190-BD63-4287-B5E0-E570394278D8}.Release|x86.ActiveCfg = Release|Win32
		{3A150190-BD63-4287-B5E0-E570394278D8}.Release|x86.Build.0 = Release|Win32
		{7488C98A-363A-4F74-AE51-BC51E8FC12CC}.Debug|x64.ActiveCfg = Debug|x64
		{7488C98A-363A-4F74-AE51-BC51E8FC12CC}.Debug|x64.Build.0 = Debug|x64
		{7488C98A-363A-4F74-AE51-BC51E8FC12CC}.Debug|x86.ActiveCfg = Debug|Win32
		{7488C98A-363A-4F74-AE51-BC51E8FC12CC}.Debug|x86.Build.0 = Debug|Win32
		{7488C98A-363A-4F74-AE51-BC51E8FC12CC}.Release|x64.ActiveCfg = Release|x64
		{7488C98A-363A-4F74-AE51-BC51E8FC12CC}.Release|x64.Build.0 = Release|x64
		{7488C98A-363A-4F74-AE51-BC51E8FC12CC}.Release|x86.ActiveCfg = Release|Win32
		{7488C98A-363A-4F74-AE51-BC51E8FC12CC}.Release|x86.Build.0 = Release|Win32
		{C5EFFE5E-F05A-429F-9056-A9C0D365FDA2}.Debug|x64.ActiveCfg = Debug|x64
		{C5EFFE5E-F05A-429F-9056-A9C0D365FDA2}.Debug|x64.Build.0 = Debug|x64
		{C5EFFE5E-F05A-429F-9056-A9C0D365FDA2}.Debug|x86.ActiveCfg = Debug|Win32
		{C5EFFE5E-F05A-429F-9056-A9C0D365FDA2}.Debug|x86.Build.0 = Debug|Win32
		{C5EFFE5E-F05A-429F-9056-A9C0D365FDA2}.Release|x64.ActiveCfg = Release|x64
		{C5EFFE5E-F05A-429F-9056-A9C0D365FDA2}.Release|x64.Build.0 = Release|x64
		{C5EFFE5E-F05A-429F-9056-A9C0D365FDA2}.Release|x86.ActiveCfg = Release|Win32
		{C5EFFE5E-F05A-429F-9056-A9C0D365FDA2}.Release|x86.Build.0 = Release|Win32
		{F7B49736-9134-44DC-A886-8E1F6FC4F1A1}.Debug|x64.ActiveCfg = Debug|x64
		{F7B49736-9134-44DC-A886-8E1F6FC4F1A1}.Debug|x64.Build.0 = Debug|x64
		{F7B49736-9134-44DC-A886-8E1F6FC4F1A1}.Debug|x86.ActiveCfg = Debug|Win32
		{F7B49736-9134-44DC-A886-8E1F6FC4F1A1}.Debug|x86.Build.0 = Debug|Win32
		{F7B49736-9134-44DC-A886-8E1F6FC4F1A1}.Release|x64.ActiveCfg = Release|x64
		{F7B49736-9134-44DC-A886-8E1F6FC4F1A1}.Release|x64.Build.0 = Release|x64
		{F7B49736-9134-44DC-A886-8E1F6FC4F1A1}.Release|x86.ActiveCfg = Release|Win32
		{F7B49736-9134-44DC-A886-8E1F6FC4F1A1}.Release|x86.Build.0 = Release|Win32
		{FC17B91C-3EC4-4628-BC02-F78F98DAAF94}.Debug|x64.ActiveCfg = Debug|x64
		{FC17B91C-3EC4-4628-BC02-F78F98DAAF94}.Debug|x64.Build.0 = Debug|x64
		{FC17B91C-3EC4-4628-BC02-F78F98DAAF94}.Debug|x86.ActiveCfg = Debug|Win32
		{FC17B91C-3EC4-4628-BC02-F78F98DAAF94}.Debug|x86.Build.0 = Debug|Win32
		{FC17B91C-3EC4-4628-BC02-F78F98DAAF94}.Release|x64.ActiveCfg = Release|x64
		{FC17B91C-3EC4-4628-BC02-F78F98DAAF94}.Release|x64.Build.0 = Release|x64
		{FC17B91C-3EC4-4628-BC02-F78F98DAAF94}.Release|x86.ActiveCfg = Release|Win32
		{FC17B91C-3EC4-4628-BC02-F78F98DAAF94}.Release|x86.Build.0 = Release|Win32
		{3237E1BF-30DE-47BF-9522-3FD2B1DA06E6}.Debug|x64.ActiveCfg = Debug|x64
		{3237E1BF-30DE-47BF-9522-3FD2B1DA06E6}.Debug|x64.Build.0 = Debug|x64
		{3237E1BF-30DE-47BF-9522-3FD2B1DA06E6}.Debug|x86.ActiveCfg = Debug|Win32
		{3237E1BF-30DE-47BF-9522-3FD2B1DA06E6}.Debug|x86.Build.0 = Debug|Win32
		{3237E1BF-30DE-47BF-9522-3FD2B1DA06E6}.Release|x64.ActiveCfg = Release|x64
		{3237E1BF-30DE-47BF-9522-3FD2B1DA06E6}.Release|x64.Build.0 = Release|x64
		{3237E1BF-30DE-47BF-9522-3FD2B1DA06E6}.Release|x86.ActiveCfg = Release|Win32
		{3237E1BF-30DE-47BF-9522-3FD2B1DA06E6}.Release|x86.Build.0 = Release|Win32
	EndGlobalSection
	GlobalSection(SolutionProperties) = preSolution
		HideSolutionNode = FALSE
	EndGlobalSection
	GlobalSection(ExtensibilityGlobals) = postSolution
		SolutionGuid = {6AC6FD35-7134-47C0-A6C2-F2EA74D925FC}
	EndGlobalSection
EndGlobal
