
Microsoft Visual Studio Solution File, Format Version 12.00
# Visual Studio Version 17
VisualStudioVersion = 17.11.35312.102
MinimumVisualStudioVersion = 10.0.40219.1
Project("{8BC9CEB8-8B4A-11D0-8D11-00A0C91BC942}") = "2_1", "2_1.vcxproj", "{9087D0D3-9E3F-499D-BD96-F718106C194F}"
EndProject
Project("{8BC9CEB8-8B4A-11D0-8D11-00A0C91BC942}") = "2_2", "..\2_2\2_2.vcxproj", "{49463B57-3D4C-43E3-A67A-42468D1FB9EF}"
EndProject
Global
	GlobalSection(SolutionConfigurationPlatforms) = preSolution
		Debug|x64 = Debug|x64
		Debug|x86 = Debug|x86
		Release|x64 = Release|x64
		Release|x86 = Release|x86
	EndGlobalSection
	GlobalSection(ProjectConfigurationPlatforms) = postSolution
		{9087D0D3-9E3F-499D-BD96-F718106C194F}.Debug|x64.ActiveCfg = Debug|x64
		{9087D0D3-9E3F-499D-BD96-F718106C194F}.Debug|x64.Build.0 = Debug|x64
		{9087D0D3-9E3F-499D-BD96-F718106C194F}.Debug|x86.ActiveCfg = Debug|Win32
		{9087D0D3-9E3F-499D-BD96-F718106C194F}.Debug|x86.Build.0 = Debug|Win32
		{9087D0D3-9E3F-499D-BD96-F718106C194F}.Release|x64.ActiveCfg = Release|x64
		{9087D0D3-9E3F-499D-BD96-F718106C194F}.Release|x64.Build.0 = Release|x64
		{9087D0D3-9E3F-499D-BD96-F718106C194F}.Release|x86.ActiveCfg = Release|Win32
		{9087D0D3-9E3F-499D-BD96-F718106C194F}.Release|x86.Build.0 = Release|Win32
		{49463B57-3D4C-43E3-A67A-42468D1FB9EF}.Debug|x64.ActiveCfg = Debug|x64
		{49463B57-3D4C-43E3-A67A-42468D1FB9EF}.Debug|x64.Build.0 = Debug|x64
		{49463B57-3D4C-43E3-A67A-42468D1FB9EF}.Debug|x86.ActiveCfg = Debug|Win32
		{49463B57-3D4C-43E3-A67A-42468D1FB9EF}.Debug|x86.Build.0 = Debug|Win32
		{49463B57-3D4C-43E3-A67A-42468D1FB9EF}.Release|x64.ActiveCfg = Release|x64
		{49463B57-3D4C-43E3-A67A-42468D1FB9EF}.Release|x64.Build.0 = Release|x64
		{49463B57-3D4C-43E3-A67A-42468D1FB9EF}.Release|x86.ActiveCfg = Release|Win32
		{49463B57-3D4C-43E3-A67A-42468D1FB9EF}.Release|x86.Build.0 = Release|Win32
	EndGlobalSection
	GlobalSection(SolutionProperties) = preSolution
		HideSolutionNode = FALSE
	EndGlobalSection
	GlobalSection(ExtensibilityGlobals) = postSolution
		SolutionGuid = {6AC6FD35-7134-47C0-A6C2-F2EA74D925FC}
	EndGlobalSection
EndGlobal
