
Microsoft Visual Studio Solution File, Format Version 12.00
# Visual Studio Version 17
VisualStudioVersion = 17.11.35303.130
MinimumVisualStudioVersion = 10.0.40219.1
Project("{8BC9CEB8-8B4A-11D0-8D11-00A0C91BC942}") = "Juez_0", "Juez_0.vcxproj", "{E0043D7E-0439-479F-BD69-788CB7744935}"
EndProject
Project("{8BC9CEB8-8B4A-11D0-8D11-00A0C91BC942}") = "0_2", "..\0_2\0_2.vcxproj", "{05EFD4D6-B83A-4F21-A5BF-09B891D4885E}"
EndProject
Project("{8BC9CEB8-8B4A-11D0-8D11-00A0C91BC942}") = "0_3", "..\0_3\0_3.vcxproj", "{DC544D09-101E-42BA-B73F-BCF3BB9D4922}"
EndProject
Project("{8BC9CEB8-8B4A-11D0-8D11-00A0C91BC942}") = "0_4", "..\0_4\0_4.vcxproj", "{A089D654-8DC1-455B-956A-A207C2EFBDF5}"
EndProject
Project("{8BC9CEB8-8B4A-11D0-8D11-00A0C91BC942}") = "0_5", "..\0_5\0_5.vcxproj", "{588A9F5C-DFA1-4A2D-9D37-63F558D29A32}"
EndProject
Global
	GlobalSection(SolutionConfigurationPlatforms) = preSolution
		Debug|Any CPU = Debug|Any CPU
		Debug|x64 = Debug|x64
		Debug|x86 = Debug|x86
		Release|Any CPU = Release|Any CPU
		Release|x64 = Release|x64
		Release|x86 = Release|x86
	EndGlobalSection
	GlobalSection(ProjectConfigurationPlatforms) = postSolution
		{E0043D7E-0439-479F-BD69-788CB7744935}.Debug|Any CPU.ActiveCfg = Debug|x64
		{E0043D7E-0439-479F-BD69-788CB7744935}.Debug|Any CPU.Build.0 = Debug|x64
		{E0043D7E-0439-479F-BD69-788CB7744935}.Debug|x64.ActiveCfg = Debug|x64
		{E0043D7E-0439-479F-BD69-788CB7744935}.Debug|x64.Build.0 = Debug|x64
		{E0043D7E-0439-479F-BD69-788CB7744935}.Debug|x86.ActiveCfg = Debug|Win32
		{E0043D7E-0439-479F-BD69-788CB7744935}.Debug|x86.Build.0 = Debug|Win32
		{E0043D7E-0439-479F-BD69-788CB7744935}.Release|Any CPU.ActiveCfg = Release|x64
		{E0043D7E-0439-479F-BD69-788CB7744935}.Release|Any CPU.Build.0 = Release|x64
		{E0043D7E-0439-479F-BD69-788CB7744935}.Release|x64.ActiveCfg = Release|x64
		{E0043D7E-0439-479F-BD69-788CB7744935}.Release|x64.Build.0 = Release|x64
		{E0043D7E-0439-479F-BD69-788CB7744935}.Release|x86.ActiveCfg = Release|Win32
		{E0043D7E-0439-479F-BD69-788CB7744935}.Release|x86.Build.0 = Release|Win32
		{05EFD4D6-B83A-4F21-A5BF-09B891D4885E}.Debug|Any CPU.ActiveCfg = Debug|x64
		{05EFD4D6-B83A-4F21-A5BF-09B891D4885E}.Debug|Any CPU.Build.0 = Debug|x64
		{05EFD4D6-B83A-4F21-A5BF-09B891D4885E}.Debug|x64.ActiveCfg = Debug|x64
		{05EFD4D6-B83A-4F21-A5BF-09B891D4885E}.Debug|x64.Build.0 = Debug|x64
		{05EFD4D6-B83A-4F21-A5BF-09B891D4885E}.Debug|x86.ActiveCfg = Debug|Win32
		{05EFD4D6-B83A-4F21-A5BF-09B891D4885E}.Debug|x86.Build.0 = Debug|Win32
		{05EFD4D6-B83A-4F21-A5BF-09B891D4885E}.Release|Any CPU.ActiveCfg = Release|x64
		{05EFD4D6-B83A-4F21-A5BF-09B891D4885E}.Release|Any CPU.Build.0 = Release|x64
		{05EFD4D6-B83A-4F21-A5BF-09B891D4885E}.Release|x64.ActiveCfg = Release|x64
		{05EFD4D6-B83A-4F21-A5BF-09B891D4885E}.Release|x64.Build.0 = Release|x64
		{05EFD4D6-B83A-4F21-A5BF-09B891D4885E}.Release|x86.ActiveCfg = Release|Win32
		{05EFD4D6-B83A-4F21-A5BF-09B891D4885E}.Release|x86.Build.0 = Release|Win32
		{DC544D09-101E-42BA-B73F-BCF3BB9D4922}.Debug|Any CPU.ActiveCfg = Debug|x64
		{DC544D09-101E-42BA-B73F-BCF3BB9D4922}.Debug|Any CPU.Build.0 = Debug|x64
		{DC544D09-101E-42BA-B73F-BCF3BB9D4922}.Debug|x64.ActiveCfg = Debug|x64
		{DC544D09-101E-42BA-B73F-BCF3BB9D4922}.Debug|x64.Build.0 = Debug|x64
		{DC544D09-101E-42BA-B73F-BCF3BB9D4922}.Debug|x86.ActiveCfg = Debug|Win32
		{DC544D09-101E-42BA-B73F-BCF3BB9D4922}.Debug|x86.Build.0 = Debug|Win32
		{DC544D09-101E-42BA-B73F-BCF3BB9D4922}.Release|Any CPU.ActiveCfg = Release|x64
		{DC544D09-101E-42BA-B73F-BCF3BB9D4922}.Release|Any CPU.Build.0 = Release|x64
		{DC544D09-101E-42BA-B73F-BCF3BB9D4922}.Release|x64.ActiveCfg = Release|x64
		{DC544D09-101E-42BA-B73F-BCF3BB9D4922}.Release|x64.Build.0 = Release|x64
		{DC544D09-101E-42BA-B73F-BCF3BB9D4922}.Release|x86.ActiveCfg = Release|Win32
		{DC544D09-101E-42BA-B73F-BCF3BB9D4922}.Release|x86.Build.0 = Release|Win32
		{A089D654-8DC1-455B-956A-A207C2EFBDF5}.Debug|Any CPU.ActiveCfg = Debug|x64
		{A089D654-8DC1-455B-956A-A207C2EFBDF5}.Debug|Any CPU.Build.0 = Debug|x64
		{A089D654-8DC1-455B-956A-A207C2EFBDF5}.Debug|x64.ActiveCfg = Debug|x64
		{A089D654-8DC1-455B-956A-A207C2EFBDF5}.Debug|x64.Build.0 = Debug|x64
		{A089D654-8DC1-455B-956A-A207C2EFBDF5}.Debug|x86.ActiveCfg = Debug|Win32
		{A089D654-8DC1-455B-956A-A207C2EFBDF5}.Debug|x86.Build.0 = Debug|Win32
		{A089D654-8DC1-455B-956A-A207C2EFBDF5}.Release|Any CPU.ActiveCfg = Release|x64
		{A089D654-8DC1-455B-956A-A207C2EFBDF5}.Release|Any CPU.Build.0 = Release|x64
		{A089D654-8DC1-455B-956A-A207C2EFBDF5}.Release|x64.ActiveCfg = Release|x64
		{A089D654-8DC1-455B-956A-A207C2EFBDF5}.Release|x64.Build.0 = Release|x64
		{A089D654-8DC1-455B-956A-A207C2EFBDF5}.Release|x86.ActiveCfg = Release|Win32
		{A089D654-8DC1-455B-956A-A207C2EFBDF5}.Release|x86.Build.0 = Release|Win32
		{588A9F5C-DFA1-4A2D-9D37-63F558D29A32}.Debug|Any CPU.ActiveCfg = Debug|x64
		{588A9F5C-DFA1-4A2D-9D37-63F558D29A32}.Debug|Any CPU.Build.0 = Debug|x64
		{588A9F5C-DFA1-4A2D-9D37-63F558D29A32}.Debug|x64.ActiveCfg = Debug|x64
		{588A9F5C-DFA1-4A2D-9D37-63F558D29A32}.Debug|x64.Build.0 = Debug|x64
		{588A9F5C-DFA1-4A2D-9D37-63F558D29A32}.Debug|x86.ActiveCfg = Debug|Win32
		{588A9F5C-DFA1-4A2D-9D37-63F558D29A32}.Debug|x86.Build.0 = Debug|Win32
		{588A9F5C-DFA1-4A2D-9D37-63F558D29A32}.Release|Any CPU.ActiveCfg = Release|x64
		{588A9F5C-DFA1-4A2D-9D37-63F558D29A32}.Release|Any CPU.Build.0 = Release|x64
		{588A9F5C-DFA1-4A2D-9D37-63F558D29A32}.Release|x64.ActiveCfg = Release|x64
		{588A9F5C-DFA1-4A2D-9D37-63F558D29A32}.Release|x64.Build.0 = Release|x64
		{588A9F5C-DFA1-4A2D-9D37-63F558D29A32}.Release|x86.ActiveCfg = Release|Win32
		{588A9F5C-DFA1-4A2D-9D37-63F558D29A32}.Release|x86.Build.0 = Release|Win32
	EndGlobalSection
	GlobalSection(SolutionProperties) = preSolution
		HideSolutionNode = FALSE
	EndGlobalSection
	GlobalSection(ExtensibilityGlobals) = postSolution
		SolutionGuid = {2D73FBCD-AB72-49DC-82F4-C9087D95AB0E}
	EndGlobalSection
EndGlobal
