
Microsoft Visual Studio Solution File, Format Version 12.00
# Visual Studio Version 17
VisualStudioVersion = 17.7.34031.279
MinimumVisualStudioVersion = 10.0.40219.1
Project("{8BC9CEB8-8B4A-11D0-8D11-00A0C91BC942}") = "0-1", "Proyecto.vcxproj", "{FA43ACBF-8FF1-4B3A-AB62-4E38122A3422}"
EndProject
Project("{8BC9CEB8-8B4A-11D0-8D11-00A0C91BC942}") = "0-2", "..\0-2\0-2.vcxproj", "{0ABB4E92-B19E-4E0A-9982-B4E3FB251712}"
EndProject
Project("{2150E333-8FDC-42A3-9474-1A3956D46DE8}") = "0", "0", "{FED6D691-C932-47CF-9CD0-8F73EE8CEC10}"
EndProject
Project("{2150E333-8FDC-42A3-9474-1A3956D46DE8}") = "1", "1", "{81FB6298-628F-4A80-AC47-76703F21F59E}"
EndProject
Project("{8BC9CEB8-8B4A-11D0-8D11-00A0C91BC942}") = "1-1", "..\1-1\1-1.vcxproj", "{F236FACC-356C-4332-9A81-5D497BA7AD0B}"
EndProject
Project("{2150E333-8FDC-42A3-9474-1A3956D46DE8}") = "Plantillas", "Plantillas", "{D2FE0EB7-4744-4A1C-A321-0DD23E66E4B7}"
	ProjectSection(SolutionItems) = preProject
		..\plantillas\PlantillaJuezCasosIlimitados.cpp = ..\plantillas\PlantillaJuezCasosIlimitados.cpp
		..\plantillas\PlantillaJuezCentinela.cpp = ..\plantillas\PlantillaJuezCentinela.cpp
		..\plantillas\PlantillaJuezNumeroCasos.cpp = ..\plantillas\PlantillaJuezNumeroCasos.cpp
	EndProjectSection
EndProject
Project("{8BC9CEB8-8B4A-11D0-8D11-00A0C91BC942}") = "0-3", "..\0-3\0-3.vcxproj", "{FE755D26-A030-42F0-A9D8-E3C7609462D2}"
EndProject
Project("{8BC9CEB8-8B4A-11D0-8D11-00A0C91BC942}") = "0-4", "..\0-4\0-4.vcxproj", "{E6BA2FF6-8BD7-4711-95CA-63E1563785C4}"
EndProject
Project("{8BC9CEB8-8B4A-11D0-8D11-00A0C91BC942}") = "0-5", "..\0-5\0-5.vcxproj", "{FF1F1DC2-D06C-4183-9001-71925398D5DB}"
EndProject
Project("{8BC9CEB8-8B4A-11D0-8D11-00A0C91BC942}") = "0-6", "..\0-6\0-6.vcxproj", "{AF9C38D2-177F-4BF3-897E-122A187765F9}"
EndProject
Project("{8BC9CEB8-8B4A-11D0-8D11-00A0C91BC942}") = "0-7", "..\0-7\0-7.vcxproj", "{262796C5-09BF-401E-888D-302B70B07F6D}"
EndProject
Project("{8BC9CEB8-8B4A-11D0-8D11-00A0C91BC942}") = "1-2", "..\1-2\1-2.vcxproj", "{DFE40240-83A3-4B65-A6CF-3AE82F9E6BAA}"
EndProject
Project("{8BC9CEB8-8B4A-11D0-8D11-00A0C91BC942}") = "1-3", "..\1-3\1-3.vcxproj", "{F95C485E-53B2-4B4D-801A-B8E86BC12BF2}"
EndProject
Project("{8BC9CEB8-8B4A-11D0-8D11-00A0C91BC942}") = "1-4", "..\1-4\1-4.vcxproj", "{20711BFE-6B83-4F15-9BAD-A025531D304E}"
EndProject
Project("{8BC9CEB8-8B4A-11D0-8D11-00A0C91BC942}") = "1-5", "..\1-5\1-5.vcxproj", "{09C3D605-708E-470C-95B5-DD48106423A1}"
EndProject
Project("{8BC9CEB8-8B4A-11D0-8D11-00A0C91BC942}") = "1-6", "..\1-6\1-6.vcxproj", "{5A717D0F-24C2-4C77-B31A-960096C35EF2}"
EndProject
Project("{8BC9CEB8-8B4A-11D0-8D11-00A0C91BC942}") = "1-7", "..\1-7\1-7.vcxproj", "{B04812F2-3198-4670-B63E-FF69F5EB8726}"
EndProject
Project("{2150E333-8FDC-42A3-9474-1A3956D46DE8}") = "2", "2", "{109F4E92-3E77-40B3-AD4F-31DCFE1B65D6}"
EndProject
Project("{8BC9CEB8-8B4A-11D0-8D11-00A0C91BC942}") = "2-1", "..\2-1\2-1.vcxproj", "{6ECDFB56-28AB-4A51-9BB3-52BE2068CA28}"
EndProject
Project("{8BC9CEB8-8B4A-11D0-8D11-00A0C91BC942}") = "2-2", "..\2-2\2-2.vcxproj", "{2E9FE05B-3B67-4AE3-876D-9A84F46E5B98}"
EndProject
Project("{8BC9CEB8-8B4A-11D0-8D11-00A0C91BC942}") = "2-3", "..\2-3\2-3.vcxproj", "{938A1590-CE9B-46E6-A49C-29FA6A17556F}"
EndProject
Project("{8BC9CEB8-8B4A-11D0-8D11-00A0C91BC942}") = "2-4", "..\2-4\2-4.vcxproj", "{A6DCCF42-9541-4C54-928C-4A417BB7E9E4}"
EndProject
Project("{8BC9CEB8-8B4A-11D0-8D11-00A0C91BC942}") = "2-5", "..\2-5\2-5.vcxproj", "{E51295AD-34E1-455A-A0A7-88E103498101}"
EndProject
Project("{2150E333-8FDC-42A3-9474-1A3956D46DE8}") = "2", "2", "{8198E2D2-ECB4-498B-9FD6-D73EAE172829}"
	ProjectSection(SolutionItems) = preProject
		..\plantillas\2\PlantillaBienSituado.cpp = ..\plantillas\2\PlantillaBienSituado.cpp
		..\plantillas\2\PlantillaCaucasicos.cpp = ..\plantillas\2\PlantillaCaucasicos.cpp
		..\plantillas\2\PlantillaCurvaConcava.cpp = ..\plantillas\2\PlantillaCurvaConcava.cpp
		..\plantillas\2\PlantillaElemPerdido.cpp = ..\plantillas\2\PlantillaElemPerdido.cpp
		..\plantillas\2\PlantillaParcialmenteOrdenado.cpp = ..\plantillas\2\PlantillaParcialmenteOrdenado.cpp
		..\plantillas\2\PlantillaSoloUnImpar.cpp = ..\plantillas\2\PlantillaSoloUnImpar.cpp
		..\plantillas\2\T2PlantillaFugaPrision.cpp = ..\plantillas\2\T2PlantillaFugaPrision.cpp
		..\plantillas\2\T2PlantillaRepsMenosUno.cpp = ..\plantillas\2\T2PlantillaRepsMenosUno.cpp
	EndProjectSection
EndProject
Project("{8BC9CEB8-8B4A-11D0-8D11-00A0C91BC942}") = "2-6", "..\2-6\2-6.vcxproj", "{421C84F1-60F4-4838-9579-C72016F75850}"
EndProject
Project("{8BC9CEB8-8B4A-11D0-8D11-00A0C91BC942}") = "2-7", "..\2-7\2-7.vcxproj", "{58F03D3D-D05C-4A88-A808-8E6C8F3BFE3E}"
EndProject
Project("{8BC9CEB8-8B4A-11D0-8D11-00A0C91BC942}") = "2-8", "..\2-8\2-8.vcxproj", "{500B58CF-0452-42D0-9D04-7786719F8B64}"
EndProject
Project("{8BC9CEB8-8B4A-11D0-8D11-00A0C91BC942}") = "2-9", "..\2-9\2-9.vcxproj", "{8879EB22-186A-4921-82DF-F492C19FBCC8}"
EndProject
Project("{8BC9CEB8-8B4A-11D0-8D11-00A0C91BC942}") = "2-10", "..\2-10\2-10.vcxproj", "{C6DEBB41-ADE0-4925-8DCB-EBC3411CBDA6}"
EndProject
Project("{8BC9CEB8-8B4A-11D0-8D11-00A0C91BC942}") = "2-11", "..\2-11\2-11.vcxproj", "{6AD0AAC9-9310-46EC-A3BC-761478479B1F}"
EndProject
Project("{8BC9CEB8-8B4A-11D0-8D11-00A0C91BC942}") = "2-12", "..\2-12\2-12.vcxproj", "{F08681BE-8B55-414D-AE61-B2C62B5B1979}"
EndProject
Project("{8BC9CEB8-8B4A-11D0-8D11-00A0C91BC942}") = "2-13", "..\2-14\2-14.vcxproj", "{9782B449-9AB0-451F-862E-8FA2121E8C3D}"
EndProject
Project("{2150E333-8FDC-42A3-9474-1A3956D46DE8}") = "4", "4", "{C5B139F9-7C55-4A70-98BA-3AE5E1C15D7F}"
EndProject
Project("{8BC9CEB8-8B4A-11D0-8D11-00A0C91BC942}") = "4-1", "..\4-1\4-1.vcxproj", "{23D58563-6292-4376-BC12-38A0E4B7BE25}"
EndProject
Project("{8BC9CEB8-8B4A-11D0-8D11-00A0C91BC942}") = "4-2", "..\4-2\4-2.vcxproj", "{9E34FE3A-5DAE-4428-BA9F-48A7743B9847}"
EndProject
Project("{8BC9CEB8-8B4A-11D0-8D11-00A0C91BC942}") = "4-3", "..\4-3\4-3.vcxproj", "{818A08D8-9D95-4D90-B057-6A51FFE2DD5A}"
EndProject
Project("{2150E333-8FDC-42A3-9474-1A3956D46DE8}") = "Clases", "Clases", "{32B238C9-76B6-48E1-B719-F350F91F548B}"
	ProjectSection(SolutionItems) = preProject
		..\clases\Date1A.cpp = ..\clases\Date1A.cpp
		..\clases\Date1A.h = ..\clases\Date1A.h
		..\clases\Date1B.cpp = ..\clases\Date1B.cpp
		..\clases\Date1B.h = ..\clases\Date1B.h
		..\clases\Date2.cpp = ..\clases\Date2.cpp
		..\clases\Date2.h = ..\clases\Date2.h
		..\clases\Date3.cpp = ..\clases\Date3.cpp
		..\clases\Date3.h = ..\clases\Date3.h
		..\clases\Date4.cpp = ..\clases\Date4.cpp
		..\clases\Date4.h = ..\clases\Date4.h
		..\clases\DateTests.cpp = ..\clases\DateTests.cpp
		..\clases\Set.h = ..\clases\Set.h
		..\clases\Set1.h = ..\clases\Set1.h
		..\clases\Set2.h = ..\clases\Set2.h
		..\clases\SetTests.cpp = ..\clases\SetTests.cpp
	EndProjectSection
EndProject
Global
	GlobalSection(SolutionConfigurationPlatforms) = preSolution
		Debug|x64 = Debug|x64
		Debug|x86 = Debug|x86
		Release|x64 = Release|x64
		Release|x86 = Release|x86
	EndGlobalSection
	GlobalSection(ProjectConfigurationPlatforms) = postSolution
		{FA43ACBF-8FF1-4B3A-AB62-4E38122A3422}.Debug|x64.ActiveCfg = Debug|x64
		{FA43ACBF-8FF1-4B3A-AB62-4E38122A3422}.Debug|x64.Build.0 = Debug|x64
		{FA43ACBF-8FF1-4B3A-AB62-4E38122A3422}.Debug|x86.ActiveCfg = Debug|Win32
		{FA43ACBF-8FF1-4B3A-AB62-4E38122A3422}.Debug|x86.Build.0 = Debug|Win32
		{FA43ACBF-8FF1-4B3A-AB62-4E38122A3422}.Release|x64.ActiveCfg = Release|x64
		{FA43ACBF-8FF1-4B3A-AB62-4E38122A3422}.Release|x64.Build.0 = Release|x64
		{FA43ACBF-8FF1-4B3A-AB62-4E38122A3422}.Release|x86.ActiveCfg = Release|Win32
		{FA43ACBF-8FF1-4B3A-AB62-4E38122A3422}.Release|x86.Build.0 = Release|Win32
		{0ABB4E92-B19E-4E0A-9982-B4E3FB251712}.Debug|x64.ActiveCfg = Debug|x64
		{0ABB4E92-B19E-4E0A-9982-B4E3FB251712}.Debug|x64.Build.0 = Debug|x64
		{0ABB4E92-B19E-4E0A-9982-B4E3FB251712}.Debug|x86.ActiveCfg = Debug|Win32
		{0ABB4E92-B19E-4E0A-9982-B4E3FB251712}.Debug|x86.Build.0 = Debug|Win32
		{0ABB4E92-B19E-4E0A-9982-B4E3FB251712}.Release|x64.ActiveCfg = Release|x64
		{0ABB4E92-B19E-4E0A-9982-B4E3FB251712}.Release|x64.Build.0 = Release|x64
		{0ABB4E92-B19E-4E0A-9982-B4E3FB251712}.Release|x86.ActiveCfg = Release|Win32
		{0ABB4E92-B19E-4E0A-9982-B4E3FB251712}.Release|x86.Build.0 = Release|Win32
		{F236FACC-356C-4332-9A81-5D497BA7AD0B}.Debug|x64.ActiveCfg = Debug|x64
		{F236FACC-356C-4332-9A81-5D497BA7AD0B}.Debug|x64.Build.0 = Debug|x64
		{F236FACC-356C-4332-9A81-5D497BA7AD0B}.Debug|x86.ActiveCfg = Debug|Win32
		{F236FACC-356C-4332-9A81-5D497BA7AD0B}.Debug|x86.Build.0 = Debug|Win32
		{F236FACC-356C-4332-9A81-5D497BA7AD0B}.Release|x64.ActiveCfg = Release|x64
		{F236FACC-356C-4332-9A81-5D497BA7AD0B}.Release|x64.Build.0 = Release|x64
		{F236FACC-356C-4332-9A81-5D497BA7AD0B}.Release|x86.ActiveCfg = Release|Win32
		{F236FACC-356C-4332-9A81-5D497BA7AD0B}.Release|x86.Build.0 = Release|Win32
		{FE755D26-A030-42F0-A9D8-E3C7609462D2}.Debug|x64.ActiveCfg = Debug|x64
		{FE755D26-A030-42F0-A9D8-E3C7609462D2}.Debug|x64.Build.0 = Debug|x64
		{FE755D26-A030-42F0-A9D8-E3C7609462D2}.Debug|x86.ActiveCfg = Debug|Win32
		{FE755D26-A030-42F0-A9D8-E3C7609462D2}.Debug|x86.Build.0 = Debug|Win32
		{FE755D26-A030-42F0-A9D8-E3C7609462D2}.Release|x64.ActiveCfg = Release|x64
		{FE755D26-A030-42F0-A9D8-E3C7609462D2}.Release|x64.Build.0 = Release|x64
		{FE755D26-A030-42F0-A9D8-E3C7609462D2}.Release|x86.ActiveCfg = Release|Win32
		{FE755D26-A030-42F0-A9D8-E3C7609462D2}.Release|x86.Build.0 = Release|Win32
		{E6BA2FF6-8BD7-4711-95CA-63E1563785C4}.Debug|x64.ActiveCfg = Debug|x64
		{E6BA2FF6-8BD7-4711-95CA-63E1563785C4}.Debug|x64.Build.0 = Debug|x64
		{E6BA2FF6-8BD7-4711-95CA-63E1563785C4}.Debug|x86.ActiveCfg = Debug|Win32
		{E6BA2FF6-8BD7-4711-95CA-63E1563785C4}.Debug|x86.Build.0 = Debug|Win32
		{E6BA2FF6-8BD7-4711-95CA-63E1563785C4}.Release|x64.ActiveCfg = Release|x64
		{E6BA2FF6-8BD7-4711-95CA-63E1563785C4}.Release|x64.Build.0 = Release|x64
		{E6BA2FF6-8BD7-4711-95CA-63E1563785C4}.Release|x86.ActiveCfg = Release|Win32
		{E6BA2FF6-8BD7-4711-95CA-63E1563785C4}.Release|x86.Build.0 = Release|Win32
		{FF1F1DC2-D06C-4183-9001-71925398D5DB}.Debug|x64.ActiveCfg = Debug|x64
		{FF1F1DC2-D06C-4183-9001-71925398D5DB}.Debug|x64.Build.0 = Debug|x64
		{FF1F1DC2-D06C-4183-9001-71925398D5DB}.Debug|x86.ActiveCfg = Debug|Win32
		{FF1F1DC2-D06C-4183-9001-71925398D5DB}.Debug|x86.Build.0 = Debug|Win32
		{FF1F1DC2-D06C-4183-9001-71925398D5DB}.Release|x64.ActiveCfg = Release|x64
		{FF1F1DC2-D06C-4183-9001-71925398D5DB}.Release|x64.Build.0 = Release|x64
		{FF1F1DC2-D06C-4183-9001-71925398D5DB}.Release|x86.ActiveCfg = Release|Win32
		{FF1F1DC2-D06C-4183-9001-71925398D5DB}.Release|x86.Build.0 = Release|Win32
		{AF9C38D2-177F-4BF3-897E-122A187765F9}.Debug|x64.ActiveCfg = Debug|x64
		{AF9C38D2-177F-4BF3-897E-122A187765F9}.Debug|x64.Build.0 = Debug|x64
		{AF9C38D2-177F-4BF3-897E-122A187765F9}.Debug|x86.ActiveCfg = Debug|Win32
		{AF9C38D2-177F-4BF3-897E-122A187765F9}.Debug|x86.Build.0 = Debug|Win32
		{AF9C38D2-177F-4BF3-897E-122A187765F9}.Release|x64.ActiveCfg = Release|x64
		{AF9C38D2-177F-4BF3-897E-122A187765F9}.Release|x64.Build.0 = Release|x64
		{AF9C38D2-177F-4BF3-897E-122A187765F9}.Release|x86.ActiveCfg = Release|Win32
		{AF9C38D2-177F-4BF3-897E-122A187765F9}.Release|x86.Build.0 = Release|Win32
		{262796C5-09BF-401E-888D-302B70B07F6D}.Debug|x64.ActiveCfg = Debug|x64
		{262796C5-09BF-401E-888D-302B70B07F6D}.Debug|x64.Build.0 = Debug|x64
		{262796C5-09BF-401E-888D-302B70B07F6D}.Debug|x86.ActiveCfg = Debug|Win32
		{262796C5-09BF-401E-888D-302B70B07F6D}.Debug|x86.Build.0 = Debug|Win32
		{262796C5-09BF-401E-888D-302B70B07F6D}.Release|x64.ActiveCfg = Release|x64
		{262796C5-09BF-401E-888D-302B70B07F6D}.Release|x64.Build.0 = Release|x64
		{262796C5-09BF-401E-888D-302B70B07F6D}.Release|x86.ActiveCfg = Release|Win32
		{262796C5-09BF-401E-888D-302B70B07F6D}.Release|x86.Build.0 = Release|Win32
		{DFE40240-83A3-4B65-A6CF-3AE82F9E6BAA}.Debug|x64.ActiveCfg = Debug|x64
		{DFE40240-83A3-4B65-A6CF-3AE82F9E6BAA}.Debug|x64.Build.0 = Debug|x64
		{DFE40240-83A3-4B65-A6CF-3AE82F9E6BAA}.Debug|x86.ActiveCfg = Debug|Win32
		{DFE40240-83A3-4B65-A6CF-3AE82F9E6BAA}.Debug|x86.Build.0 = Debug|Win32
		{DFE40240-83A3-4B65-A6CF-3AE82F9E6BAA}.Release|x64.ActiveCfg = Release|x64
		{DFE40240-83A3-4B65-A6CF-3AE82F9E6BAA}.Release|x64.Build.0 = Release|x64
		{DFE40240-83A3-4B65-A6CF-3AE82F9E6BAA}.Release|x86.ActiveCfg = Release|Win32
		{DFE40240-83A3-4B65-A6CF-3AE82F9E6BAA}.Release|x86.Build.0 = Release|Win32
		{F95C485E-53B2-4B4D-801A-B8E86BC12BF2}.Debug|x64.ActiveCfg = Debug|x64
		{F95C485E-53B2-4B4D-801A-B8E86BC12BF2}.Debug|x64.Build.0 = Debug|x64
		{F95C485E-53B2-4B4D-801A-B8E86BC12BF2}.Debug|x86.ActiveCfg = Debug|Win32
		{F95C485E-53B2-4B4D-801A-B8E86BC12BF2}.Debug|x86.Build.0 = Debug|Win32
		{F95C485E-53B2-4B4D-801A-B8E86BC12BF2}.Release|x64.ActiveCfg = Release|x64
		{F95C485E-53B2-4B4D-801A-B8E86BC12BF2}.Release|x64.Build.0 = Release|x64
		{F95C485E-53B2-4B4D-801A-B8E86BC12BF2}.Release|x86.ActiveCfg = Release|Win32
		{F95C485E-53B2-4B4D-801A-B8E86BC12BF2}.Release|x86.Build.0 = Release|Win32
		{20711BFE-6B83-4F15-9BAD-A025531D304E}.Debug|x64.ActiveCfg = Debug|x64
		{20711BFE-6B83-4F15-9BAD-A025531D304E}.Debug|x64.Build.0 = Debug|x64
		{20711BFE-6B83-4F15-9BAD-A025531D304E}.Debug|x86.ActiveCfg = Debug|Win32
		{20711BFE-6B83-4F15-9BAD-A025531D304E}.Debug|x86.Build.0 = Debug|Win32
		{20711BFE-6B83-4F15-9BAD-A025531D304E}.Release|x64.ActiveCfg = Release|x64
		{20711BFE-6B83-4F15-9BAD-A025531D304E}.Release|x64.Build.0 = Release|x64
		{20711BFE-6B83-4F15-9BAD-A025531D304E}.Release|x86.ActiveCfg = Release|Win32
		{20711BFE-6B83-4F15-9BAD-A025531D304E}.Release|x86.Build.0 = Release|Win32
		{09C3D605-708E-470C-95B5-DD48106423A1}.Debug|x64.ActiveCfg = Debug|x64
		{09C3D605-708E-470C-95B5-DD48106423A1}.Debug|x64.Build.0 = Debug|x64
		{09C3D605-708E-470C-95B5-DD48106423A1}.Debug|x86.ActiveCfg = Debug|Win32
		{09C3D605-708E-470C-95B5-DD48106423A1}.Debug|x86.Build.0 = Debug|Win32
		{09C3D605-708E-470C-95B5-DD48106423A1}.Release|x64.ActiveCfg = Release|x64
		{09C3D605-708E-470C-95B5-DD48106423A1}.Release|x64.Build.0 = Release|x64
		{09C3D605-708E-470C-95B5-DD48106423A1}.Release|x86.ActiveCfg = Release|Win32
		{09C3D605-708E-470C-95B5-DD48106423A1}.Release|x86.Build.0 = Release|Win32
		{5A717D0F-24C2-4C77-B31A-960096C35EF2}.Debug|x64.ActiveCfg = Debug|x64
		{5A717D0F-24C2-4C77-B31A-960096C35EF2}.Debug|x64.Build.0 = Debug|x64
		{5A717D0F-24C2-4C77-B31A-960096C35EF2}.Debug|x86.ActiveCfg = Debug|Win32
		{5A717D0F-24C2-4C77-B31A-960096C35EF2}.Debug|x86.Build.0 = Debug|Win32
		{5A717D0F-24C2-4C77-B31A-960096C35EF2}.Release|x64.ActiveCfg = Release|x64
		{5A717D0F-24C2-4C77-B31A-960096C35EF2}.Release|x64.Build.0 = Release|x64
		{5A717D0F-24C2-4C77-B31A-960096C35EF2}.Release|x86.ActiveCfg = Release|Win32
		{5A717D0F-24C2-4C77-B31A-960096C35EF2}.Release|x86.Build.0 = Release|Win32
		{B04812F2-3198-4670-B63E-FF69F5EB8726}.Debug|x64.ActiveCfg = Debug|x64
		{B04812F2-3198-4670-B63E-FF69F5EB8726}.Debug|x64.Build.0 = Debug|x64
		{B04812F2-3198-4670-B63E-FF69F5EB8726}.Debug|x86.ActiveCfg = Debug|Win32
		{B04812F2-3198-4670-B63E-FF69F5EB8726}.Debug|x86.Build.0 = Debug|Win32
		{B04812F2-3198-4670-B63E-FF69F5EB8726}.Release|x64.ActiveCfg = Release|x64
		{B04812F2-3198-4670-B63E-FF69F5EB8726}.Release|x64.Build.0 = Release|x64
		{B04812F2-3198-4670-B63E-FF69F5EB8726}.Release|x86.ActiveCfg = Release|Win32
		{B04812F2-3198-4670-B63E-FF69F5EB8726}.Release|x86.Build.0 = Release|Win32
		{6ECDFB56-28AB-4A51-9BB3-52BE2068CA28}.Debug|x64.ActiveCfg = Debug|x64
		{6ECDFB56-28AB-4A51-9BB3-52BE2068CA28}.Debug|x64.Build.0 = Debug|x64
		{6ECDFB56-28AB-4A51-9BB3-52BE2068CA28}.Debug|x86.ActiveCfg = Debug|Win32
		{6ECDFB56-28AB-4A51-9BB3-52BE2068CA28}.Debug|x86.Build.0 = Debug|Win32
		{6ECDFB56-28AB-4A51-9BB3-52BE2068CA28}.Release|x64.ActiveCfg = Release|x64
		{6ECDFB56-28AB-4A51-9BB3-52BE2068CA28}.Release|x64.Build.0 = Release|x64
		{6ECDFB56-28AB-4A51-9BB3-52BE2068CA28}.Release|x86.ActiveCfg = Release|Win32
		{6ECDFB56-28AB-4A51-9BB3-52BE2068CA28}.Release|x86.Build.0 = Release|Win32
		{2E9FE05B-3B67-4AE3-876D-9A84F46E5B98}.Debug|x64.ActiveCfg = Debug|x64
		{2E9FE05B-3B67-4AE3-876D-9A84F46E5B98}.Debug|x64.Build.0 = Debug|x64
		{2E9FE05B-3B67-4AE3-876D-9A84F46E5B98}.Debug|x86.ActiveCfg = Debug|Win32
		{2E9FE05B-3B67-4AE3-876D-9A84F46E5B98}.Debug|x86.Build.0 = Debug|Win32
		{2E9FE05B-3B67-4AE3-876D-9A84F46E5B98}.Release|x64.ActiveCfg = Release|x64
		{2E9FE05B-3B67-4AE3-876D-9A84F46E5B98}.Release|x64.Build.0 = Release|x64
		{2E9FE05B-3B67-4AE3-876D-9A84F46E5B98}.Release|x86.ActiveCfg = Release|Win32
		{2E9FE05B-3B67-4AE3-876D-9A84F46E5B98}.Release|x86.Build.0 = Release|Win32
		{938A1590-CE9B-46E6-A49C-29FA6A17556F}.Debug|x64.ActiveCfg = Debug|x64
		{938A1590-CE9B-46E6-A49C-29FA6A17556F}.Debug|x64.Build.0 = Debug|x64
		{938A1590-CE9B-46E6-A49C-29FA6A17556F}.Debug|x86.ActiveCfg = Debug|Win32
		{938A1590-CE9B-46E6-A49C-29FA6A17556F}.Debug|x86.Build.0 = Debug|Win32
		{938A1590-CE9B-46E6-A49C-29FA6A17556F}.Release|x64.ActiveCfg = Release|x64
		{938A1590-CE9B-46E6-A49C-29FA6A17556F}.Release|x64.Build.0 = Release|x64
		{938A1590-CE9B-46E6-A49C-29FA6A17556F}.Release|x86.ActiveCfg = Release|Win32
		{938A1590-CE9B-46E6-A49C-29FA6A17556F}.Release|x86.Build.0 = Release|Win32
		{A6DCCF42-9541-4C54-928C-4A417BB7E9E4}.Debug|x64.ActiveCfg = Debug|x64
		{A6DCCF42-9541-4C54-928C-4A417BB7E9E4}.Debug|x64.Build.0 = Debug|x64
		{A6DCCF42-9541-4C54-928C-4A417BB7E9E4}.Debug|x86.ActiveCfg = Debug|Win32
		{A6DCCF42-9541-4C54-928C-4A417BB7E9E4}.Debug|x86.Build.0 = Debug|Win32
		{A6DCCF42-9541-4C54-928C-4A417BB7E9E4}.Release|x64.ActiveCfg = Release|x64
		{A6DCCF42-9541-4C54-928C-4A417BB7E9E4}.Release|x64.Build.0 = Release|x64
		{A6DCCF42-9541-4C54-928C-4A417BB7E9E4}.Release|x86.ActiveCfg = Release|Win32
		{A6DCCF42-9541-4C54-928C-4A417BB7E9E4}.Release|x86.Build.0 = Release|Win32
		{E51295AD-34E1-455A-A0A7-88E103498101}.Debug|x64.ActiveCfg = Debug|x64
		{E51295AD-34E1-455A-A0A7-88E103498101}.Debug|x64.Build.0 = Debug|x64
		{E51295AD-34E1-455A-A0A7-88E103498101}.Debug|x86.ActiveCfg = Debug|Win32
		{E51295AD-34E1-455A-A0A7-88E103498101}.Debug|x86.Build.0 = Debug|Win32
		{E51295AD-34E1-455A-A0A7-88E103498101}.Release|x64.ActiveCfg = Release|x64
		{E51295AD-34E1-455A-A0A7-88E103498101}.Release|x64.Build.0 = Release|x64
		{E51295AD-34E1-455A-A0A7-88E103498101}.Release|x86.ActiveCfg = Release|Win32
		{E51295AD-34E1-455A-A0A7-88E103498101}.Release|x86.Build.0 = Release|Win32
		{421C84F1-60F4-4838-9579-C72016F75850}.Debug|x64.ActiveCfg = Debug|x64
		{421C84F1-60F4-4838-9579-C72016F75850}.Debug|x64.Build.0 = Debug|x64
		{421C84F1-60F4-4838-9579-C72016F75850}.Debug|x86.ActiveCfg = Debug|Win32
		{421C84F1-60F4-4838-9579-C72016F75850}.Debug|x86.Build.0 = Debug|Win32
		{421C84F1-60F4-4838-9579-C72016F75850}.Release|x64.ActiveCfg = Release|x64
		{421C84F1-60F4-4838-9579-C72016F75850}.Release|x64.Build.0 = Release|x64
		{421C84F1-60F4-4838-9579-C72016F75850}.Release|x86.ActiveCfg = Release|Win32
		{421C84F1-60F4-4838-9579-C72016F75850}.Release|x86.Build.0 = Release|Win32
		{58F03D3D-D05C-4A88-A808-8E6C8F3BFE3E}.Debug|x64.ActiveCfg = Debug|x64
		{58F03D3D-D05C-4A88-A808-8E6C8F3BFE3E}.Debug|x64.Build.0 = Debug|x64
		{58F03D3D-D05C-4A88-A808-8E6C8F3BFE3E}.Debug|x86.ActiveCfg = Debug|Win32
		{58F03D3D-D05C-4A88-A808-8E6C8F3BFE3E}.Debug|x86.Build.0 = Debug|Win32
		{58F03D3D-D05C-4A88-A808-8E6C8F3BFE3E}.Release|x64.ActiveCfg = Release|x64
		{58F03D3D-D05C-4A88-A808-8E6C8F3BFE3E}.Release|x64.Build.0 = Release|x64
		{58F03D3D-D05C-4A88-A808-8E6C8F3BFE3E}.Release|x86.ActiveCfg = Release|Win32
		{58F03D3D-D05C-4A88-A808-8E6C8F3BFE3E}.Release|x86.Build.0 = Release|Win32
		{500B58CF-0452-42D0-9D04-7786719F8B64}.Debug|x64.ActiveCfg = Debug|x64
		{500B58CF-0452-42D0-9D04-7786719F8B64}.Debug|x64.Build.0 = Debug|x64
		{500B58CF-0452-42D0-9D04-7786719F8B64}.Debug|x86.ActiveCfg = Debug|Win32
		{500B58CF-0452-42D0-9D04-7786719F8B64}.Debug|x86.Build.0 = Debug|Win32
		{500B58CF-0452-42D0-9D04-7786719F8B64}.Release|x64.ActiveCfg = Release|x64
		{500B58CF-0452-42D0-9D04-7786719F8B64}.Release|x64.Build.0 = Release|x64
		{500B58CF-0452-42D0-9D04-7786719F8B64}.Release|x86.ActiveCfg = Release|Win32
		{500B58CF-0452-42D0-9D04-7786719F8B64}.Release|x86.Build.0 = Release|Win32
		{8879EB22-186A-4921-82DF-F492C19FBCC8}.Debug|x64.ActiveCfg = Debug|x64
		{8879EB22-186A-4921-82DF-F492C19FBCC8}.Debug|x64.Build.0 = Debug|x64
		{8879EB22-186A-4921-82DF-F492C19FBCC8}.Debug|x86.ActiveCfg = Debug|Win32
		{8879EB22-186A-4921-82DF-F492C19FBCC8}.Debug|x86.Build.0 = Debug|Win32
		{8879EB22-186A-4921-82DF-F492C19FBCC8}.Release|x64.ActiveCfg = Release|x64
		{8879EB22-186A-4921-82DF-F492C19FBCC8}.Release|x64.Build.0 = Release|x64
		{8879EB22-186A-4921-82DF-F492C19FBCC8}.Release|x86.ActiveCfg = Release|Win32
		{8879EB22-186A-4921-82DF-F492C19FBCC8}.Release|x86.Build.0 = Release|Win32
		{C6DEBB41-ADE0-4925-8DCB-EBC3411CBDA6}.Debug|x64.ActiveCfg = Debug|x64
		{C6DEBB41-ADE0-4925-8DCB-EBC3411CBDA6}.Debug|x64.Build.0 = Debug|x64
		{C6DEBB41-ADE0-4925-8DCB-EBC3411CBDA6}.Debug|x86.ActiveCfg = Debug|Win32
		{C6DEBB41-ADE0-4925-8DCB-EBC3411CBDA6}.Debug|x86.Build.0 = Debug|Win32
		{C6DEBB41-ADE0-4925-8DCB-EBC3411CBDA6}.Release|x64.ActiveCfg = Release|x64
		{C6DEBB41-ADE0-4925-8DCB-EBC3411CBDA6}.Release|x64.Build.0 = Release|x64
		{C6DEBB41-ADE0-4925-8DCB-EBC3411CBDA6}.Release|x86.ActiveCfg = Release|Win32
		{C6DEBB41-ADE0-4925-8DCB-EBC3411CBDA6}.Release|x86.Build.0 = Release|Win32
		{6AD0AAC9-9310-46EC-A3BC-761478479B1F}.Debug|x64.ActiveCfg = Debug|x64
		{6AD0AAC9-9310-46EC-A3BC-761478479B1F}.Debug|x64.Build.0 = Debug|x64
		{6AD0AAC9-9310-46EC-A3BC-761478479B1F}.Debug|x86.ActiveCfg = Debug|Win32
		{6AD0AAC9-9310-46EC-A3BC-761478479B1F}.Debug|x86.Build.0 = Debug|Win32
		{6AD0AAC9-9310-46EC-A3BC-761478479B1F}.Release|x64.ActiveCfg = Release|x64
		{6AD0AAC9-9310-46EC-A3BC-761478479B1F}.Release|x64.Build.0 = Release|x64
		{6AD0AAC9-9310-46EC-A3BC-761478479B1F}.Release|x86.ActiveCfg = Release|Win32
		{6AD0AAC9-9310-46EC-A3BC-761478479B1F}.Release|x86.Build.0 = Release|Win32
		{F08681BE-8B55-414D-AE61-B2C62B5B1979}.Debug|x64.ActiveCfg = Debug|x64
		{F08681BE-8B55-414D-AE61-B2C62B5B1979}.Debug|x64.Build.0 = Debug|x64
		{F08681BE-8B55-414D-AE61-B2C62B5B1979}.Debug|x86.ActiveCfg = Debug|Win32
		{F08681BE-8B55-414D-AE61-B2C62B5B1979}.Debug|x86.Build.0 = Debug|Win32
		{F08681BE-8B55-414D-AE61-B2C62B5B1979}.Release|x64.ActiveCfg = Release|x64
		{F08681BE-8B55-414D-AE61-B2C62B5B1979}.Release|x64.Build.0 = Release|x64
		{F08681BE-8B55-414D-AE61-B2C62B5B1979}.Release|x86.ActiveCfg = Release|Win32
		{F08681BE-8B55-414D-AE61-B2C62B5B1979}.Release|x86.Build.0 = Release|Win32
		{9782B449-9AB0-451F-862E-8FA2121E8C3D}.Debug|x64.ActiveCfg = Debug|x64
		{9782B449-9AB0-451F-862E-8FA2121E8C3D}.Debug|x64.Build.0 = Debug|x64
		{9782B449-9AB0-451F-862E-8FA2121E8C3D}.Debug|x86.ActiveCfg = Debug|Win32
		{9782B449-9AB0-451F-862E-8FA2121E8C3D}.Debug|x86.Build.0 = Debug|Win32
		{9782B449-9AB0-451F-862E-8FA2121E8C3D}.Release|x64.ActiveCfg = Release|x64
		{9782B449-9AB0-451F-862E-8FA2121E8C3D}.Release|x64.Build.0 = Release|x64
		{9782B449-9AB0-451F-862E-8FA2121E8C3D}.Release|x86.ActiveCfg = Release|Win32
		{9782B449-9AB0-451F-862E-8FA2121E8C3D}.Release|x86.Build.0 = Release|Win32
		{23D58563-6292-4376-BC12-38A0E4B7BE25}.Debug|x64.ActiveCfg = Debug|x64
		{23D58563-6292-4376-BC12-38A0E4B7BE25}.Debug|x64.Build.0 = Debug|x64
		{23D58563-6292-4376-BC12-38A0E4B7BE25}.Debug|x86.ActiveCfg = Debug|Win32
		{23D58563-6292-4376-BC12-38A0E4B7BE25}.Debug|x86.Build.0 = Debug|Win32
		{23D58563-6292-4376-BC12-38A0E4B7BE25}.Release|x64.ActiveCfg = Release|x64
		{23D58563-6292-4376-BC12-38A0E4B7BE25}.Release|x64.Build.0 = Release|x64
		{23D58563-6292-4376-BC12-38A0E4B7BE25}.Release|x86.ActiveCfg = Release|Win32
		{23D58563-6292-4376-BC12-38A0E4B7BE25}.Release|x86.Build.0 = Release|Win32
		{9E34FE3A-5DAE-4428-BA9F-48A7743B9847}.Debug|x64.ActiveCfg = Debug|x64
		{9E34FE3A-5DAE-4428-BA9F-48A7743B9847}.Debug|x64.Build.0 = Debug|x64
		{9E34FE3A-5DAE-4428-BA9F-48A7743B9847}.Debug|x86.ActiveCfg = Debug|Win32
		{9E34FE3A-5DAE-4428-BA9F-48A7743B9847}.Debug|x86.Build.0 = Debug|Win32
		{9E34FE3A-5DAE-4428-BA9F-48A7743B9847}.Release|x64.ActiveCfg = Release|x64
		{9E34FE3A-5DAE-4428-BA9F-48A7743B9847}.Release|x64.Build.0 = Release|x64
		{9E34FE3A-5DAE-4428-BA9F-48A7743B9847}.Release|x86.ActiveCfg = Release|Win32
		{9E34FE3A-5DAE-4428-BA9F-48A7743B9847}.Release|x86.Build.0 = Release|Win32
		{818A08D8-9D95-4D90-B057-6A51FFE2DD5A}.Debug|x64.ActiveCfg = Debug|x64
		{818A08D8-9D95-4D90-B057-6A51FFE2DD5A}.Debug|x64.Build.0 = Debug|x64
		{818A08D8-9D95-4D90-B057-6A51FFE2DD5A}.Debug|x86.ActiveCfg = Debug|Win32
		{818A08D8-9D95-4D90-B057-6A51FFE2DD5A}.Debug|x86.Build.0 = Debug|Win32
		{818A08D8-9D95-4D90-B057-6A51FFE2DD5A}.Release|x64.ActiveCfg = Release|x64
		{818A08D8-9D95-4D90-B057-6A51FFE2DD5A}.Release|x64.Build.0 = Release|x64
		{818A08D8-9D95-4D90-B057-6A51FFE2DD5A}.Release|x86.ActiveCfg = Release|Win32
		{818A08D8-9D95-4D90-B057-6A51FFE2DD5A}.Release|x86.Build.0 = Release|Win32
	EndGlobalSection
	GlobalSection(SolutionProperties) = preSolution
		HideSolutionNode = FALSE
	EndGlobalSection
	GlobalSection(NestedProjects) = preSolution
		{FA43ACBF-8FF1-4B3A-AB62-4E38122A3422} = {FED6D691-C932-47CF-9CD0-8F73EE8CEC10}
		{0ABB4E92-B19E-4E0A-9982-B4E3FB251712} = {FED6D691-C932-47CF-9CD0-8F73EE8CEC10}
		{F236FACC-356C-4332-9A81-5D497BA7AD0B} = {81FB6298-628F-4A80-AC47-76703F21F59E}
		{FE755D26-A030-42F0-A9D8-E3C7609462D2} = {FED6D691-C932-47CF-9CD0-8F73EE8CEC10}
		{E6BA2FF6-8BD7-4711-95CA-63E1563785C4} = {FED6D691-C932-47CF-9CD0-8F73EE8CEC10}
		{FF1F1DC2-D06C-4183-9001-71925398D5DB} = {FED6D691-C932-47CF-9CD0-8F73EE8CEC10}
		{AF9C38D2-177F-4BF3-897E-122A187765F9} = {FED6D691-C932-47CF-9CD0-8F73EE8CEC10}
		{262796C5-09BF-401E-888D-302B70B07F6D} = {FED6D691-C932-47CF-9CD0-8F73EE8CEC10}
		{DFE40240-83A3-4B65-A6CF-3AE82F9E6BAA} = {81FB6298-628F-4A80-AC47-76703F21F59E}
		{F95C485E-53B2-4B4D-801A-B8E86BC12BF2} = {81FB6298-628F-4A80-AC47-76703F21F59E}
		{20711BFE-6B83-4F15-9BAD-A025531D304E} = {81FB6298-628F-4A80-AC47-76703F21F59E}
		{09C3D605-708E-470C-95B5-DD48106423A1} = {81FB6298-628F-4A80-AC47-76703F21F59E}
		{5A717D0F-24C2-4C77-B31A-960096C35EF2} = {81FB6298-628F-4A80-AC47-76703F21F59E}
		{B04812F2-3198-4670-B63E-FF69F5EB8726} = {81FB6298-628F-4A80-AC47-76703F21F59E}
		{6ECDFB56-28AB-4A51-9BB3-52BE2068CA28} = {109F4E92-3E77-40B3-AD4F-31DCFE1B65D6}
		{2E9FE05B-3B67-4AE3-876D-9A84F46E5B98} = {109F4E92-3E77-40B3-AD4F-31DCFE1B65D6}
		{938A1590-CE9B-46E6-A49C-29FA6A17556F} = {109F4E92-3E77-40B3-AD4F-31DCFE1B65D6}
		{A6DCCF42-9541-4C54-928C-4A417BB7E9E4} = {109F4E92-3E77-40B3-AD4F-31DCFE1B65D6}
		{E51295AD-34E1-455A-A0A7-88E103498101} = {109F4E92-3E77-40B3-AD4F-31DCFE1B65D6}
		{8198E2D2-ECB4-498B-9FD6-D73EAE172829} = {D2FE0EB7-4744-4A1C-A321-0DD23E66E4B7}
		{421C84F1-60F4-4838-9579-C72016F75850} = {109F4E92-3E77-40B3-AD4F-31DCFE1B65D6}
		{58F03D3D-D05C-4A88-A808-8E6C8F3BFE3E} = {109F4E92-3E77-40B3-AD4F-31DCFE1B65D6}
		{500B58CF-0452-42D0-9D04-7786719F8B64} = {109F4E92-3E77-40B3-AD4F-31DCFE1B65D6}
		{8879EB22-186A-4921-82DF-F492C19FBCC8} = {109F4E92-3E77-40B3-AD4F-31DCFE1B65D6}
		{C6DEBB41-ADE0-4925-8DCB-EBC3411CBDA6} = {109F4E92-3E77-40B3-AD4F-31DCFE1B65D6}
		{6AD0AAC9-9310-46EC-A3BC-761478479B1F} = {109F4E92-3E77-40B3-AD4F-31DCFE1B65D6}
		{F08681BE-8B55-414D-AE61-B2C62B5B1979} = {109F4E92-3E77-40B3-AD4F-31DCFE1B65D6}
		{9782B449-9AB0-451F-862E-8FA2121E8C3D} = {109F4E92-3E77-40B3-AD4F-31DCFE1B65D6}
		{23D58563-6292-4376-BC12-38A0E4B7BE25} = {C5B139F9-7C55-4A70-98BA-3AE5E1C15D7F}
		{9E34FE3A-5DAE-4428-BA9F-48A7743B9847} = {C5B139F9-7C55-4A70-98BA-3AE5E1C15D7F}
		{818A08D8-9D95-4D90-B057-6A51FFE2DD5A} = {C5B139F9-7C55-4A70-98BA-3AE5E1C15D7F}
	EndGlobalSection
	GlobalSection(ExtensibilityGlobals) = postSolution
		SolutionGuid = {71926007-8EB4-4B4D-A783-AA5272928E85}
	EndGlobalSection
EndGlobal
