
Microsoft Visual Studio Solution File, Format Version 12.00
# Visual Studio Version 17
VisualStudioVersion = 17.10.35027.167
MinimumVisualStudioVersion = 10.0.40219.1
Project("{8BC9CEB8-8B4A-11D0-8D11-00A0C91BC942}") = "Tema5-10", "Tema5-10\Tema5-10.vcxproj", "{CD731B3D-C29D-49A2-9532-C4010FADCED4}"
EndProject
Project("{8BC9CEB8-8B4A-11D0-8D11-00A0C91BC942}") = "Tema5-01", "Tema5-01\Tema5-01.vcxproj", "{6F49362F-57FC-4023-9430-BCBFB2EC936C}"
EndProject
Project("{8BC9CEB8-8B4A-11D0-8D11-00A0C91BC942}") = "Tema5-02", "Tema5-02\Tema5-02.vcxproj", "{9B9DA35D-40A5-4485-BEA5-D58874BECF08}"
EndProject
Project("{8BC9CEB8-8B4A-11D0-8D11-00A0C91BC942}") = "Tema5-03", "Tema5-03\Tema5-03.vcxproj", "{C8780D21-5589-4C74-938F-7BF51CFEF17C}"
EndProject
Project("{8BC9CEB8-8B4A-11D0-8D11-00A0C91BC942}") = "Tema5-04", "Tema5-04\Tema5-04.vcxproj", "{A650F3C5-4B5F-4E4A-9576-12857B3EB78B}"
EndProject
Project("{8BC9CEB8-8B4A-11D0-8D11-00A0C91BC942}") = "Tema5-05", "Tema5-05\Tema5-05.vcxproj", "{D3C84922-BEC6-405D-AD30-2E76A65176E9}"
EndProject
Project("{8BC9CEB8-8B4A-11D0-8D11-00A0C91BC942}") = "Tema5-06", "Tema5-06\Tema5-06.vcxproj", "{F281BC90-CABF-4D66-881D-D36B7EEEE982}"
EndProject
Global
	GlobalSection(SolutionConfigurationPlatforms) = preSolution
		Debug|x64 = Debug|x64
		Debug|x86 = Debug|x86
		Release|x64 = Release|x64
		Release|x86 = Release|x86
	EndGlobalSection
	GlobalSection(ProjectConfigurationPlatforms) = postSolution
		{CD731B3D-C29D-49A2-9532-C4010FADCED4}.Debug|x64.ActiveCfg = Debug|x64
		{CD731B3D-C29D-49A2-9532-C4010FADCED4}.Debug|x64.Build.0 = Debug|x64
		{CD731B3D-C29D-49A2-9532-C4010FADCED4}.Debug|x86.ActiveCfg = Debug|Win32
		{CD731B3D-C29D-49A2-9532-C4010FADCED4}.Debug|x86.Build.0 = Debug|Win32
		{CD731B3D-C29D-49A2-9532-C4010FADCED4}.Release|x64.ActiveCfg = Release|x64
		{CD731B3D-C29D-49A2-9532-C4010FADCED4}.Release|x64.Build.0 = Release|x64
		{CD731B3D-C29D-49A2-9532-C4010FADCED4}.Release|x86.ActiveCfg = Release|Win32
		{CD731B3D-C29D-49A2-9532-C4010FADCED4}.Release|x86.Build.0 = Release|Win32
		{6F49362F-57FC-4023-9430-BCBFB2EC936C}.Debug|x64.ActiveCfg = Debug|x64
		{6F49362F-57FC-4023-9430-BCBFB2EC936C}.Debug|x64.Build.0 = Debug|x64
		{6F49362F-57FC-4023-9430-BCBFB2EC936C}.Debug|x86.ActiveCfg = Debug|Win32
		{6F49362F-57FC-4023-9430-BCBFB2EC936C}.Debug|x86.Build.0 = Debug|Win32
		{6F49362F-57FC-4023-9430-BCBFB2EC936C}.Release|x64.ActiveCfg = Release|x64
		{6F49362F-57FC-4023-9430-BCBFB2EC936C}.Release|x64.Build.0 = Release|x64
		{6F49362F-57FC-4023-9430-BCBFB2EC936C}.Release|x86.ActiveCfg = Release|Win32
		{6F49362F-57FC-4023-9430-BCBFB2EC936C}.Release|x86.Build.0 = Release|Win32
		{9B9DA35D-40A5-4485-BEA5-D58874BECF08}.Debug|x64.ActiveCfg = Debug|x64
		{9B9DA35D-40A5-4485-BEA5-D58874BECF08}.Debug|x64.Build.0 = Debug|x64
		{9B9DA35D-40A5-4485-BEA5-D58874BECF08}.Debug|x86.ActiveCfg = Debug|Win32
		{9B9DA35D-40A5-4485-BEA5-D58874BECF08}.Debug|x86.Build.0 = Debug|Win32
		{9B9DA35D-40A5-4485-BEA5-D58874BECF08}.Release|x64.ActiveCfg = Release|x64
		{9B9DA35D-40A5-4485-BEA5-D58874BECF08}.Release|x64.Build.0 = Release|x64
		{9B9DA35D-40A5-4485-BEA5-D58874BECF08}.Release|x86.ActiveCfg = Release|Win32
		{9B9DA35D-40A5-4485-BEA5-D58874BECF08}.Release|x86.Build.0 = Release|Win32
		{C8780D21-5589-4C74-938F-7BF51CFEF17C}.Debug|x64.ActiveCfg = Debug|x64
		{C8780D21-5589-4C74-938F-7BF51CFEF17C}.Debug|x64.Build.0 = Debug|x64
		{C8780D21-5589-4C74-938F-7BF51CFEF17C}.Debug|x86.ActiveCfg = Debug|Win32
		{C8780D21-5589-4C74-938F-7BF51CFEF17C}.Debug|x86.Build.0 = Debug|Win32
		{C8780D21-5589-4C74-938F-7BF51CFEF17C}.Release|x64.ActiveCfg = Release|x64
		{C8780D21-5589-4C74-938F-7BF51CFEF17C}.Release|x64.Build.0 = Release|x64
		{C8780D21-5589-4C74-938F-7BF51CFEF17C}.Release|x86.ActiveCfg = Release|Win32
		{C8780D21-5589-4C74-938F-7BF51CFEF17C}.Release|x86.Build.0 = Release|Win32
		{A650F3C5-4B5F-4E4A-9576-12857B3EB78B}.Debug|x64.ActiveCfg = Debug|x64
		{A650F3C5-4B5F-4E4A-9576-12857B3EB78B}.Debug|x64.Build.0 = Debug|x64
		{A650F3C5-4B5F-4E4A-9576-12857B3EB78B}.Debug|x86.ActiveCfg = Debug|Win32
		{A650F3C5-4B5F-4E4A-9576-12857B3EB78B}.Debug|x86.Build.0 = Debug|Win32
		{A650F3C5-4B5F-4E4A-9576-12857B3EB78B}.Release|x64.ActiveCfg = Release|x64
		{A650F3C5-4B5F-4E4A-9576-12857B3EB78B}.Release|x64.Build.0 = Release|x64
		{A650F3C5-4B5F-4E4A-9576-12857B3EB78B}.Release|x86.ActiveCfg = Release|Win32
		{A650F3C5-4B5F-4E4A-9576-12857B3EB78B}.Release|x86.Build.0 = Release|Win32
		{D3C84922-BEC6-405D-AD30-2E76A65176E9}.Debug|x64.ActiveCfg = Debug|x64
		{D3C84922-BEC6-405D-AD30-2E76A65176E9}.Debug|x64.Build.0 = Debug|x64
		{D3C84922-BEC6-405D-AD30-2E76A65176E9}.Debug|x86.ActiveCfg = Debug|Win32
		{D3C84922-BEC6-405D-AD30-2E76A65176E9}.Debug|x86.Build.0 = Debug|Win32
		{D3C84922-BEC6-405D-AD30-2E76A65176E9}.Release|x64.ActiveCfg = Release|x64
		{D3C84922-BEC6-405D-AD30-2E76A65176E9}.Release|x64.Build.0 = Release|x64
		{D3C84922-BEC6-405D-AD30-2E76A65176E9}.Release|x86.ActiveCfg = Release|Win32
		{D3C84922-BEC6-405D-AD30-2E76A65176E9}.Release|x86.Build.0 = Release|Win32
		{F281BC90-CABF-4D66-881D-D36B7EEEE982}.Debug|x64.ActiveCfg = Debug|x64
		{F281BC90-CABF-4D66-881D-D36B7EEEE982}.Debug|x64.Build.0 = Debug|x64
		{F281BC90-CABF-4D66-881D-D36B7EEEE982}.Debug|x86.ActiveCfg = Debug|Win32
		{F281BC90-CABF-4D66-881D-D36B7EEEE982}.Debug|x86.Build.0 = Debug|Win32
		{F281BC90-CABF-4D66-881D-D36B7EEEE982}.Release|x64.ActiveCfg = Release|x64
		{F281BC90-CABF-4D66-881D-D36B7EEEE982}.Release|x64.Build.0 = Release|x64
		{F281BC90-CABF-4D66-881D-D36B7EEEE982}.Release|x86.ActiveCfg = Release|Win32
		{F281BC90-CABF-4D66-881D-D36B7EEEE982}.Release|x86.Build.0 = Release|Win32
	EndGlobalSection
	GlobalSection(SolutionProperties) = preSolution
		HideSolutionNode = FALSE
	EndGlobalSection
	GlobalSection(ExtensibilityGlobals) = postSolution
		SolutionGuid = {D7233C17-51EC-4A3B-BBE6-D43830D6DBFC}
	EndGlobalSection
EndGlobal
