
Microsoft Visual Studio Solution File, Format Version 12.00
# Visual Studio Version 17
VisualStudioVersion = 17.8.34511.84
MinimumVisualStudioVersion = 10.0.40219.1
Project("{8BC9CEB8-8B4A-11D0-8D11-00A0C91BC942}") = "2_1", "2_1\2_1.vcxproj", "{3ECDAECB-8529-4F19-A59D-6CFD0E9CBCDE}"
EndProject
Project("{8BC9CEB8-8B4A-11D0-8D11-00A0C91BC942}") = "2_2", "2_2\2_2.vcxproj", "{CC276B4A-EAB2-4163-9F0A-D1D830E1737C}"
EndProject
Project("{8BC9CEB8-8B4A-11D0-8D11-00A0C91BC942}") = "2_3", "2_3\2_3.vcxproj", "{1DA51EDD-67DA-455E-880C-4706CB103980}"
EndProject
Project("{8BC9CEB8-8B4A-11D0-8D11-00A0C91BC942}") = "Tema2-05", "Tema2-05\Tema2-05.vcxproj", "{FA19C187-A3AB-48A8-B70E-F15880585DD1}"
EndProject
Project("{8BC9CEB8-8B4A-11D0-8D11-00A0C91BC942}") = "Tema2-06", "Tema2-06\Tema2-06.vcxproj", "{ACDB8298-E773-4C18-80BB-AFF65CD9CA89}"
EndProject
Project("{8BC9CEB8-8B4A-11D0-8D11-00A0C91BC942}") = "Tema2-07", "Tema2-07\Tema2-07.vcxproj", "{38367748-AE83-4C66-99D6-2046ADCBC639}"
EndProject
Project("{8BC9CEB8-8B4A-11D0-8D11-00A0C91BC942}") = "Tema2-08", "Tema2-08\Tema2-08.vcxproj", "{AE587CFC-C60C-4E07-99FA-B72F60933141}"
EndProject
Project("{8BC9CEB8-8B4A-11D0-8D11-00A0C91BC942}") = "Tema2-09", "Tema2-09\Tema2-09.vcxproj", "{C028D893-AB39-4DE5-85FA-3C5635135AB5}"
EndProject
Project("{8BC9CEB8-8B4A-11D0-8D11-00A0C91BC942}") = "Tema2-10", "Tema2-10\Tema2-10.vcxproj", "{68DD9EEE-4AF4-4C2E-9210-673919CD0090}"
EndProject
Project("{8BC9CEB8-8B4A-11D0-8D11-00A0C91BC942}") = "Tema2-12", "Tema2-12\Tema2-12.vcxproj", "{E784A5EA-9F6A-4529-9AEC-2E4DE2B0DFD4}"
EndProject
Project("{8BC9CEB8-8B4A-11D0-8D11-00A0C91BC942}") = "Tema2-13", "Tema2-13\Tema2-13.vcxproj", "{9BA0EF9B-6D8C-4024-8706-28E653C7459D}"
EndProject
Project("{8BC9CEB8-8B4A-11D0-8D11-00A0C91BC942}") = "Tema2-04", "Tema2-04\Tema2-04.vcxproj", "{4B4D887F-6CCC-46F0-A7BE-DD75DA6BEEBC}"
EndProject
Global
	GlobalSection(SolutionConfigurationPlatforms) = preSolution
		Debug|x64 = Debug|x64
		Debug|x86 = Debug|x86
		Release|x64 = Release|x64
		Release|x86 = Release|x86
	EndGlobalSection
	GlobalSection(ProjectConfigurationPlatforms) = postSolution
		{3ECDAECB-8529-4F19-A59D-6CFD0E9CBCDE}.Debug|x64.ActiveCfg = Debug|x64
		{3ECDAECB-8529-4F19-A59D-6CFD0E9CBCDE}.Debug|x64.Build.0 = Debug|x64
		{3ECDAECB-8529-4F19-A59D-6CFD0E9CBCDE}.Debug|x86.ActiveCfg = Debug|Win32
		{3ECDAECB-8529-4F19-A59D-6CFD0E9CBCDE}.Debug|x86.Build.0 = Debug|Win32
		{3ECDAECB-8529-4F19-A59D-6CFD0E9CBCDE}.Release|x64.ActiveCfg = Release|x64
		{3ECDAECB-8529-4F19-A59D-6CFD0E9CBCDE}.Release|x64.Build.0 = Release|x64
		{3ECDAECB-8529-4F19-A59D-6CFD0E9CBCDE}.Release|x86.ActiveCfg = Release|Win32
		{3ECDAECB-8529-4F19-A59D-6CFD0E9CBCDE}.Release|x86.Build.0 = Release|Win32
		{CC276B4A-EAB2-4163-9F0A-D1D830E1737C}.Debug|x64.ActiveCfg = Debug|x64
		{CC276B4A-EAB2-4163-9F0A-D1D830E1737C}.Debug|x64.Build.0 = Debug|x64
		{CC276B4A-EAB2-4163-9F0A-D1D830E1737C}.Debug|x86.ActiveCfg = Debug|Win32
		{CC276B4A-EAB2-4163-9F0A-D1D830E1737C}.Debug|x86.Build.0 = Debug|Win32
		{CC276B4A-EAB2-4163-9F0A-D1D830E1737C}.Release|x64.ActiveCfg = Release|x64
		{CC276B4A-EAB2-4163-9F0A-D1D830E1737C}.Release|x64.Build.0 = Release|x64
		{CC276B4A-EAB2-4163-9F0A-D1D830E1737C}.Release|x86.ActiveCfg = Release|Win32
		{CC276B4A-EAB2-4163-9F0A-D1D830E1737C}.Release|x86.Build.0 = Release|Win32
		{1DA51EDD-67DA-455E-880C-4706CB103980}.Debug|x64.ActiveCfg = Debug|x64
		{1DA51EDD-67DA-455E-880C-4706CB103980}.Debug|x64.Build.0 = Debug|x64
		{1DA51EDD-67DA-455E-880C-4706CB103980}.Debug|x86.ActiveCfg = Debug|Win32
		{1DA51EDD-67DA-455E-880C-4706CB103980}.Debug|x86.Build.0 = Debug|Win32
		{1DA51EDD-67DA-455E-880C-4706CB103980}.Release|x64.ActiveCfg = Release|x64
		{1DA51EDD-67DA-455E-880C-4706CB103980}.Release|x64.Build.0 = Release|x64
		{1DA51EDD-67DA-455E-880C-4706CB103980}.Release|x86.ActiveCfg = Release|Win32
		{1DA51EDD-67DA-455E-880C-4706CB103980}.Release|x86.Build.0 = Release|Win32
		{FA19C187-A3AB-48A8-B70E-F15880585DD1}.Debug|x64.ActiveCfg = Debug|x64
		{FA19C187-A3AB-48A8-B70E-F15880585DD1}.Debug|x64.Build.0 = Debug|x64
		{FA19C187-A3AB-48A8-B70E-F15880585DD1}.Debug|x86.ActiveCfg = Debug|Win32
		{FA19C187-A3AB-48A8-B70E-F15880585DD1}.Debug|x86.Build.0 = Debug|Win32
		{FA19C187-A3AB-48A8-B70E-F15880585DD1}.Release|x64.ActiveCfg = Release|x64
		{FA19C187-A3AB-48A8-B70E-F15880585DD1}.Release|x64.Build.0 = Release|x64
		{FA19C187-A3AB-48A8-B70E-F15880585DD1}.Release|x86.ActiveCfg = Release|Win32
		{FA19C187-A3AB-48A8-B70E-F15880585DD1}.Release|x86.Build.0 = Release|Win32
		{ACDB8298-E773-4C18-80BB-AFF65CD9CA89}.Debug|x64.ActiveCfg = Debug|x64
		{ACDB8298-E773-4C18-80BB-AFF65CD9CA89}.Debug|x64.Build.0 = Debug|x64
		{ACDB8298-E773-4C18-80BB-AFF65CD9CA89}.Debug|x86.ActiveCfg = Debug|Win32
		{ACDB8298-E773-4C18-80BB-AFF65CD9CA89}.Debug|x86.Build.0 = Debug|Win32
		{ACDB8298-E773-4C18-80BB-AFF65CD9CA89}.Release|x64.ActiveCfg = Release|x64
		{ACDB8298-E773-4C18-80BB-AFF65CD9CA89}.Release|x64.Build.0 = Release|x64
		{ACDB8298-E773-4C18-80BB-AFF65CD9CA89}.Release|x86.ActiveCfg = Release|Win32
		{ACDB8298-E773-4C18-80BB-AFF65CD9CA89}.Release|x86.Build.0 = Release|Win32
		{38367748-AE83-4C66-99D6-2046ADCBC639}.Debug|x64.ActiveCfg = Debug|x64
		{38367748-AE83-4C66-99D6-2046ADCBC639}.Debug|x64.Build.0 = Debug|x64
		{38367748-AE83-4C66-99D6-2046ADCBC639}.Debug|x86.ActiveCfg = Debug|Win32
		{38367748-AE83-4C66-99D6-2046ADCBC639}.Debug|x86.Build.0 = Debug|Win32
		{38367748-AE83-4C66-99D6-2046ADCBC639}.Release|x64.ActiveCfg = Release|x64
		{38367748-AE83-4C66-99D6-2046ADCBC639}.Release|x64.Build.0 = Release|x64
		{38367748-AE83-4C66-99D6-2046ADCBC639}.Release|x86.ActiveCfg = Release|Win32
		{38367748-AE83-4C66-99D6-2046ADCBC639}.Release|x86.Build.0 = Release|Win32
		{AE587CFC-C60C-4E07-99FA-B72F60933141}.Debug|x64.ActiveCfg = Debug|x64
		{AE587CFC-C60C-4E07-99FA-B72F60933141}.Debug|x64.Build.0 = Debug|x64
		{AE587CFC-C60C-4E07-99FA-B72F60933141}.Debug|x86.ActiveCfg = Debug|Win32
		{AE587CFC-C60C-4E07-99FA-B72F60933141}.Debug|x86.Build.0 = Debug|Win32
		{AE587CFC-C60C-4E07-99FA-B72F60933141}.Release|x64.ActiveCfg = Release|x64
		{AE587CFC-C60C-4E07-99FA-B72F60933141}.Release|x64.Build.0 = Release|x64
		{AE587CFC-C60C-4E07-99FA-B72F60933141}.Release|x86.ActiveCfg = Release|Win32
		{AE587CFC-C60C-4E07-99FA-B72F60933141}.Release|x86.Build.0 = Release|Win32
		{C028D893-AB39-4DE5-85FA-3C5635135AB5}.Debug|x64.ActiveCfg = Debug|x64
		{C028D893-AB39-4DE5-85FA-3C5635135AB5}.Debug|x64.Build.0 = Debug|x64
		{C028D893-AB39-4DE5-85FA-3C5635135AB5}.Debug|x86.ActiveCfg = Debug|Win32
		{C028D893-AB39-4DE5-85FA-3C5635135AB5}.Debug|x86.Build.0 = Debug|Win32
		{C028D893-AB39-4DE5-85FA-3C5635135AB5}.Release|x64.ActiveCfg = Release|x64
		{C028D893-AB39-4DE5-85FA-3C5635135AB5}.Release|x64.Build.0 = Release|x64
		{C028D893-AB39-4DE5-85FA-3C5635135AB5}.Release|x86.ActiveCfg = Release|Win32
		{C028D893-AB39-4DE5-85FA-3C5635135AB5}.Release|x86.Build.0 = Release|Win32
		{68DD9EEE-4AF4-4C2E-9210-673919CD0090}.Debug|x64.ActiveCfg = Debug|x64
		{68DD9EEE-4AF4-4C2E-9210-673919CD0090}.Debug|x64.Build.0 = Debug|x64
		{68DD9EEE-4AF4-4C2E-9210-673919CD0090}.Debug|x86.ActiveCfg = Debug|Win32
		{68DD9EEE-4AF4-4C2E-9210-673919CD0090}.Debug|x86.Build.0 = Debug|Win32
		{68DD9EEE-4AF4-4C2E-9210-673919CD0090}.Release|x64.ActiveCfg = Release|x64
		{68DD9EEE-4AF4-4C2E-9210-673919CD0090}.Release|x64.Build.0 = Release|x64
		{68DD9EEE-4AF4-4C2E-9210-673919CD0090}.Release|x86.ActiveCfg = Release|Win32
		{68DD9EEE-4AF4-4C2E-9210-673919CD0090}.Release|x86.Build.0 = Release|Win32
		{E784A5EA-9F6A-4529-9AEC-2E4DE2B0DFD4}.Debug|x64.ActiveCfg = Debug|x64
		{E784A5EA-9F6A-4529-9AEC-2E4DE2B0DFD4}.Debug|x64.Build.0 = Debug|x64
		{E784A5EA-9F6A-4529-9AEC-2E4DE2B0DFD4}.Debug|x86.ActiveCfg = Debug|Win32
		{E784A5EA-9F6A-4529-9AEC-2E4DE2B0DFD4}.Debug|x86.Build.0 = Debug|Win32
		{E784A5EA-9F6A-4529-9AEC-2E4DE2B0DFD4}.Release|x64.ActiveCfg = Release|x64
		{E784A5EA-9F6A-4529-9AEC-2E4DE2B0DFD4}.Release|x64.Build.0 = Release|x64
		{E784A5EA-9F6A-4529-9AEC-2E4DE2B0DFD4}.Release|x86.ActiveCfg = Release|Win32
		{E784A5EA-9F6A-4529-9AEC-2E4DE2B0DFD4}.Release|x86.Build.0 = Release|Win32
		{9BA0EF9B-6D8C-4024-8706-28E653C7459D}.Debug|x64.ActiveCfg = Debug|x64
		{9BA0EF9B-6D8C-4024-8706-28E653C7459D}.Debug|x64.Build.0 = Debug|x64
		{9BA0EF9B-6D8C-4024-8706-28E653C7459D}.Debug|x86.ActiveCfg = Debug|Win32
		{9BA0EF9B-6D8C-4024-8706-28E653C7459D}.Debug|x86.Build.0 = Debug|Win32
		{9BA0EF9B-6D8C-4024-8706-28E653C7459D}.Release|x64.ActiveCfg = Release|x64
		{9BA0EF9B-6D8C-4024-8706-28E653C7459D}.Release|x64.Build.0 = Release|x64
		{9BA0EF9B-6D8C-4024-8706-28E653C7459D}.Release|x86.ActiveCfg = Release|Win32
		{9BA0EF9B-6D8C-4024-8706-28E653C7459D}.Release|x86.Build.0 = Release|Win32
		{4B4D887F-6CCC-46F0-A7BE-DD75DA6BEEBC}.Debug|x64.ActiveCfg = Debug|x64
		{4B4D887F-6CCC-46F0-A7BE-DD75DA6BEEBC}.Debug|x64.Build.0 = Debug|x64
		{4B4D887F-6CCC-46F0-A7BE-DD75DA6BEEBC}.Debug|x86.ActiveCfg = Debug|Win32
		{4B4D887F-6CCC-46F0-A7BE-DD75DA6BEEBC}.Debug|x86.Build.0 = Debug|Win32
		{4B4D887F-6CCC-46F0-A7BE-DD75DA6BEEBC}.Release|x64.ActiveCfg = Release|x64
		{4B4D887F-6CCC-46F0-A7BE-DD75DA6BEEBC}.Release|x64.Build.0 = Release|x64
		{4B4D887F-6CCC-46F0-A7BE-DD75DA6BEEBC}.Release|x86.ActiveCfg = Release|Win32
		{4B4D887F-6CCC-46F0-A7BE-DD75DA6BEEBC}.Release|x86.Build.0 = Release|Win32
	EndGlobalSection
	GlobalSection(SolutionProperties) = preSolution
		HideSolutionNode = FALSE
	EndGlobalSection
	GlobalSection(ExtensibilityGlobals) = postSolution
		SolutionGuid = {C023488F-6532-4630-B1F0-F8D698F1CCCC}
	EndGlobalSection
EndGlobal
